<?xml version="1.0" encoding="utf-8"?>
<Project ToolsVersion="4.0" xmlns="http://schemas.microsoft.com/developer/msbuild/2003">
  <ItemGroup>
    <Filter Include="Code">
      <UniqueIdentifier>{14717b7c-cc54-4eb7-b777-c94e153d0b8e}</UniqueIdentifier>
    </Filter>
    <Filter Include="Misc">
      <UniqueIdentifier>{e71fb8a4-c382-4b81-8669-76d39e1ed34b}</UniqueIdentifier>
    </Filter>
    <Filter Include="Misc\PackageManager">
      <UniqueIdentifier>{0cf9efe5-6cc5-49b2-ae5f-1c86f5aa91d4}</UniqueIdentifier>
    </Filter>
    <Filter Include="Misc\Profile Templates">
      <UniqueIdentifier>{0989cc56-192d-4358-962b-2f3822e190b2}</UniqueIdentifier>
    </Filter>
    <Filter Include="Misc\Translations">
      <UniqueIdentifier>{643fe7f0-efc0-4c29-850b-62cd63e54149}</UniqueIdentifier>
    </Filter>
    <Filter Include="Misc\ModManager">
      <UniqueIdentifier>{be24eb37-bb5b-47a8-9e81-889e8767b8fd}</UniqueIdentifier>
    </Filter>
    <Filter Include="Misc\ConfigManager">
      <UniqueIdentifier>{cafe45f4-7e48-45e5-8f88-8cdc8457cb09}</UniqueIdentifier>
    </Filter>
    <Filter Include="Misc\ConfigManager\Profiles">
      <UniqueIdentifier>{1c0fb599-cfe9-4c82-a540-469bdfe10c7f}</UniqueIdentifier>
    </Filter>
    <Filter Include="Misc\PackageManager\Requirements">
      <UniqueIdentifier>{3683d6cd-5853-496f-a848-3ac9328753f4}</UniqueIdentifier>
    </Filter>
    <Filter Include="Misc\PackageManager\Project templates">
      <UniqueIdentifier>{f7b61e8f-7f53-44a7-883d-dfeb40c92278}</UniqueIdentifier>
    </Filter>
    <Filter Include="Code\Source Files">
      <UniqueIdentifier>{4FC737F1-C7A5-4376-A066-2A32D752A2FF}</UniqueIdentifier>
      <Extensions>cpp;c;cc;cxx;def;odl;idl;hpj;bat;asm;asmx</Extensions>
    </Filter>
    <Filter Include="Code\Source Files\Events">
      <UniqueIdentifier>{d536f7e4-3332-4aec-b729-de1d6c7a1ff2}</UniqueIdentifier>
    </Filter>
    <Filter Include="Code\Source Files\UI">
      <UniqueIdentifier>{51d2b7a4-c61f-41fb-afcb-6710b7efdfa3}</UniqueIdentifier>
    </Filter>
    <Filter Include="Code\Source Files\Utility">
      <UniqueIdentifier>{3d4221b7-0197-4472-840f-106f30da65c6}</UniqueIdentifier>
    </Filter>
    <Filter Include="Code\Source Files\Utility\Themes">
      <UniqueIdentifier>{340bc6e8-5807-47be-8b57-94e7771d7471}</UniqueIdentifier>
    </Filter>
    <Filter Include="Code\Source Files\GameConfig">
      <UniqueIdentifier>{3109507e-e54f-4ed4-95dd-44987fd7df5e}</UniqueIdentifier>
    </Filter>
    <Filter Include="Code\Source Files\ConfigManager">
      <UniqueIdentifier>{352b5d27-d2a9-4e9f-9e18-ec49bd3deb15}</UniqueIdentifier>
    </Filter>
    <Filter Include="Code\Source Files\VFS">
      <UniqueIdentifier>{8c67519b-0440-43b1-b57e-cea7caeddc63}</UniqueIdentifier>
    </Filter>
    <Filter Include="Code\Source Files\SettingsWindow">
      <UniqueIdentifier>{e9b8debe-3e5f-4a98-b530-52a2df3ad7a7}</UniqueIdentifier>
    </Filter>
    <Filter Include="Code\Source Files\Profile">
      <UniqueIdentifier>{e2fa4a12-f854-4d5e-bf75-319fa3d22c5f}</UniqueIdentifier>
    </Filter>
    <Filter Include="Code\Source Files\PluginManager">
      <UniqueIdentifier>{0ad972bf-4485-4d8a-b74d-b63ba58f3519}</UniqueIdentifier>
    </Filter>
    <Filter Include="Code\Source Files\ScreenshotsGallery">
      <UniqueIdentifier>{17cea417-2fd9-4783-a51a-6a37bf5b7f43}</UniqueIdentifier>
    </Filter>
    <Filter Include="Code\Source Files\SaveManager">
      <UniqueIdentifier>{aee8af18-99c8-4b9b-9cbc-b59054bed2ae}</UniqueIdentifier>
    </Filter>
    <Filter Include="Code\Source Files\PackageCreator">
      <UniqueIdentifier>{b0551a4e-5415-4a53-bb31-dfc298c1730a}</UniqueIdentifier>
    </Filter>
    <Filter Include="Code\Source Files\PackageCreator\PageComponents">
      <UniqueIdentifier>{ae29b88e-890d-4a53-91e4-65ff7cf5c8de}</UniqueIdentifier>
    </Filter>
    <Filter Include="Code\Source Files\PackageCreator\PageFileData">
      <UniqueIdentifier>{226a655b-accc-49aa-a677-1ed20214f833}</UniqueIdentifier>
    </Filter>
    <Filter Include="Code\Source Files\PackageCreator\PageInfo">
      <UniqueIdentifier>{a58ee1d1-cf38-45cd-894b-5220ddee7c19}</UniqueIdentifier>
    </Filter>
    <Filter Include="Code\Source Files\PackageCreator\PageInterface">
      <UniqueIdentifier>{cf3c03ac-9b4f-4b92-9738-05a6d983811c}</UniqueIdentifier>
    </Filter>
    <Filter Include="Code\Source Files\PackageCreator\PageRequirements">
      <UniqueIdentifier>{4ae81249-fa93-4d8f-bae6-4bfeee352b6a}</UniqueIdentifier>
    </Filter>
    <Filter Include="Code\Source Files\PackageProject">
      <UniqueIdentifier>{e9e9b99d-3ac0-4aa0-9a95-630b6d728d15}</UniqueIdentifier>
    </Filter>
    <Filter Include="Code\Source Files\PackageManager">
      <UniqueIdentifier>{6627ffce-bf5f-48a0-b6db-7af51ec1e115}</UniqueIdentifier>
    </Filter>
    <Filter Include="Code\Source Files\Archive">
      <UniqueIdentifier>{b222a7fd-1abb-453b-b9eb-023d5b3820f9}</UniqueIdentifier>
    </Filter>
    <Filter Include="Code\Source Files\InstallWizard">
      <UniqueIdentifier>{eb1f8d1e-9c5c-4fd8-b7b4-b6c475b9d12f}</UniqueIdentifier>
    </Filter>
    <Filter Include="Code\Source Files\ModManager">
      <UniqueIdentifier>{91051d91-4ca1-47a5-9a4e-c9c731b52de8}</UniqueIdentifier>
    </Filter>
    <Filter Include="Code\Source Files\IPC">
      <UniqueIdentifier>{9d7d2b18-7173-4c6b-ad36-652cbff0a235}</UniqueIdentifier>
    </Filter>
    <Filter Include="Code\Header Files">
      <UniqueIdentifier>{93995380-89BD-4b04-88EB-625FBE52EBFB}</UniqueIdentifier>
      <Extensions>h;hh;hpp;hxx;hm;inl;inc;xsd</Extensions>
    </Filter>
    <Filter Include="Code\Header Files\Events">
      <UniqueIdentifier>{ba91d700-872c-407c-a5c6-46fadb8ab5e4}</UniqueIdentifier>
    </Filter>
    <Filter Include="Code\Header Files\UI">
      <UniqueIdentifier>{68fa5ef4-f841-4a93-98e7-fc49c7beef2b}</UniqueIdentifier>
    </Filter>
    <Filter Include="Code\Header Files\Utility">
      <UniqueIdentifier>{9abd253e-e468-46a2-9094-58a7460a16c6}</UniqueIdentifier>
    </Filter>
    <Filter Include="Code\Header Files\Utility\Themes">
      <UniqueIdentifier>{8a0fbc76-53f5-4f4b-b194-8f3b0428de97}</UniqueIdentifier>
    </Filter>
    <Filter Include="Code\Header Files\GameConfig">
      <UniqueIdentifier>{09105ce3-39ef-4f77-8911-ebcb84f6e826}</UniqueIdentifier>
    </Filter>
    <Filter Include="Code\Header Files\ConfigManager">
      <UniqueIdentifier>{8d5e5e8b-5667-437b-85c7-a57961d7750f}</UniqueIdentifier>
    </Filter>
    <Filter Include="Code\Header Files\VFS">
      <UniqueIdentifier>{f99cdd01-168e-493d-a114-fad82410e929}</UniqueIdentifier>
    </Filter>
    <Filter Include="Code\Header Files\SettingsWindow">
      <UniqueIdentifier>{e905e6c3-93c4-4dfe-a7e4-e8e63dfc9180}</UniqueIdentifier>
    </Filter>
    <Filter Include="Code\Header Files\Profile">
      <UniqueIdentifier>{54ac776c-e622-4870-98cd-91257f2147f3}</UniqueIdentifier>
    </Filter>
    <Filter Include="Code\Header Files\PluginManager">
      <UniqueIdentifier>{889054e8-6ce3-4142-bdcf-f3ceffebe391}</UniqueIdentifier>
    </Filter>
    <Filter Include="Code\Header Files\ScreenshotsGallery">
      <UniqueIdentifier>{80dc93d1-26a0-4cc9-b6c3-cbd6eaffe22a}</UniqueIdentifier>
    </Filter>
    <Filter Include="Code\Header Files\SaveManager">
      <UniqueIdentifier>{cdb84733-3aa4-4b4c-bfd2-25d34f8a55ce}</UniqueIdentifier>
    </Filter>
    <Filter Include="Code\Header Files\PackageCreator">
      <UniqueIdentifier>{422b5703-ecad-46d0-907b-45d21d9d2d6b}</UniqueIdentifier>
    </Filter>
    <Filter Include="Code\Header Files\PackageCreator\PageRequirements">
      <UniqueIdentifier>{603570a9-0ff1-4465-bad6-1130409f8498}</UniqueIdentifier>
    </Filter>
    <Filter Include="Code\Header Files\PackageCreator\PageInterface">
      <UniqueIdentifier>{adf46f0b-79f2-4b1b-89aa-b89a8a10c3ac}</UniqueIdentifier>
    </Filter>
    <Filter Include="Code\Header Files\PackageCreator\PageInfo">
      <UniqueIdentifier>{31afaee6-84de-4221-a8b2-8ac4da92a126}</UniqueIdentifier>
    </Filter>
    <Filter Include="Code\Header Files\PackageCreator\PageFileData">
      <UniqueIdentifier>{f6d5a06e-f9db-4f45-8377-ed88128784ac}</UniqueIdentifier>
    </Filter>
    <Filter Include="Code\Header Files\PackageCreator\PageComponents">
      <UniqueIdentifier>{3c83164a-8171-4df5-8019-be48b28e2527}</UniqueIdentifier>
    </Filter>
    <Filter Include="Code\Header Files\PackageProject">
      <UniqueIdentifier>{5bd24315-33cb-4c78-bbab-9287412ccf1a}</UniqueIdentifier>
    </Filter>
    <Filter Include="Code\Header Files\PackageManager">
      <UniqueIdentifier>{fee31dc7-735c-40af-bda6-91e47285bb7c}</UniqueIdentifier>
    </Filter>
    <Filter Include="Code\Header Files\Archive">
      <UniqueIdentifier>{57fb0d5f-55ad-4aee-9227-f22eef7feeb3}</UniqueIdentifier>
    </Filter>
    <Filter Include="Code\Header Files\InstallWizard">
      <UniqueIdentifier>{56b3d8e2-4a4a-44d5-92f7-7a4701e4108a}</UniqueIdentifier>
    </Filter>
    <Filter Include="Code\Header Files\ModManager">
      <UniqueIdentifier>{6bef732e-d938-474c-926e-4447efbf0469}</UniqueIdentifier>
    </Filter>
    <Filter Include="Code\Header Files\IPC">
      <UniqueIdentifier>{ec27e3c4-ffc1-4b66-bac2-21e6c0b2a9fc}</UniqueIdentifier>
    </Filter>
    <Filter Include="Resource Files">
      <UniqueIdentifier>{67DA6AB6-F800-4c08-8B7A-83BB121AAD01}</UniqueIdentifier>
      <Extensions>rc;ico;cur;bmp;dlg;rc2;rct;bin;rgs;gif;jpg;jpeg;jpe;resx;tiff;tif;png;wav;mfcribbon-ms</Extensions>
    </Filter>
    <Filter Include="Code\Source Files\PluginManager\LOOT API">
      <UniqueIdentifier>{1eeda770-0c32-43fb-a8f4-6ac671cbf3e9}</UniqueIdentifier>
    </Filter>
    <Filter Include="Code\Header Files\PluginManager\LOOT API">
      <UniqueIdentifier>{662a5b88-3f29-4336-bc6a-74a3408927e1}</UniqueIdentifier>
    </Filter>
    <Filter Include="Code\Source Files\Network">
      <UniqueIdentifier>{1cf732ae-1aa0-424c-94d5-446352cdfb8c}</UniqueIdentifier>
    </Filter>
    <Filter Include="Code\Header Files\Network">
      <UniqueIdentifier>{73439ed9-5d64-4c3e-b8c6-d01d9f165780}</UniqueIdentifier>
    </Filter>
    <Filter Include="Code\Header Files\DownloadManager">
      <UniqueIdentifier>{c5804ff6-af46-4872-bda6-96d02611cc67}</UniqueIdentifier>
    </Filter>
    <Filter Include="Code\Source Files\DownloadManager">
      <UniqueIdentifier>{2aa0000a-d18a-4bd0-bf20-e5ff1ba9483b}</UniqueIdentifier>
    </Filter>
    <Filter Include="Code\Source Files\ProgramManager">
      <UniqueIdentifier>{ea90ff45-611e-4a67-9994-23816ff6b21a}</UniqueIdentifier>
    </Filter>
    <Filter Include="Code\Header Files\ProgramManager">
      <UniqueIdentifier>{12602aa1-3fe1-499e-8830-e016580559ff}</UniqueIdentifier>
    </Filter>
  </ItemGroup>
  <ItemGroup>
    <ClCompile Include="Source\stdafx.cpp">
      <Filter>Code\Source Files</Filter>
    </ClCompile>
    <ClCompile Include="Source\KApp.cpp">
      <Filter>Code\Source Files</Filter>
    </ClCompile>
    <ClCompile Include="Source\KVariablesTable.cpp">
      <Filter>Code\Source Files</Filter>
    </ClCompile>
    <ClCompile Include="Source\Events\KLogEvent.cpp">
      <Filter>Code\Source Files\Events</Filter>
    </ClCompile>
    <ClCompile Include="Source\UI\KProfileSelectionDialog.cpp">
      <Filter>Code\Source Files\UI</Filter>
    </ClCompile>
    <ClCompile Include="Source\UI\KProfileCreatorDialog.cpp">
      <Filter>Code\Source Files\UI</Filter>
    </ClCompile>
    <ClCompile Include="Source\UI\KMainWindow.cpp">
      <Filter>Code\Source Files\UI</Filter>
    </ClCompile>
    <ClCompile Include="Source\UI\KWorkspace.cpp">
      <Filter>Code\Source Files\UI</Filter>
    </ClCompile>
    <ClCompile Include="Source\GameConfig\KGameConfigWorkspace.cpp">
      <Filter>Code\Source Files\GameConfig</Filter>
    </ClCompile>
    <ClCompile Include="Source\Utility\KImageProvider.cpp">
      <Filter>Code\Source Files\Utility</Filter>
    </ClCompile>
    <ClCompile Include="Source\Utility\KAux.cpp">
      <Filter>Code\Source Files\Utility</Filter>
    </ClCompile>
    <ClCompile Include="Source\Utility\KThemeManager.cpp">
      <Filter>Code\Source Files\Utility</Filter>
    </ClCompile>
    <ClCompile Include="Source\Utility\KQuickThread.cpp">
      <Filter>Code\Source Files\Utility</Filter>
    </ClCompile>
    <ClCompile Include="Source\GameConfig\KGameConfigWorkspaceController.cpp">
      <Filter>Code\Source Files\GameConfig</Filter>
    </ClCompile>
    <ClCompile Include="Source\ConfigManager\KCMConfigEntry.cpp">
      <Filter>Code\Source Files\ConfigManager</Filter>
    </ClCompile>
    <ClCompile Include="Source\ConfigManager\KCMController.cpp">
      <Filter>Code\Source Files\ConfigManager</Filter>
    </ClCompile>
    <ClCompile Include="Source\ConfigManager\KCMDataProviderINI.cpp">
      <Filter>Code\Source Files\ConfigManager</Filter>
    </ClCompile>
    <ClCompile Include="Source\ConfigManager\KCMFileEntry.cpp">
      <Filter>Code\Source Files\ConfigManager</Filter>
    </ClCompile>
    <ClCompile Include="Source\ConfigManager\KCMIDataProvider.cpp">
      <Filter>Code\Source Files\ConfigManager</Filter>
    </ClCompile>
    <ClCompile Include="Source\ConfigManager\KCMOptionsFormatter.cpp">
      <Filter>Code\Source Files\ConfigManager</Filter>
    </ClCompile>
    <ClCompile Include="Source\ConfigManager\KCMSampleValue.cpp">
      <Filter>Code\Source Files\ConfigManager</Filter>
    </ClCompile>
    <ClCompile Include="Source\ConfigManager\KCMValueTypeDetector.cpp">
      <Filter>Code\Source Files\ConfigManager</Filter>
    </ClCompile>
    <ClCompile Include="Source\ConfigManager\KConfigManager.cpp">
      <Filter>Code\Source Files\ConfigManager</Filter>
    </ClCompile>
    <ClCompile Include="Source\VFS\KVirtualFileSystemService.cpp">
      <Filter>Code\Source Files\VFS</Filter>
    </ClCompile>
    <ClCompile Include="Source\UI\KWorkspaceController.cpp">
      <Filter>Code\Source Files\UI</Filter>
    </ClCompile>
    <ClCompile Include="Source\UI\KNewModDialog.cpp">
      <Filter>Code\Source Files\UI</Filter>
    </ClCompile>
    <ClCompile Include="Source\SettingsWindow\KSettingsWindow.cpp">
      <Filter>Code\Source Files\SettingsWindow</Filter>
    </ClCompile>
    <ClCompile Include="Source\SettingsWindow\KSettingsWindowController.cpp">
      <Filter>Code\Source Files\SettingsWindow</Filter>
    </ClCompile>
    <ClCompile Include="Source\SettingsWindow\KSettingsWindowManager.cpp">
      <Filter>Code\Source Files\SettingsWindow</Filter>
    </ClCompile>
    <ClCompile Include="Source\Profile\KProfile.cpp">
      <Filter>Code\Source Files\Profile</Filter>
    </ClCompile>
    <ClCompile Include="Source\Events\KVFSEvent.cpp">
      <Filter>Code\Source Files\Events</Filter>
    </ClCompile>
    <ClCompile Include="Source\Utility\Themes\KThemeDefault.cpp">
      <Filter>Code\Source Files\Utility\Themes</Filter>
    </ClCompile>
    <ClCompile Include="Source\KDynamicVariablesTable.cpp">
      <Filter>Code\Source Files</Filter>
    </ClCompile>
    <ClCompile Include="Source\VFS\KVirtualFileSystemMirrorImpl.cpp">
      <Filter>Code\Source Files\VFS</Filter>
    </ClCompile>
    <ClCompile Include="Source\VFS\KVirtualFileSystemConvergence.cpp">
      <Filter>Code\Source Files\VFS</Filter>
    </ClCompile>
    <ClCompile Include="Source\VFS\KVirtualFileSystemConvergenceImpl.cpp">
      <Filter>Code\Source Files\VFS</Filter>
    </ClCompile>
    <ClCompile Include="Source\VFS\KVirtualFileSystemBase.cpp">
      <Filter>Code\Source Files\VFS</Filter>
    </ClCompile>
    <ClCompile Include="Source\VFS\KVirtualFileSystemMirror.cpp">
      <Filter>Code\Source Files\VFS</Filter>
    </ClCompile>
    <ClCompile Include="Source\PluginManager\KPluginManagerWorkspace.cpp">
      <Filter>Code\Source Files\PluginManager</Filter>
    </ClCompile>
    <ClCompile Include="Source\PluginManager\KPluginManager.cpp">
      <Filter>Code\Source Files\PluginManager</Filter>
    </ClCompile>
    <ClCompile Include="Source\ScreenshotsGallery\KScreenshotsGalleryWorkspace.cpp">
      <Filter>Code\Source Files\ScreenshotsGallery</Filter>
    </ClCompile>
    <ClCompile Include="Source\ScreenshotsGallery\KScreenshotsGalleryManager.cpp">
      <Filter>Code\Source Files\ScreenshotsGallery</Filter>
    </ClCompile>
    <ClCompile Include="Source\UI\KImageViewerDialog.cpp">
      <Filter>Code\Source Files\UI</Filter>
    </ClCompile>
    <ClCompile Include="Source\Utility\Themes\KThemeVisualStudio.cpp">
      <Filter>Code\Source Files\Utility\Themes</Filter>
    </ClCompile>
    <ClCompile Include="Source\KManager.cpp">
      <Filter>Code\Source Files</Filter>
    </ClCompile>
    <ClCompile Include="Source\UI\KAboutDialog.cpp">
      <Filter>Code\Source Files\UI</Filter>
    </ClCompile>
    <ClCompile Include="Source\SaveManager\KSaveManager.cpp">
      <Filter>Code\Source Files\SaveManager</Filter>
    </ClCompile>
    <ClCompile Include="Source\KPluggableManager.cpp">
      <Filter>Code\Source Files</Filter>
    </ClCompile>
    <ClCompile Include="Source\SaveManager\KSaveManagerWorkspace.cpp">
      <Filter>Code\Source Files\SaveManager</Filter>
    </ClCompile>
    <ClCompile Include="Source\UI\KTextEditorDialog.cpp">
      <Filter>Code\Source Files\UI</Filter>
    </ClCompile>
    <ClCompile Include="Source\Utility\KSetEnabledWrapper.cpp">
      <Filter>Code\Source Files\Utility</Filter>
    </ClCompile>
    <ClCompile Include="Source\PackageCreator\KPackageCreatorWorkspace.cpp">
      <Filter>Code\Source Files\PackageCreator</Filter>
    </ClCompile>
    <ClCompile Include="Source\PackageCreator\KPackageCreatorPageBase.cpp">
      <Filter>Code\Source Files\PackageCreator</Filter>
    </ClCompile>
    <ClCompile Include="Source\PackageCreator\KPackageCreatorPageInfo.cpp">
      <Filter>Code\Source Files\PackageCreator</Filter>
    </ClCompile>
    <ClCompile Include="Source\PackageProject\KPackageProject.cpp">
      <Filter>Code\Source Files\PackageProject</Filter>
    </ClCompile>
    <ClCompile Include="Source\PackageProject\KPackageProjectInfo.cpp">
      <Filter>Code\Source Files\PackageProject</Filter>
    </ClCompile>
    <ClCompile Include="Source\PackageProject\KPackageProjectConfig.cpp">
      <Filter>Code\Source Files\PackageProject</Filter>
    </ClCompile>
    <ClCompile Include="Source\PackageProject\KPackageProjectInterface.cpp">
      <Filter>Code\Source Files\PackageProject</Filter>
    </ClCompile>
    <ClCompile Include="Source\PackageProject\KPackageProjectPart.cpp">
      <Filter>Code\Source Files\PackageProject</Filter>
    </ClCompile>
    <ClCompile Include="Source\PackageProject\KPackageProjectSerializer.cpp">
      <Filter>Code\Source Files\PackageProject</Filter>
    </ClCompile>
    <ClCompile Include="Source\PackageProject\KPackageProjectSerializerKMP.cpp">
      <Filter>Code\Source Files\PackageProject</Filter>
    </ClCompile>
    <ClCompile Include="Source\PackageCreator\KPackageCreatorController.cpp">
      <Filter>Code\Source Files\PackageCreator</Filter>
    </ClCompile>
    <ClCompile Include="Source\PackageProject\KPackageProjectFileData.cpp">
      <Filter>Code\Source Files\PackageProject</Filter>
    </ClCompile>
    <ClCompile Include="Source\PackageCreator\KPackageCreatorPageFileData.cpp">
      <Filter>Code\Source Files\PackageCreator</Filter>
    </ClCompile>
    <ClCompile Include="Source\PackageCreator\KPackageCreatorPageInterface.cpp">
      <Filter>Code\Source Files\PackageCreator</Filter>
    </ClCompile>
    <ClCompile Include="Source\PackageCreator\KPackageCreatorListModel.cpp">
      <Filter>Code\Source Files\PackageCreator</Filter>
    </ClCompile>
    <ClCompile Include="Source\PackageCreator\KPackageCreatorPageRequirements.cpp">
      <Filter>Code\Source Files\PackageCreator</Filter>
    </ClCompile>
    <ClCompile Include="Source\PackageManager\KPackageManager.cpp">
      <Filter>Code\Source Files\PackageManager</Filter>
    </ClCompile>
    <ClCompile Include="Source\PackageProject\KPackageProjectRequirements.cpp">
      <Filter>Code\Source Files\PackageProject</Filter>
    </ClCompile>
    <ClCompile Include="Source\PackageProject\KPackageProjectComponents.cpp">
      <Filter>Code\Source Files\PackageProject</Filter>
    </ClCompile>
    <ClCompile Include="Source\PackageCreator\KPackageCreatorPageComponents.cpp">
      <Filter>Code\Source Files\PackageCreator</Filter>
    </ClCompile>
    <ClCompile Include="Source\PackageCreator\PageRequirements\KPCREntriesListModel.cpp">
      <Filter>Code\Source Files\PackageCreator\PageRequirements</Filter>
    </ClCompile>
    <ClCompile Include="Source\PackageCreator\PageInterface\KPCIImagesListModel.cpp">
      <Filter>Code\Source Files\PackageCreator\PageInterface</Filter>
    </ClCompile>
    <ClCompile Include="Source\PackageCreator\PageInfo\KPCInfoTagsListModel.cpp">
      <Filter>Code\Source Files\PackageCreator\PageInfo</Filter>
    </ClCompile>
    <ClCompile Include="Source\PackageCreator\PageFileData\KPCFileDataFolderContentModel.cpp">
      <Filter>Code\Source Files\PackageCreator\PageFileData</Filter>
    </ClCompile>
    <ClCompile Include="Source\PackageCreator\PageFileData\KPCFileDataMainListModel.cpp">
      <Filter>Code\Source Files\PackageCreator\PageFileData</Filter>
    </ClCompile>
    <ClCompile Include="Source\PackageCreator\PageComponents\KPCCFileDataSelectorModel.cpp">
      <Filter>Code\Source Files\PackageCreator\PageComponents</Filter>
    </ClCompile>
    <ClCompile Include="Source\PackageCreator\PageComponents\KPCCRequirementsSelectorModel.cpp">
      <Filter>Code\Source Files\PackageCreator\PageComponents</Filter>
    </ClCompile>
    <ClCompile Include="Source\PackageCreator\PageComponents\KPCCFlagsSelectorModel.cpp">
      <Filter>Code\Source Files\PackageCreator\PageComponents</Filter>
    </ClCompile>
    <ClCompile Include="Source\PackageCreator\PageInfo\KPCInfoDocumentsModel.cpp">
      <Filter>Code\Source Files\PackageCreator\PageInfo</Filter>
    </ClCompile>
    <ClCompile Include="Source\PackageProject\KPackageProjectSerializerFOMod.cpp">
      <Filter>Code\Source Files\PackageProject</Filter>
    </ClCompile>
    <ClCompile Include="Source\PackageCreator\KPackageCreatorFOModIEDialog.cpp">
      <Filter>Code\Source Files\PackageCreator</Filter>
    </ClCompile>
    <ClCompile Include="Source\PackageManager\KPackageManagerWorkspace.cpp">
      <Filter>Code\Source Files\PackageManager</Filter>
    </ClCompile>
    <ClCompile Include="Source\PackageManager\KModPackage.cpp">
      <Filter>Code\Source Files\PackageManager</Filter>
    </ClCompile>
    <ClCompile Include="Source\PackageCreator\PageComponents\KPCCConditionalStepsModel.cpp">
      <Filter>Code\Source Files\PackageCreator\PageComponents</Filter>
    </ClCompile>
    <ClCompile Include="Source\PackageCreator\PageRequirements\KPCRGroupsModel.cpp">
      <Filter>Code\Source Files\PackageCreator\PageRequirements</Filter>
    </ClCompile>
    <ClCompile Include="Source\PackageProject\KPackageProjectSerializerSMI.cpp">
      <Filter>Code\Source Files\PackageProject</Filter>
    </ClCompile>
    <ClCompile Include="Source\Utility\KOperationWithProgress.cpp">
      <Filter>Code\Source Files\Utility</Filter>
    </ClCompile>
    <ClCompile Include="Source\PackageCreator\KPackageCreatorBuilder.cpp">
      <Filter>Code\Source Files\PackageCreator</Filter>
    </ClCompile>
    <ClCompile Include="Source\InstallWizard\KInstallWizardDialog.cpp">
      <Filter>Code\Source Files\InstallWizard</Filter>
    </ClCompile>
    <ClCompile Include="Source\Utility\KTempFolderKeeper.cpp">
      <Filter>Code\Source Files\Utility</Filter>
    </ClCompile>
    <ClCompile Include="Source\InstallWizard\KInstallWizardRequirementsModel.cpp">
      <Filter>Code\Source Files\InstallWizard</Filter>
    </ClCompile>
    <ClCompile Include="Source\InstallWizard\KInstallWizardComponnetsModel.cpp">
      <Filter>Code\Source Files\InstallWizard</Filter>
    </ClCompile>
    <ClCompile Include="Source\InstallWizard\KInstallWizardStepStack.cpp">
      <Filter>Code\Source Files\InstallWizard</Filter>
    </ClCompile>
    <ClCompile Include="Source\Archive\KArchive.cpp">
      <Filter>Code\Source Files\Archive</Filter>
    </ClCompile>
    <ClCompile Include="Source\Archive\KArchiveImpl.cpp">
      <Filter>Code\Source Files\Archive</Filter>
    </ClCompile>
    <ClCompile Include="Source\ModManager\KMirroredVirtualFolder.cpp">
      <Filter>Code\Source Files\ModManager</Filter>
    </ClCompile>
    <ClCompile Include="Source\ModManager\KModEntry.cpp">
      <Filter>Code\Source Files\ModManager</Filter>
    </ClCompile>
    <ClCompile Include="Source\ModManager\KModManager.cpp">
      <Filter>Code\Source Files\ModManager</Filter>
    </ClCompile>
    <ClCompile Include="Source\InstallWizard\KInstallWizardInfoModel.cpp">
      <Filter>Code\Source Files\InstallWizard</Filter>
    </ClCompile>
    <ClCompile Include="Source\ModManager\KModManagerModel.cpp">
      <Filter>Code\Source Files\ModManager</Filter>
    </ClCompile>
    <ClCompile Include="Source\IPC\KIPC.cpp">
      <Filter>Code\Source Files\IPC</Filter>
    </ClCompile>
    <ClCompile Include="Source\IPC\KIPCConnection.cpp">
      <Filter>Code\Source Files\IPC</Filter>
    </ClCompile>
    <ClCompile Include="Source\IPC\KIPCClient.cpp">
      <Filter>Code\Source Files\IPC</Filter>
    </ClCompile>
    <ClCompile Include="Source\IPC\KIPCRequest.cpp">
      <Filter>Code\Source Files\IPC</Filter>
    </ClCompile>
    <ClCompile Include="Source\IPC\KIPCServer.cpp">
      <Filter>Code\Source Files\IPC</Filter>
    </ClCompile>
    <ClCompile Include="Source\ModManager\KModManagerDispatcher.cpp">
      <Filter>Code\Source Files\ModManager</Filter>
    </ClCompile>
    <ClCompile Include="Source\SaveManager\KSaveManagerListModel.cpp">
      <Filter>Code\Source Files\SaveManager</Filter>
    </ClCompile>
    <ClCompile Include="Source\PackageManager\KPackageManagerListModel.cpp">
      <Filter>Code\Source Files\PackageManager</Filter>
    </ClCompile>
    <ClCompile Include="Source\PackageCreator\PageInfo\KPCInfoSitesModel.cpp">
      <Filter>Code\Source Files\PackageCreator\PageInfo</Filter>
    </ClCompile>
    <ClCompile Include="Source\PackageCreator\KPackageCreatorIDTracker.cpp">
      <Filter>Code\Source Files\PackageCreator</Filter>
    </ClCompile>
    <ClCompile Include="Source\ModManager\KModFilesExplorerModel.cpp">
      <Filter>Code\Source Files\ModManager</Filter>
    </ClCompile>
    <ClCompile Include="Source\ModManager\KModFilesExplorerDialog.cpp">
      <Filter>Code\Source Files\ModManager</Filter>
    </ClCompile>
    <ClCompile Include="Source\ModManager\KModCollisionViewerModel.cpp">
      <Filter>Code\Source Files\ModManager</Filter>
    </ClCompile>
    <ClCompile Include="Source\Utility\KProgramOptions.cpp">
      <Filter>Code\Source Files\Utility</Filter>
    </ClCompile>
    <ClCompile Include="Source\PluginManager\LOOT API\KLootAPI.cpp">
      <Filter>Code\Source Files\PluginManager\LOOT API</Filter>
    </ClCompile>
    <ClCompile Include="Source\PackageCreator\PageInfo\KPCInfoAdditionalInfoModel.cpp">
      <Filter>Code\Source Files\PackageCreator\PageInfo</Filter>
    </ClCompile>
    <ClCompile Include="Source\ModManager\KModManagerImport.cpp">
      <Filter>Code\Source Files\ModManager</Filter>
    </ClCompile>
    <ClCompile Include="Source\ModManager\KModManagerImportMO.cpp">
      <Filter>Code\Source Files\ModManager</Filter>
    </ClCompile>
    <ClCompile Include="Source\PackageCreator\PageComponents\KPCComponentsModel.cpp">
      <Filter>Code\Source Files\PackageCreator\PageComponents</Filter>
    </ClCompile>
    <ClCompile Include="Source\PackageCreator\PageComponents\KPCComponentsModelNode.cpp">
      <Filter>Code\Source Files\PackageCreator\PageComponents</Filter>
    </ClCompile>
    <ClCompile Include="Source\Utility\KINetFSHandler.cpp">
      <Filter>Code\Source Files\Utility</Filter>
    </ClCompile>
    <ClCompile Include="Source\DownloadManager\KDownloadManager.cpp">
      <Filter>Code\Source Files\DownloadManager</Filter>
    </ClCompile>
    <ClCompile Include="Source\DownloadManager\KDownloadManagerWorkspace.cpp">
      <Filter>Code\Source Files\DownloadManager</Filter>
    </ClCompile>
    <ClCompile Include="Source\DownloadManager\KDownloadManagerView.cpp">
      <Filter>Code\Source Files\DownloadManager</Filter>
    </ClCompile>
    <ClCompile Include="Source\Network\KNetwork.cpp">
      <Filter>Code\Source Files\Network</Filter>
    </ClCompile>
    <ClCompile Include="Source\Profile\KConfigManagerConfig.cpp">
      <Filter>Code\Source Files\Profile</Filter>
    </ClCompile>
    <ClCompile Include="Source\Profile\KLocationsManagerConfig.cpp">
      <Filter>Code\Source Files\Profile</Filter>
    </ClCompile>
    <ClCompile Include="Source\Profile\KNetworkConfig.cpp">
      <Filter>Code\Source Files\Profile</Filter>
    </ClCompile>
    <ClCompile Include="Source\Profile\KPackageManagerConfig.cpp">
      <Filter>Code\Source Files\Profile</Filter>
    </ClCompile>
    <ClCompile Include="Source\Profile\KPluginManagerConfig.cpp">
      <Filter>Code\Source Files\Profile</Filter>
    </ClCompile>
    <ClCompile Include="Source\Profile\KSaveManagerConfig.cpp">
      <Filter>Code\Source Files\Profile</Filter>
    </ClCompile>
    <ClCompile Include="Source\Profile\KScreenshotsGalleryConfig.cpp">
      <Filter>Code\Source Files\Profile</Filter>
    </ClCompile>
    <ClCompile Include="Source\Profile\KVirtualizationConfig.cpp">
      <Filter>Code\Source Files\Profile</Filter>
    </ClCompile>
    <ClCompile Include="Source\Network\KNetworkProvider.cpp">
      <Filter>Code\Source Files\Network</Filter>
    </ClCompile>
    <ClCompile Include="Source\Network\KNetworkProviderNexus.cpp">
      <Filter>Code\Source Files\Network</Filter>
    </ClCompile>
    <ClCompile Include="Source\Network\KNetworkProviderTESALL.cpp">
      <Filter>Code\Source Files\Network</Filter>
    </ClCompile>
    <ClCompile Include="Source\Network\KNetworkProviderLoversLab.cpp">
      <Filter>Code\Source Files\Network</Filter>
    </ClCompile>
    <ClCompile Include="Source\DownloadManager\KDownloadEntry.cpp">
      <Filter>Code\Source Files\DownloadManager</Filter>
    </ClCompile>
    <ClCompile Include="Source\Profile\KProfileID.cpp">
      <Filter>Code\Source Files\Profile</Filter>
    </ClCompile>
    <ClCompile Include="Source\ModManager\KModManagerImportNMM.cpp">
      <Filter>Code\Source Files\ModManager</Filter>
    </ClCompile>
    <ClCompile Include="Source\ModManager\KFixedModEntry.cpp">
      <Filter>Code\Source Files\ModManager</Filter>
    </ClCompile>
    <ClCompile Include="Source\ModManager\KPriorityGroupEntry.cpp">
      <Filter>Code\Source Files\ModManager</Filter>
    </ClCompile>
    <ClCompile Include="Source\ModManager\KFileTreeNode.cpp">
      <Filter>Code\Source Files\ModManager</Filter>
    </ClCompile>
    <ClCompile Include="Source\PluginManager\KPluginEntry.cpp">
      <Filter>Code\Source Files\PluginManager</Filter>
    </ClCompile>
    <ClCompile Include="Source\PluginManager\KPluginReader.cpp">
      <Filter>Code\Source Files\PluginManager</Filter>
    </ClCompile>
    <ClCompile Include="Source\PluginManager\KPluginReaderBethesdaMorrowind.cpp">
      <Filter>Code\Source Files\PluginManager</Filter>
    </ClCompile>
    <ClCompile Include="Source\PluginManager\KPluginReaderBethesdaOblivion.cpp">
      <Filter>Code\Source Files\PluginManager</Filter>
    </ClCompile>
    <ClCompile Include="Source\PluginManager\KPluginReaderBethesdaSkyrim.cpp">
      <Filter>Code\Source Files\PluginManager</Filter>
    </ClCompile>
    <ClCompile Include="Source\PluginManager\KPluginEntryBethesda.cpp">
      <Filter>Code\Source Files\PluginManager</Filter>
    </ClCompile>
    <ClCompile Include="Source\PluginManager\KPluginManagerBethesda.cpp">
      <Filter>Code\Source Files\PluginManager</Filter>
    </ClCompile>
    <ClCompile Include="Source\PluginManager\KPluginManagerBethesda2.cpp">
      <Filter>Code\Source Files\PluginManager</Filter>
    </ClCompile>
    <ClCompile Include="Source\PluginManager\KPluginEntryBethesda2.cpp">
      <Filter>Code\Source Files\PluginManager</Filter>
    </ClCompile>
    <ClCompile Include="Source\PluginManager\KPluginManagerBethesdaMW.cpp">
      <Filter>Code\Source Files\PluginManager</Filter>
    </ClCompile>
    <ClCompile Include="Source\PluginManager\KPluginViewBaseModel.cpp">
      <Filter>Code\Source Files\PluginManager</Filter>
    </ClCompile>
    <ClCompile Include="Source\PluginManager\KPluginViewModelBethesda.cpp">
      <Filter>Code\Source Files\PluginManager</Filter>
    </ClCompile>
    <ClCompile Include="Source\KTranslation.cpp">
      <Filter>Code\Source Files</Filter>
    </ClCompile>
    <ClCompile Include="Source\Profile\KProgramManagerConfig.cpp">
      <Filter>Code\Source Files\Profile</Filter>
    </ClCompile>
    <ClCompile Include="Source\ProgramManager\KProgramManager.cpp">
      <Filter>Code\Source Files\ProgramManager</Filter>
    </ClCompile>
    <ClCompile Include="Source\ProgramManager\KProgramManagerModel.cpp">
      <Filter>Code\Source Files\ProgramManager</Filter>
    </ClCompile>
    <ClCompile Include="Source\ProgramManager\KProgramManagerWorkspace.cpp">
      <Filter>Code\Source Files\ProgramManager</Filter>
    </ClCompile>
    <ClCompile Include="Source\Events\KModEvent.cpp">
      <Filter>Code\Source Files\Events</Filter>
    </ClCompile>
    <ClCompile Include="Source\Events\KEvent.cpp">
      <Filter>Code\Source Files\Events</Filter>
    </ClCompile>
    <ClCompile Include="Source\Events\KModListEvent.cpp">
      <Filter>Code\Source Files\Events</Filter>
    </ClCompile>
    <ClCompile Include="Source\SaveManager\KSaveFileBethesdaFallout3.cpp">
      <Filter>Code\Source Files\SaveManager</Filter>
    </ClCompile>
    <ClCompile Include="Source\SaveManager\KSaveFile.cpp">
      <Filter>Code\Source Files\SaveManager</Filter>
    </ClCompile>
    <ClCompile Include="Source\SaveManager\KSaveFileBethesdaFallout4.cpp">
      <Filter>Code\Source Files\SaveManager</Filter>
    </ClCompile>
    <ClCompile Include="Source\SaveManager\KSaveFileBethesdaFalloutNV.cpp">
      <Filter>Code\Source Files\SaveManager</Filter>
    </ClCompile>
    <ClCompile Include="Source\SaveManager\KSaveFileBethesdaMorrowind.cpp">
      <Filter>Code\Source Files\SaveManager</Filter>
    </ClCompile>
    <ClCompile Include="Source\SaveManager\KSaveFileBethesdaOblivion.cpp">
      <Filter>Code\Source Files\SaveManager</Filter>
    </ClCompile>
    <ClCompile Include="Source\SaveManager\KSaveFileBethesdaSkyrim.cpp">
      <Filter>Code\Source Files\SaveManager</Filter>
    </ClCompile>
    <ClCompile Include="Source\SaveManager\KSaveFileBethesdaSkyrimSE.cpp">
      <Filter>Code\Source Files\SaveManager</Filter>
    </ClCompile>
    <ClCompile Include="Source\ModManager\KModListManager.cpp">
      <Filter>Code\Source Files\ModManager</Filter>
    </ClCompile>
    <ClCompile Include="Source\ModManager\KModSites.cpp">
      <Filter>Code\Source Files\ModManager</Filter>
    </ClCompile>
    <ClCompile Include="Source\ModManager\KModStatistics.cpp">
      <Filter>Code\Source Files\ModManager</Filter>
    </ClCompile>
    <ClCompile Include="Source\ModManager\KModTagsManager.cpp">
      <Filter>Code\Source Files\ModManager</Filter>
    </ClCompile>
    <ClCompile Include="Source\ModManager\KModTagsSelector.cpp">
      <Filter>Code\Source Files\ModManager</Filter>
    </ClCompile>
    <ClCompile Include="Source\ModManager\KModWorkspace.cpp">
      <Filter>Code\Source Files\ModManager</Filter>
    </ClCompile>
    <ClCompile Include="Source\ModManager\KVirtualGameFolderWorkspace.cpp">
      <Filter>Code\Source Files\ModManager</Filter>
    </ClCompile>
    <ClCompile Include="Source\ModManager\KVirtualGameFolderModel.cpp">
      <Filter>Code\Source Files\ModManager</Filter>
    </ClCompile>
    <ClCompile Include="Source\ModManager\KModListManagerEditor.cpp">
      <Filter>Code\Source Files\ModManager</Filter>
    </ClCompile>
  </ItemGroup>
  <ItemGroup>
    <ClInclude Include="Source\stdafx.h">
      <Filter>Code\Header Files</Filter>
    </ClInclude>
    <ClInclude Include="Source\KApp.h">
      <Filter>Code\Header Files</Filter>
    </ClInclude>
    <ClInclude Include="Source\KVariablesTable.h">
      <Filter>Code\Header Files</Filter>
    </ClInclude>
    <ClInclude Include="Source\Events\KLogEvent.h">
      <Filter>Code\Header Files\Events</Filter>
    </ClInclude>
    <ClInclude Include="Source\UI\KProfileSelectionDialog.h">
      <Filter>Code\Header Files\UI</Filter>
    </ClInclude>
    <ClInclude Include="Source\UI\KProfileCreatorDialog.h">
      <Filter>Code\Header Files\UI</Filter>
    </ClInclude>
    <ClInclude Include="Source\UI\KMainWindow.h">
      <Filter>Code\Header Files\UI</Filter>
    </ClInclude>
    <ClInclude Include="Source\UI\KWorkspace.h">
      <Filter>Code\Header Files\UI</Filter>
    </ClInclude>
    <ClInclude Include="Source\GameConfig\KGameConfigWorkspace.h">
      <Filter>Code\Header Files\GameConfig</Filter>
    </ClInclude>
    <ClInclude Include="Source\Utility\KImageProvider.h">
      <Filter>Code\Header Files\Utility</Filter>
    </ClInclude>
    <ClInclude Include="Source\Utility\KAux.h">
      <Filter>Code\Header Files\Utility</Filter>
    </ClInclude>
    <ClInclude Include="Source\Utility\KQuickThread.h">
      <Filter>Code\Header Files\Utility</Filter>
    </ClInclude>
    <ClInclude Include="Source\Utility\KThemeManager.h">
      <Filter>Code\Header Files\Utility</Filter>
    </ClInclude>
    <ClInclude Include="Source\GameConfig\KGameConfigWorkspaceController.h">
      <Filter>Code\Header Files\GameConfig</Filter>
    </ClInclude>
    <ClInclude Include="Source\ConfigManager\KCMConfigEntry.h">
      <Filter>Code\Header Files\ConfigManager</Filter>
    </ClInclude>
    <ClInclude Include="Source\ConfigManager\KCMController.h">
      <Filter>Code\Header Files\ConfigManager</Filter>
    </ClInclude>
    <ClInclude Include="Source\ConfigManager\KCMDataProviderINI.h">
      <Filter>Code\Header Files\ConfigManager</Filter>
    </ClInclude>
    <ClInclude Include="Source\ConfigManager\KCMFileEntry.h">
      <Filter>Code\Header Files\ConfigManager</Filter>
    </ClInclude>
    <ClInclude Include="Source\ConfigManager\KCMIDataProvider.h">
      <Filter>Code\Header Files\ConfigManager</Filter>
    </ClInclude>
    <ClInclude Include="Source\ConfigManager\KCMOptionsFormatter.h">
      <Filter>Code\Header Files\ConfigManager</Filter>
    </ClInclude>
    <ClInclude Include="Source\ConfigManager\KCMSampleValue.h">
      <Filter>Code\Header Files\ConfigManager</Filter>
    </ClInclude>
    <ClInclude Include="Source\ConfigManager\KCMValueTypeDetector.h">
      <Filter>Code\Header Files\ConfigManager</Filter>
    </ClInclude>
    <ClInclude Include="Source\ConfigManager\KConfigManager.h">
      <Filter>Code\Header Files\ConfigManager</Filter>
    </ClInclude>
    <ClInclude Include="Source\Utility\KEntryRefT.h">
      <Filter>Code\Header Files\Utility</Filter>
    </ClInclude>
    <ClInclude Include="Source\VFS\KVirtualFileSystemService.h">
      <Filter>Code\Header Files\VFS</Filter>
    </ClInclude>
    <ClInclude Include="Source\UI\KWorkspaceController.h">
      <Filter>Code\Header Files\UI</Filter>
    </ClInclude>
    <ClInclude Include="Source\UI\KNewModDialog.h">
      <Filter>Code\Header Files\UI</Filter>
    </ClInclude>
    <ClInclude Include="Source\SettingsWindow\KSettingsWindow.h">
      <Filter>Code\Header Files\SettingsWindow</Filter>
    </ClInclude>
    <ClInclude Include="Source\SettingsWindow\KSettingsWindowController.h">
      <Filter>Code\Header Files\SettingsWindow</Filter>
    </ClInclude>
    <ClInclude Include="Source\SettingsWindow\KSettingsWindowManager.h">
      <Filter>Code\Header Files\SettingsWindow</Filter>
    </ClInclude>
    <ClInclude Include="Source\Profile\KProfile.h">
      <Filter>Code\Header Files\Profile</Filter>
    </ClInclude>
    <ClInclude Include="Source\Events\KVFSEvent.h">
      <Filter>Code\Header Files\Events</Filter>
    </ClInclude>
    <ClInclude Include="Source\Utility\Themes\KThemeDefault.h">
      <Filter>Code\Header Files\Utility\Themes</Filter>
    </ClInclude>
    <ClInclude Include="Source\KDynamicVariablesTable.h">
      <Filter>Code\Header Files</Filter>
    </ClInclude>
    <ClInclude Include="Source\VFS\KVirtualFileSystemMirrorImpl.h">
      <Filter>Code\Header Files\VFS</Filter>
    </ClInclude>
    <ClInclude Include="Source\VFS\KVirtualFileSystemConvergenceImpl.h">
      <Filter>Code\Header Files\VFS</Filter>
    </ClInclude>
    <ClInclude Include="Source\VFS\KVirtualFileSystemConvergence.h">
      <Filter>Code\Header Files\VFS</Filter>
    </ClInclude>
    <ClInclude Include="Source\VFS\KVirtualFileSystemBase.h">
      <Filter>Code\Header Files\VFS</Filter>
    </ClInclude>
    <ClInclude Include="Source\VFS\KVirtualFileSystemMirror.h">
      <Filter>Code\Header Files\VFS</Filter>
    </ClInclude>
    <ClInclude Include="Source\PluginManager\KPluginManager.h">
      <Filter>Code\Header Files\PluginManager</Filter>
    </ClInclude>
    <ClInclude Include="Source\PluginManager\KPluginManagerWorkspace.h">
      <Filter>Code\Header Files\PluginManager</Filter>
    </ClInclude>
    <ClInclude Include="Source\KVariablesDatabase.h">
      <Filter>Code\Header Files</Filter>
    </ClInclude>
    <ClInclude Include="Source\ScreenshotsGallery\KScreenshotsGalleryWorkspace.h">
      <Filter>Code\Header Files\ScreenshotsGallery</Filter>
    </ClInclude>
    <ClInclude Include="Source\ScreenshotsGallery\KScreenshotsGalleryManager.h">
      <Filter>Code\Header Files\ScreenshotsGallery</Filter>
    </ClInclude>
    <ClInclude Include="Source\UI\KImageViewerDialog.h">
      <Filter>Code\Header Files\UI</Filter>
    </ClInclude>
    <ClInclude Include="Source\Utility\Themes\KThemeVisualStudio.h">
      <Filter>Code\Header Files\Utility\Themes</Filter>
    </ClInclude>
    <ClInclude Include="Source\KManager.h">
      <Filter>Code\Header Files</Filter>
    </ClInclude>
    <ClInclude Include="Source\UI\KAboutDialog.h">
      <Filter>Code\Header Files\UI</Filter>
    </ClInclude>
    <ClInclude Include="Source\Utility\KLabeledValue.h">
      <Filter>Code\Header Files\Utility</Filter>
    </ClInclude>
    <ClInclude Include="Source\SaveManager\KSaveManager.h">
      <Filter>Code\Header Files\SaveManager</Filter>
    </ClInclude>
    <ClInclude Include="Source\KPluggableManager.h">
      <Filter>Code\Header Files</Filter>
    </ClInclude>
    <ClInclude Include="Source\SaveManager\KSaveManagerWorkspace.h">
      <Filter>Code\Header Files\SaveManager</Filter>
    </ClInclude>
    <ClInclude Include="Source\UI\KTextEditorDialog.h">
      <Filter>Code\Header Files\UI</Filter>
    </ClInclude>
    <ClInclude Include="Source\Utility\KSetEnabledWrapper.h">
      <Filter>Code\Header Files\Utility</Filter>
    </ClInclude>
    <ClInclude Include="Source\PackageCreator\KPackageCreatorWorkspace.h">
      <Filter>Code\Header Files\PackageCreator</Filter>
    </ClInclude>
    <ClInclude Include="Source\PackageCreator\KPackageCreatorPageBase.h">
      <Filter>Code\Header Files\PackageCreator</Filter>
    </ClInclude>
    <ClInclude Include="Source\PackageCreator\KPackageCreatorPageInfo.h">
      <Filter>Code\Header Files\PackageCreator</Filter>
    </ClInclude>
    <ClInclude Include="Source\PackageProject\KPackageProject.h">
      <Filter>Code\Header Files\PackageProject</Filter>
    </ClInclude>
    <ClInclude Include="Source\PackageProject\KPackageProjectInfo.h">
      <Filter>Code\Header Files\PackageProject</Filter>
    </ClInclude>
    <ClInclude Include="Source\PackageProject\KPackageProjectConfig.h">
      <Filter>Code\Header Files\PackageProject</Filter>
    </ClInclude>
    <ClInclude Include="Source\PackageProject\KPackageProjectInterface.h">
      <Filter>Code\Header Files\PackageProject</Filter>
    </ClInclude>
    <ClInclude Include="Source\PackageProject\KPackageProjectRequirements.h">
      <Filter>Code\Header Files\PackageProject</Filter>
    </ClInclude>
    <ClInclude Include="Source\PackageProject\KPackageProjectPart.h">
      <Filter>Code\Header Files\PackageProject</Filter>
    </ClInclude>
    <ClInclude Include="Source\PackageProject\KPackageProjectSerializer.h">
      <Filter>Code\Header Files\PackageProject</Filter>
    </ClInclude>
    <ClInclude Include="Source\PackageProject\KPackageProjectSerializerKMP.h">
      <Filter>Code\Header Files\PackageProject</Filter>
    </ClInclude>
    <ClInclude Include="Source\PackageCreator\KPackageCreatorController.h">
      <Filter>Code\Header Files\PackageCreator</Filter>
    </ClInclude>
    <ClInclude Include="Source\PackageProject\KPackageProjectFileData.h">
      <Filter>Code\Header Files\PackageProject</Filter>
    </ClInclude>
    <ClInclude Include="Source\PackageCreator\KPackageCreatorPageFileData.h">
      <Filter>Code\Header Files\PackageCreator</Filter>
    </ClInclude>
    <ClInclude Include="Source\PackageCreator\KPackageCreatorPageInterface.h">
      <Filter>Code\Header Files\PackageCreator</Filter>
    </ClInclude>
    <ClInclude Include="Source\PackageCreator\KPackageCreatorListModel.h">
      <Filter>Code\Header Files\PackageCreator</Filter>
    </ClInclude>
    <ClInclude Include="Source\PackageCreator\KPackageCreatorVectorModel.h">
      <Filter>Code\Header Files\PackageCreator</Filter>
    </ClInclude>
    <ClInclude Include="Source\PackageCreator\KPackageCreatorPageRequirements.h">
      <Filter>Code\Header Files\PackageCreator</Filter>
    </ClInclude>
    <ClInclude Include="Source\PackageManager\KPackageManager.h">
      <Filter>Code\Header Files\PackageManager</Filter>
    </ClInclude>
    <ClInclude Include="Source\PackageProject\KPackageProjectComponents.h">
      <Filter>Code\Header Files\PackageProject</Filter>
    </ClInclude>
    <ClInclude Include="Source\PackageCreator\KPackageCreatorPageComponents.h">
      <Filter>Code\Header Files\PackageCreator</Filter>
    </ClInclude>
    <ClInclude Include="Source\Utility\KWithIDName.h">
      <Filter>Code\Header Files\Utility</Filter>
    </ClInclude>
    <ClInclude Include="Source\PackageProject\KPackageProjectDefs.h">
      <Filter>Code\Header Files\PackageProject</Filter>
    </ClInclude>
    <ClInclude Include="Source\PackageCreator\PageRequirements\KPCREntriesListModel.h">
      <Filter>Code\Header Files\PackageCreator\PageRequirements</Filter>
    </ClInclude>
    <ClInclude Include="Source\PackageCreator\PageInterface\KPCIImagesListModel.h">
      <Filter>Code\Header Files\PackageCreator\PageInterface</Filter>
    </ClInclude>
    <ClInclude Include="Source\PackageCreator\PageInfo\KPCInfoTagsListModel.h">
      <Filter>Code\Header Files\PackageCreator\PageInfo</Filter>
    </ClInclude>
    <ClInclude Include="Source\PackageCreator\PageFileData\KPCFileDataMainListModel.h">
      <Filter>Code\Header Files\PackageCreator\PageFileData</Filter>
    </ClInclude>
    <ClInclude Include="Source\PackageCreator\PageFileData\KPCFileDataFolderContentModel.h">
      <Filter>Code\Header Files\PackageCreator\PageFileData</Filter>
    </ClInclude>
    <ClInclude Include="Source\PackageCreator\PageComponents\KPCCFileDataSelectorModel.h">
      <Filter>Code\Header Files\PackageCreator\PageComponents</Filter>
    </ClInclude>
    <ClInclude Include="Source\PackageCreator\PageComponents\KPCCRequirementsSelectorModel.h">
      <Filter>Code\Header Files\PackageCreator\PageComponents</Filter>
    </ClInclude>
    <ClInclude Include="Source\PackageCreator\PageComponents\KPCCFlagsSelectorModel.h">
      <Filter>Code\Header Files\PackageCreator\PageComponents</Filter>
    </ClInclude>
    <ClInclude Include="Source\PackageCreator\PageInfo\KPCInfoDocumentsModel.h">
      <Filter>Code\Header Files\PackageCreator\PageInfo</Filter>
    </ClInclude>
    <ClInclude Include="Source\PackageProject\KPackageProjectSerializerFOMod.h">
      <Filter>Code\Header Files\PackageProject</Filter>
    </ClInclude>
    <ClInclude Include="Source\PackageCreator\KPackageCreatorFOModIEDialog.h">
      <Filter>Code\Header Files\PackageCreator</Filter>
    </ClInclude>
    <ClInclude Include="Source\Utility\KDataViewListModel.h">
      <Filter>Code\Header Files\Utility</Filter>
    </ClInclude>
    <ClInclude Include="Source\PackageManager\KPackageManagerWorkspace.h">
      <Filter>Code\Header Files\PackageManager</Filter>
    </ClInclude>
    <ClInclude Include="Source\PackageManager\KModPackage.h">
      <Filter>Code\Header Files\PackageManager</Filter>
    </ClInclude>
    <ClInclude Include="Source\PackageCreator\PageComponents\KPCCConditionalStepsModel.h">
      <Filter>Code\Header Files\PackageCreator\PageComponents</Filter>
    </ClInclude>
    <ClInclude Include="Source\PackageCreator\PageRequirements\KPCRGroupsModel.h">
      <Filter>Code\Header Files\PackageCreator\PageRequirements</Filter>
    </ClInclude>
    <ClInclude Include="Source\PackageProject\KPackageProjectSerializerSMI.h">
      <Filter>Code\Header Files\PackageProject</Filter>
    </ClInclude>
    <ClInclude Include="Source\Utility\KOperationWithProgress.h">
      <Filter>Code\Header Files\Utility</Filter>
    </ClInclude>
    <ClInclude Include="Source\PackageCreator\KPackageCreatorBuilder.h">
      <Filter>Code\Header Files\PackageCreator</Filter>
    </ClInclude>
    <ClInclude Include="Source\InstallWizard\KInstallWizardDialog.h">
      <Filter>Code\Header Files\InstallWizard</Filter>
    </ClInclude>
    <ClInclude Include="Source\Utility\KTempFolderKeeper.h">
      <Filter>Code\Header Files\Utility</Filter>
    </ClInclude>
    <ClInclude Include="Source\InstallWizard\KInstallWizardRequirementsModel.h">
      <Filter>Code\Header Files\InstallWizard</Filter>
    </ClInclude>
    <ClInclude Include="Source\Utility\KDataViewTreeModel.h">
      <Filter>Code\Header Files\Utility</Filter>
    </ClInclude>
    <ClInclude Include="Source\Utility\KDataViewModelBase.h">
      <Filter>Code\Header Files\Utility</Filter>
    </ClInclude>
    <ClInclude Include="Source\InstallWizard\KInstallWizardComponnetsModel.h">
      <Filter>Code\Header Files\InstallWizard</Filter>
    </ClInclude>
    <ClInclude Include="Source\InstallWizard\KInstallWizardComponnetsModelNode.h">
      <Filter>Code\Header Files\InstallWizard</Filter>
    </ClInclude>
    <ClInclude Include="Source\InstallWizard\KInstallWizardStepStack.h">
      <Filter>Code\Header Files\InstallWizard</Filter>
    </ClInclude>
    <ClInclude Include="Source\InstallWizard\KInstallWizardDefs.h">
      <Filter>Code\Header Files\InstallWizard</Filter>
    </ClInclude>
    <ClInclude Include="Source\Archive\KArchive.h">
      <Filter>Code\Header Files\Archive</Filter>
    </ClInclude>
    <ClInclude Include="Source\Archive\KArchiveImpl.h">
      <Filter>Code\Header Files\Archive</Filter>
    </ClInclude>
    <ClInclude Include="Source\ModManager\KMirroredVirtualFolder.h">
      <Filter>Code\Header Files\ModManager</Filter>
    </ClInclude>
    <ClInclude Include="Source\ModManager\KModEntry.h">
      <Filter>Code\Header Files\ModManager</Filter>
    </ClInclude>
    <ClInclude Include="Source\ModManager\KModManager.h">
      <Filter>Code\Header Files\ModManager</Filter>
    </ClInclude>
    <ClInclude Include="Source\Utility\KWithBitmap.h">
      <Filter>Code\Header Files\Utility</Filter>
    </ClInclude>
    <ClInclude Include="Source\InstallWizard\KInstallWizardInfoModel.h">
      <Filter>Code\Header Files\InstallWizard</Filter>
    </ClInclude>
    <ClInclude Include="Source\ModManager\KModManagerModelNode.h">
      <Filter>Code\Header Files\ModManager</Filter>
    </ClInclude>
    <ClInclude Include="Source\ModManager\KModManagerModel.h">
      <Filter>Code\Header Files\ModManager</Filter>
    </ClInclude>
    <ClInclude Include="Source\IPC\KIPC.h">
      <Filter>Code\Header Files\IPC</Filter>
    </ClInclude>
    <ClInclude Include="Source\IPC\KIPCConnection.h">
      <Filter>Code\Header Files\IPC</Filter>
    </ClInclude>
    <ClInclude Include="Source\IPC\KIPCClient.h">
      <Filter>Code\Header Files\IPC</Filter>
    </ClInclude>
    <ClInclude Include="Source\IPC\KIPCRequest.h">
      <Filter>Code\Header Files\IPC</Filter>
    </ClInclude>
    <ClInclude Include="Source\IPC\KIPCServer.h">
      <Filter>Code\Header Files\IPC</Filter>
    </ClInclude>
    <ClInclude Include="Source\Utility\KUnsortedUnique.h">
      <Filter>Code\Header Files\Utility</Filter>
    </ClInclude>
    <ClInclude Include="Source\ModManager\KModManagerDispatcher.h">
      <Filter>Code\Header Files\ModManager</Filter>
    </ClInclude>
    <ClInclude Include="Resource.h">
      <Filter>Code\Header Files</Filter>
    </ClInclude>
    <ClInclude Include="Source\SaveManager\KSaveManagerListModel.h">
      <Filter>Code\Header Files\SaveManager</Filter>
    </ClInclude>
    <ClInclude Include="Source\PackageManager\KPackageManagerListModel.h">
      <Filter>Code\Header Files\PackageManager</Filter>
    </ClInclude>
    <ClInclude Include="Source\PackageCreator\PageInfo\KPCInfoSitesModel.h">
      <Filter>Code\Header Files\PackageCreator\PageInfo</Filter>
    </ClInclude>
    <ClInclude Include="Source\PackageCreator\KPackageCreatorIDTracker.h">
      <Filter>Code\Header Files\PackageCreator</Filter>
    </ClInclude>
    <ClInclude Include="Source\ModManager\KModFilesExplorerDialog.h">
      <Filter>Code\Header Files\ModManager</Filter>
    </ClInclude>
    <ClInclude Include="Source\ModManager\KModFilesExplorerModel.h">
      <Filter>Code\Header Files\ModManager</Filter>
    </ClInclude>
    <ClInclude Include="Source\ModManager\KModCollisionViewerModel.h">
      <Filter>Code\Header Files\ModManager</Filter>
    </ClInclude>
    <ClInclude Include="Source\Utility\KProgramOptions.h">
      <Filter>Code\Header Files\Utility</Filter>
    </ClInclude>
    <ClInclude Include="Source\Utility\KComparator.h">
      <Filter>Code\Header Files\Utility</Filter>
    </ClInclude>
    <ClInclude Include="Source\PluginManager\LOOT API\KLootAPI.h">
      <Filter>Code\Header Files\PluginManager\LOOT API</Filter>
    </ClInclude>
    <ClInclude Include="Source\PackageCreator\PageInfo\KPCInfoAdditionalInfoModel.h">
      <Filter>Code\Header Files\PackageCreator\PageInfo</Filter>
    </ClInclude>
    <ClInclude Include="Source\ModManager\KModManagerImport.h">
      <Filter>Code\Header Files\ModManager</Filter>
    </ClInclude>
    <ClInclude Include="Source\ModManager\KModManagerImportMO.h">
      <Filter>Code\Header Files\ModManager</Filter>
    </ClInclude>
    <ClInclude Include="Source\PackageCreator\PageComponents\KPCComponentsModel.h">
      <Filter>Code\Header Files\PackageCreator\PageComponents</Filter>
    </ClInclude>
    <ClInclude Include="Source\PackageCreator\PageComponents\KPCComponentsModelNode.h">
      <Filter>Code\Header Files\PackageCreator\PageComponents</Filter>
    </ClInclude>
    <ClInclude Include="Source\Utility\KINetFSHandler.h">
      <Filter>Code\Header Files\Utility</Filter>
    </ClInclude>
    <ClInclude Include="Source\DownloadManager\KDownloadManager.h">
      <Filter>Code\Header Files\DownloadManager</Filter>
    </ClInclude>
    <ClInclude Include="Source\DownloadManager\KDownloadManagerWorkspace.h">
      <Filter>Code\Header Files\DownloadManager</Filter>
    </ClInclude>
    <ClInclude Include="Source\DownloadManager\KDownloadManagerView.h">
      <Filter>Code\Header Files\DownloadManager</Filter>
    </ClInclude>
    <ClInclude Include="Source\Network\KNetwork.h">
      <Filter>Code\Header Files\Network</Filter>
    </ClInclude>
    <ClInclude Include="Source\Network\KNetworkConstants.h">
      <Filter>Code\Header Files\Network</Filter>
    </ClInclude>
    <ClInclude Include="Source\Profile\KConfigManagerConfig.h">
      <Filter>Code\Header Files\Profile</Filter>
    </ClInclude>
    <ClInclude Include="Source\Profile\KLocationsManagerConfig.h">
      <Filter>Code\Header Files\Profile</Filter>
    </ClInclude>
    <ClInclude Include="Source\Profile\KNetworkConfig.h">
      <Filter>Code\Header Files\Profile</Filter>
    </ClInclude>
    <ClInclude Include="Source\Profile\KPackageManagerConfig.h">
      <Filter>Code\Header Files\Profile</Filter>
    </ClInclude>
    <ClInclude Include="Source\Profile\KPluginManagerConfig.h">
      <Filter>Code\Header Files\Profile</Filter>
    </ClInclude>
    <ClInclude Include="Source\Profile\KSaveManagerConfig.h">
      <Filter>Code\Header Files\Profile</Filter>
    </ClInclude>
    <ClInclude Include="Source\Profile\KScreenshotsGalleryConfig.h">
      <Filter>Code\Header Files\Profile</Filter>
    </ClInclude>
    <ClInclude Include="Source\Profile\KVirtualizationConfig.h">
      <Filter>Code\Header Files\Profile</Filter>
    </ClInclude>
    <ClInclude Include="Source\Network\KNetworkProvider.h">
      <Filter>Code\Header Files\Network</Filter>
    </ClInclude>
    <ClInclude Include="Source\Network\KNetworkProviderNexus.h">
      <Filter>Code\Header Files\Network</Filter>
    </ClInclude>
    <ClInclude Include="Source\Network\KNetworkProviderTESALL.h">
      <Filter>Code\Header Files\Network</Filter>
    </ClInclude>
    <ClInclude Include="Source\Network\KNetworkProviderLoversLab.h">
      <Filter>Code\Header Files\Network</Filter>
    </ClInclude>
    <ClInclude Include="Source\DownloadManager\KDownloadEntry.h">
      <Filter>Code\Header Files\DownloadManager</Filter>
    </ClInclude>
    <ClInclude Include="Source\Profile\KProfileID.h">
      <Filter>Code\Header Files\Profile</Filter>
    </ClInclude>
    <ClInclude Include="Source\ModManager\KModManagerImportNMM.h">
      <Filter>Code\Header Files\PackageManager</Filter>
    </ClInclude>
    <ClInclude Include="Source\ModManager\KFixedModEntry.h">
      <Filter>Code\Header Files\ModManager</Filter>
    </ClInclude>
    <ClInclude Include="Source\ModManager\KPriorityGroupEntry.h">
      <Filter>Code\Header Files\ModManager</Filter>
    </ClInclude>
    <ClInclude Include="Source\ModManager\KFileTreeNode.h">
      <Filter>Code\Header Files\ModManager</Filter>
    </ClInclude>
    <ClInclude Include="Source\PluginManager\KPluginEntry.h">
      <Filter>Code\Header Files\PluginManager</Filter>
    </ClInclude>
    <ClInclude Include="Source\PluginManager\KPluginReader.h">
      <Filter>Code\Header Files\PluginManager</Filter>
    </ClInclude>
    <ClInclude Include="Source\PluginManager\KPluginReaderBethesda.h">
      <Filter>Code\Header Files\PluginManager</Filter>
    </ClInclude>
    <ClInclude Include="Source\PluginManager\KPluginReaderBethesdaMorrowind.h">
      <Filter>Code\Header Files\PluginManager</Filter>
    </ClInclude>
    <ClInclude Include="Source\PluginManager\KPluginReaderBethesdaOblivion.h">
      <Filter>Code\Header Files\PluginManager</Filter>
    </ClInclude>
    <ClInclude Include="Source\PluginManager\KPluginReaderBethesdaSkyrim.h">
      <Filter>Code\Header Files\PluginManager</Filter>
    </ClInclude>
    <ClInclude Include="Source\PluginManager\KPluginEntryBethesda.h">
      <Filter>Code\Header Files\PluginManager</Filter>
    </ClInclude>
    <ClInclude Include="Source\PluginManager\KPluginManagerBethesda.h">
      <Filter>Code\Header Files\PluginManager</Filter>
    </ClInclude>
    <ClInclude Include="Source\PluginManager\KPluginManagerBethesda2.h">
      <Filter>Code\Header Files\PluginManager</Filter>
    </ClInclude>
    <ClInclude Include="Source\PluginManager\KPluginEntryBethesda2.h">
      <Filter>Code\Header Files\PluginManager</Filter>
    </ClInclude>
    <ClInclude Include="Source\PluginManager\KPluginManagerBethesdaMW.h">
      <Filter>Code\Header Files\PluginManager</Filter>
    </ClInclude>
    <ClInclude Include="Source\PluginManager\KPluginEntryTypesInterface.h">
      <Filter>Code\Header Files\PluginManager</Filter>
    </ClInclude>
    <ClInclude Include="Source\PluginManager\KPluginViewModel.h">
      <Filter>Code\Header Files\PluginManager</Filter>
    </ClInclude>
    <ClInclude Include="Source\PluginManager\KPluginViewBaseModel.h">
      <Filter>Code\Header Files\PluginManager</Filter>
    </ClInclude>
    <ClInclude Include="Source\PluginManager\KPluginViewModelBethesda.h">
      <Filter>Code\Header Files\PluginManager</Filter>
    </ClInclude>
    <ClInclude Include="Source\KRTTI.h">
      <Filter>Code\Header Files</Filter>
    </ClInclude>
    <ClInclude Include="Source\KTranslation.h">
      <Filter>Code\Header Files</Filter>
    </ClInclude>
    <ClInclude Include="Source\Profile\KProgramManagerConfig.h">
      <Filter>Code\Header Files\Profile</Filter>
    </ClInclude>
    <ClInclude Include="Source\ProgramManager\KProgramManager.h">
      <Filter>Code\Header Files\ProgramManager</Filter>
    </ClInclude>
    <ClInclude Include="Source\ProgramManager\KProgramManagerModel.h">
      <Filter>Code\Header Files\ProgramManager</Filter>
    </ClInclude>
    <ClInclude Include="Source\ProgramManager\KProgramManagerWorkspace.h">
      <Filter>Code\Header Files\ProgramManager</Filter>
    </ClInclude>
    <ClInclude Include="Source\Events\KModEvent.h">
      <Filter>Code\Header Files\Events</Filter>
    </ClInclude>
    <ClInclude Include="Source\Events\KEvent.h">
      <Filter>Code\Header Files\Events</Filter>
    </ClInclude>
    <ClInclude Include="Source\KEvents.h">
      <Filter>Code\Header Files</Filter>
    </ClInclude>
    <ClInclude Include="Source\Events\KModListEvent.h">
      <Filter>Code\Header Files\Events</Filter>
    </ClInclude>
    <ClInclude Include="Source\SaveManager\KSaveFileBethesdaFallout3.h">
      <Filter>Code\Header Files\SaveManager</Filter>
    </ClInclude>
    <ClInclude Include="Source\SaveManager\KSaveFile.h">
      <Filter>Code\Header Files\SaveManager</Filter>
    </ClInclude>
    <ClInclude Include="Source\SaveManager\KSaveFileBethesdaFallout4.h">
      <Filter>Code\Header Files\SaveManager</Filter>
    </ClInclude>
    <ClInclude Include="Source\SaveManager\KSaveFileBethesdaFalloutNV.h">
      <Filter>Code\Header Files\SaveManager</Filter>
    </ClInclude>
    <ClInclude Include="Source\SaveManager\KSaveFileBethesdaMorrowind.h">
      <Filter>Code\Header Files\SaveManager</Filter>
    </ClInclude>
    <ClInclude Include="Source\SaveManager\KSaveFileBethesdaOblivion.h">
      <Filter>Code\Header Files\SaveManager</Filter>
    </ClInclude>
    <ClInclude Include="Source\SaveManager\KSaveFileBethesdaSkyrim.h">
      <Filter>Code\Header Files\SaveManager</Filter>
    </ClInclude>
    <ClInclude Include="Source\SaveManager\KSaveFileBethesdaSkyrimSE.h">
      <Filter>Code\Header Files\SaveManager</Filter>
    </ClInclude>
    <ClInclude Include="Source\ModManager\KModListManager.h">
      <Filter>Code\Header Files\ModManager</Filter>
    </ClInclude>
    <ClInclude Include="Source\ModManager\KModListManagerDialog.h">
      <Filter>Code\Header Files\ModManager</Filter>
    </ClInclude>
    <ClInclude Include="Source\ModManager\KModSites.h">
      <Filter>Code\Header Files\ModManager</Filter>
    </ClInclude>
    <ClInclude Include="Source\ModManager\KModStatistics.h">
      <Filter>Code\Header Files\ModManager</Filter>
    </ClInclude>
    <ClInclude Include="Source\ModManager\KModTagsManager.h">
      <Filter>Code\Header Files\ModManager</Filter>
    </ClInclude>
    <ClInclude Include="Source\ModManager\KModTagsSelector.h">
      <Filter>Code\Header Files\ModManager</Filter>
    </ClInclude>
    <ClInclude Include="Source\ModManager\KModWorkspace.h">
      <Filter>Code\Header Files\ModManager</Filter>
    </ClInclude>
    <ClInclude Include="Source\ModManager\KVirtualGameFolderWorkspace.h">
      <Filter>Code\Header Files\ModManager</Filter>
    </ClInclude>
    <ClInclude Include="Source\ModManager\KVirtualGameFolderModel.h">
      <Filter>Code\Header Files\ModManager</Filter>
    </ClInclude>
    <ClInclude Include="Source\ModManager\KModListManagerEditor.h">
      <Filter>Code\Header Files\ModManager</Filter>
    </ClInclude>
  </ItemGroup>
  <ItemGroup>
    <ResourceCompile Include="Kortex.rc">
      <Filter>Resource Files</Filter>
    </ResourceCompile>
  </ItemGroup>
  <ItemGroup>
    <Image Include="Resources\App.ico">
      <Filter>Resource Files</Filter>
    </Image>
  </ItemGroup>
  <ItemGroup>
    <Xml Include="Bin\Data\Profile Templates\Fallout4.xml">
      <Filter>Misc\Profile Templates</Filter>
    </Xml>
    <Xml Include="Bin\Data\Profile Templates\Skyrim.xml">
      <Filter>Misc\Profile Templates</Filter>
    </Xml>
    <Xml Include="Bin\Data\ConfigManager\ENB.xml">
      <Filter>Misc\ConfigManager</Filter>
    </Xml>
    <Xml Include="Bin\Data\ConfigManager\VirtualKeys.xml">
      <Filter>Misc\ConfigManager</Filter>
    </Xml>
    <Xml Include="Bin\Data\ConfigManager\Profiles\Skyrim.xml">
      <Filter>Misc\ConfigManager\Profiles</Filter>
    </Xml>
    <Xml Include="Bin\Data\ConfigManager\Settings.xml">
      <Filter>Misc\ConfigManager</Filter>
    </Xml>
    <Xml Include="Bin\Data\ConfigManager\Profiles\Fallout4.xml">
      <Filter>Misc\ConfigManager\Profiles</Filter>
    </Xml>
    <Xml Include="Bin\Data\Profile Templates\Oblivion.xml">
      <Filter>Misc\Profile Templates</Filter>
    </Xml>
    <Xml Include="Bin\Data\Profile Templates\Morrowind.xml">
      <Filter>Misc\Profile Templates</Filter>
    </Xml>
    <Xml Include="Bin\Data\Profile Templates\Sacred2.xml">
      <Filter>Misc\Profile Templates</Filter>
    </Xml>
    <Xml Include="Bin\Data\Profile Templates\FalloutNV.xml">
      <Filter>Misc\Profile Templates</Filter>
    </Xml>
    <Xml Include="Bin\Data\Profile Templates\Fallout3.xml">
      <Filter>Misc\Profile Templates</Filter>
    </Xml>
    <Xml Include="Bin\Data\Profile Templates\SkyrimSE.xml">
      <Filter>Misc\Profile Templates</Filter>
    </Xml>
    <Xml Include="Bin\Data\PackageManager\Requirements\Skyrim.xml">
      <Filter>Misc\PackageManager\Requirements</Filter>
    </Xml>
    <Xml Include="Bin\Data\PackageManager\Requirements\SkyrimSE.xml">
      <Filter>Misc\PackageManager\Requirements</Filter>
    </Xml>
    <Xml Include="Bin\Data\PackageManager\Requirements\Oblivion.xml">
      <Filter>Misc\PackageManager\Requirements</Filter>
    </Xml>
    <Xml Include="Bin\Data\PackageManager\Requirements\Morrowind.xml">
      <Filter>Misc\PackageManager\Requirements</Filter>
    </Xml>
    <Xml Include="Bin\Data\PackageManager\Requirements\Fallout4.xml">
      <Filter>Misc\PackageManager\Requirements</Filter>
    </Xml>
    <Xml Include="Bin\Data\PackageManager\Requirements\FalloutNV.xml">
      <Filter>Misc\PackageManager\Requirements</Filter>
    </Xml>
    <Xml Include="Bin\Data\PackageManager\Requirements\Fallout3.xml">
      <Filter>Misc\PackageManager\Requirements</Filter>
    </Xml>
    <Xml Include="Bin\Data\PackageManager\Requirements\Sacred2.xml">
      <Filter>Misc\PackageManager\Requirements</Filter>
    </Xml>
    <Xml Include="Bin\Data\ModManager\DefaultTags.xml">
      <Filter>Misc\ModManager</Filter>
    </Xml>
    <Xml Include="Bin\Data\ConfigManager\Profiles\FalloutNV.xml">
      <Filter>Misc\ConfigManager\Profiles</Filter>
    </Xml>
    <Xml Include="Bin\Data\ConfigManager\Profiles\Morrowind.xml">
      <Filter>Misc\ConfigManager\Profiles</Filter>
    </Xml>
    <Xml Include="Bin\Data\ConfigManager\Profiles\Oblivion.xml">
      <Filter>Misc\ConfigManager\Profiles</Filter>
    </Xml>
    <Xml Include="Bin\Data\ConfigManager\Profiles\Sacred2.xml">
      <Filter>Misc\ConfigManager\Profiles</Filter>
    </Xml>
    <Xml Include="Bin\Data\ConfigManager\Profiles\SkyrimSE.xml">
      <Filter>Misc\ConfigManager\Profiles</Filter>
    </Xml>
    <Xml Include="Bin\Data\ConfigManager\Profiles\Fallout3.xml">
      <Filter>Misc\ConfigManager\Profiles</Filter>
    </Xml>
    <Xml Include="Bin\Data\Profile Templates\SkyrimVR.xml">
      <Filter>Misc\Profile Templates</Filter>
    </Xml>
    <Xml Include="Bin\Data\Profile Templates\Fallout4VR.xml">
      <Filter>Misc\Profile Templates</Filter>
    </Xml>
    <Xml Include="Bin\Data\Lang\ru-RU.xml">
      <Filter>Misc\Translations</Filter>
    </Xml>
    <Xml Include="Bin\Data\Lang\en-US.xml">
      <Filter>Misc\Translations</Filter>
    </Xml>
  </ItemGroup>
  <ItemGroup>
    <None Include="Bin\Data\PackageCreator\Templates\Default.kmpproj">
      <Filter>Misc\PackageManager\Project templates</Filter>
    </None>
  </ItemGroup>
  <ItemGroup>
    <Text Include="Resources\ChangeLog EN.md">
      <Filter>Resource Files</Filter>
    </Text>
    <Text Include="Resources\ChangeLog RU.md">
      <Filter>Resource Files</Filter>
    </Text>
  </ItemGroup>
</Project>