<?xml version="1.0" encoding="utf-8"?>
<Project ToolsVersion="4.0" xmlns="http://schemas.microsoft.com/developer/msbuild/2003">
  <ItemGroup>
    <Filter Include="Code">
      <UniqueIdentifier>{14717b7c-cc54-4eb7-b777-c94e153d0b8e}</UniqueIdentifier>
    </Filter>
    <Filter Include="Misc">
      <UniqueIdentifier>{e71fb8a4-c382-4b81-8669-76d39e1ed34b}</UniqueIdentifier>
    </Filter>
    <Filter Include="Misc\PackageManager">
      <UniqueIdentifier>{0cf9efe5-6cc5-49b2-ae5f-1c86f5aa91d4}</UniqueIdentifier>
    </Filter>
    <Filter Include="Misc\ModManager">
      <UniqueIdentifier>{be24eb37-bb5b-47a8-9e81-889e8767b8fd}</UniqueIdentifier>
    </Filter>
    <Filter Include="Misc\ConfigManager">
      <UniqueIdentifier>{cafe45f4-7e48-45e5-8f88-8cdc8457cb09}</UniqueIdentifier>
    </Filter>
    <Filter Include="Misc\ConfigManager\Profiles">
      <UniqueIdentifier>{1c0fb599-cfe9-4c82-a540-469bdfe10c7f}</UniqueIdentifier>
    </Filter>
    <Filter Include="Misc\PackageManager\Requirements">
      <UniqueIdentifier>{3683d6cd-5853-496f-a848-3ac9328753f4}</UniqueIdentifier>
    </Filter>
    <Filter Include="Misc\PackageManager\Project templates">
      <UniqueIdentifier>{f7b61e8f-7f53-44a7-883d-dfeb40c92278}</UniqueIdentifier>
    </Filter>
    <Filter Include="Misc\InstanceTemplates">
      <UniqueIdentifier>{0989cc56-192d-4358-962b-2f3822e190b2}</UniqueIdentifier>
    </Filter>
    <Filter Include="Misc\InstanceTemplates\Icons">
      <UniqueIdentifier>{62a74ac0-dd4d-4d27-8025-329b14e7bec3}</UniqueIdentifier>
    </Filter>
    <Filter Include="Misc\Translation">
      <UniqueIdentifier>{643fe7f0-efc0-4c29-850b-62cd63e54149}</UniqueIdentifier>
    </Filter>
    <Filter Include="Code\Include">
      <UniqueIdentifier>{436ca353-622d-47ba-8ce9-0a12a11ed7ed}</UniqueIdentifier>
    </Filter>
    <Filter Include="Code\Include\Common">
      <UniqueIdentifier>{298c3ea3-670b-4970-b457-8979fa133a09}</UniqueIdentifier>
    </Filter>
    <Filter Include="Code\Include\Components">
      <UniqueIdentifier>{0e6585f1-0446-486e-a20e-898fbf8495ef}</UniqueIdentifier>
    </Filter>
    <Filter Include="Resources">
      <UniqueIdentifier>{67DA6AB6-F800-4c08-8B7A-83BB121AAD01}</UniqueIdentifier>
      <Extensions>rc;ico;cur;bmp;dlg;rc2;rct;bin;rgs;gif;jpg;jpeg;jpe;resx;tiff;tif;png;wav;mfcribbon-ms</Extensions>
    </Filter>
    <Filter Include="Code\Source">
      <UniqueIdentifier>{4FC737F1-C7A5-4376-A066-2A32D752A2FF}</UniqueIdentifier>
      <Extensions>cpp;c;cc;cxx;def;odl;idl;hpj;bat;asm;asmx</Extensions>
    </Filter>
    <Filter Include="Code\Source\Events">
      <UniqueIdentifier>{d536f7e4-3332-4aec-b729-de1d6c7a1ff2}</UniqueIdentifier>
    </Filter>
    <Filter Include="Code\Source\UI">
      <UniqueIdentifier>{51d2b7a4-c61f-41fb-afcb-6710b7efdfa3}</UniqueIdentifier>
    </Filter>
    <Filter Include="Code\Source\Utility">
      <UniqueIdentifier>{3d4221b7-0197-4472-840f-106f30da65c6}</UniqueIdentifier>
    </Filter>
    <Filter Include="Code\Source\SettingsWindow">
      <UniqueIdentifier>{e9b8debe-3e5f-4a98-b530-52a2df3ad7a7}</UniqueIdentifier>
    </Filter>
    <Filter Include="Code\Source\PackageCreator">
      <UniqueIdentifier>{b0551a4e-5415-4a53-bb31-dfc298c1730a}</UniqueIdentifier>
    </Filter>
    <Filter Include="Code\Source\PackageCreator\PageComponents">
      <UniqueIdentifier>{ae29b88e-890d-4a53-91e4-65ff7cf5c8de}</UniqueIdentifier>
    </Filter>
    <Filter Include="Code\Source\PackageCreator\PageFileData">
      <UniqueIdentifier>{226a655b-accc-49aa-a677-1ed20214f833}</UniqueIdentifier>
    </Filter>
    <Filter Include="Code\Source\PackageCreator\PageInfo">
      <UniqueIdentifier>{a58ee1d1-cf38-45cd-894b-5220ddee7c19}</UniqueIdentifier>
    </Filter>
    <Filter Include="Code\Source\PackageCreator\PageInterface">
      <UniqueIdentifier>{cf3c03ac-9b4f-4b92-9738-05a6d983811c}</UniqueIdentifier>
    </Filter>
    <Filter Include="Code\Source\PackageCreator\PageRequirements">
      <UniqueIdentifier>{4ae81249-fa93-4d8f-bae6-4bfeee352b6a}</UniqueIdentifier>
    </Filter>
    <Filter Include="Code\Source\PackageProject">
      <UniqueIdentifier>{e9e9b99d-3ac0-4aa0-9a95-630b6d728d15}</UniqueIdentifier>
    </Filter>
    <Filter Include="Code\Source\PackageManager">
      <UniqueIdentifier>{6627ffce-bf5f-48a0-b6db-7af51ec1e115}</UniqueIdentifier>
    </Filter>
    <Filter Include="Code\Source\Archive">
      <UniqueIdentifier>{b222a7fd-1abb-453b-b9eb-023d5b3820f9}</UniqueIdentifier>
    </Filter>
    <Filter Include="Code\Source\InstallWizard">
      <UniqueIdentifier>{eb1f8d1e-9c5c-4fd8-b7b4-b6c475b9d12f}</UniqueIdentifier>
    </Filter>
    <Filter Include="Code\Source\Network">
      <UniqueIdentifier>{1cf732ae-1aa0-424c-94d5-446352cdfb8c}</UniqueIdentifier>
    </Filter>
    <Filter Include="Code\Source\Network\DownloadManager">
      <UniqueIdentifier>{2aa0000a-d18a-4bd0-bf20-e5ff1ba9483b}</UniqueIdentifier>
    </Filter>
    <Filter Include="Code\Source\Network\NetworkManager">
      <UniqueIdentifier>{ba4aef9b-dff3-45d6-883a-b1f6f45e534a}</UniqueIdentifier>
    </Filter>
    <Filter Include="Code\Source\Network\Provider">
      <UniqueIdentifier>{16db6ccd-8b23-4a71-99f9-35422b1d4f61}</UniqueIdentifier>
    </Filter>
    <Filter Include="Code\Source\GameInstance">
      <UniqueIdentifier>{baf9614d-07aa-47eb-8665-ead79d31a066}</UniqueIdentifier>
    </Filter>
    <Filter Include="Code\Source\GameInstance\Config">
      <UniqueIdentifier>{3e6b9084-f94f-476d-9b43-fb88c706680f}</UniqueIdentifier>
    </Filter>
    <Filter Include="Code\Source\GameData">
      <UniqueIdentifier>{34b15e23-e6b7-434d-a450-7ef713e39793}</UniqueIdentifier>
    </Filter>
    <Filter Include="Code\Source\GameData\PluginManager">
      <UniqueIdentifier>{0ad972bf-4485-4d8a-b74d-b63ba58f3519}</UniqueIdentifier>
    </Filter>
    <Filter Include="Code\Source\GameData\PluginManager\LOOT API">
      <UniqueIdentifier>{1eeda770-0c32-43fb-a8f4-6ac671cbf3e9}</UniqueIdentifier>
    </Filter>
    <Filter Include="Code\Source\GameData\SaveManager">
      <UniqueIdentifier>{aee8af18-99c8-4b9b-9cbc-b59054bed2ae}</UniqueIdentifier>
    </Filter>
    <Filter Include="Code\Source\GameData\SaveManager\BethesdaSave">
      <UniqueIdentifier>{8e447ca2-ff57-4ff7-a96f-20b092471491}</UniqueIdentifier>
    </Filter>
    <Filter Include="Code\Source\GameData\ScreenshotsGallery">
      <UniqueIdentifier>{17cea417-2fd9-4783-a51a-6a37bf5b7f43}</UniqueIdentifier>
    </Filter>
    <Filter Include="Code\Source\GameMods">
      <UniqueIdentifier>{91051d91-4ca1-47a5-9a4e-c9c731b52de8}</UniqueIdentifier>
    </Filter>
    <Filter Include="Code\Source\GameMods\ModManager">
      <UniqueIdentifier>{37014eaf-5d5a-4492-a183-bca26ccedd22}</UniqueIdentifier>
    </Filter>
    <Filter Include="Code\Source\GameMods\Import">
      <UniqueIdentifier>{d97017c3-8343-4ab0-b654-f88a17d59587}</UniqueIdentifier>
    </Filter>
    <Filter Include="Code\Source\GameMods\VirtualGameFolder">
      <UniqueIdentifier>{37be731d-69f6-4022-b07c-e49505a396d3}</UniqueIdentifier>
    </Filter>
    <Filter Include="Code\Source\GameMods\ModStatistics">
      <UniqueIdentifier>{10108bd6-7c58-4ad2-949b-9e14bdbf9bf5}</UniqueIdentifier>
    </Filter>
    <Filter Include="Code\Source\GameMods\TagManager">
      <UniqueIdentifier>{e4193127-2ce3-4d9f-b523-ef484ace238a}</UniqueIdentifier>
    </Filter>
    <Filter Include="Code\Source\GameMods\ModProvider">
      <UniqueIdentifier>{12b87631-6ac1-4dca-90de-866902eb5e7e}</UniqueIdentifier>
    </Filter>
    <Filter Include="Code\Source\Application">
      <UniqueIdentifier>{0f73dc8b-efce-481a-abf3-24442642de86}</UniqueIdentifier>
    </Filter>
    <Filter Include="Code\Source\Application\Notification">
      <UniqueIdentifier>{41f68988-7646-4ebc-ad46-f6ec722fc3ea}</UniqueIdentifier>
    </Filter>
    <Filter Include="Code\Source\Application\Themes">
      <UniqueIdentifier>{340bc6e8-5807-47be-8b57-94e7771d7471}</UniqueIdentifier>
    </Filter>
    <Filter Include="Code\Source\Application\Module">
      <UniqueIdentifier>{0d93b033-71af-4aad-bdcd-6e20c527f95e}</UniqueIdentifier>
    </Filter>
    <Filter Include="Code\Source\Application\VariablesTable">
      <UniqueIdentifier>{02830dd7-ef18-4a8a-b6f5-c84b75a0c5c9}</UniqueIdentifier>
    </Filter>
    <Filter Include="Code\Headers">
      <UniqueIdentifier>{93995380-89BD-4b04-88EB-625FBE52EBFB}</UniqueIdentifier>
      <Extensions>h;hh;hpp;hxx;hm;inl;inc;xsd</Extensions>
    </Filter>
    <Filter Include="Code\Headers\Events">
      <UniqueIdentifier>{ba91d700-872c-407c-a5c6-46fadb8ab5e4}</UniqueIdentifier>
    </Filter>
    <Filter Include="Code\Headers\UI">
      <UniqueIdentifier>{68fa5ef4-f841-4a93-98e7-fc49c7beef2b}</UniqueIdentifier>
    </Filter>
    <Filter Include="Code\Headers\Utility">
      <UniqueIdentifier>{9abd253e-e468-46a2-9094-58a7460a16c6}</UniqueIdentifier>
    </Filter>
    <Filter Include="Code\Headers\SettingsWindow">
      <UniqueIdentifier>{e905e6c3-93c4-4dfe-a7e4-e8e63dfc9180}</UniqueIdentifier>
    </Filter>
    <Filter Include="Code\Headers\PackageCreator">
      <UniqueIdentifier>{422b5703-ecad-46d0-907b-45d21d9d2d6b}</UniqueIdentifier>
    </Filter>
    <Filter Include="Code\Headers\PackageCreator\PageRequirements">
      <UniqueIdentifier>{603570a9-0ff1-4465-bad6-1130409f8498}</UniqueIdentifier>
    </Filter>
    <Filter Include="Code\Headers\PackageCreator\PageInterface">
      <UniqueIdentifier>{adf46f0b-79f2-4b1b-89aa-b89a8a10c3ac}</UniqueIdentifier>
    </Filter>
    <Filter Include="Code\Headers\PackageCreator\PageInfo">
      <UniqueIdentifier>{31afaee6-84de-4221-a8b2-8ac4da92a126}</UniqueIdentifier>
    </Filter>
    <Filter Include="Code\Headers\PackageCreator\PageFileData">
      <UniqueIdentifier>{f6d5a06e-f9db-4f45-8377-ed88128784ac}</UniqueIdentifier>
    </Filter>
    <Filter Include="Code\Headers\PackageCreator\PageComponents">
      <UniqueIdentifier>{3c83164a-8171-4df5-8019-be48b28e2527}</UniqueIdentifier>
    </Filter>
    <Filter Include="Code\Headers\PackageProject">
      <UniqueIdentifier>{5bd24315-33cb-4c78-bbab-9287412ccf1a}</UniqueIdentifier>
    </Filter>
    <Filter Include="Code\Headers\PackageManager">
      <UniqueIdentifier>{fee31dc7-735c-40af-bda6-91e47285bb7c}</UniqueIdentifier>
    </Filter>
    <Filter Include="Code\Headers\Archive">
      <UniqueIdentifier>{57fb0d5f-55ad-4aee-9227-f22eef7feeb3}</UniqueIdentifier>
    </Filter>
    <Filter Include="Code\Headers\InstallWizard">
      <UniqueIdentifier>{56b3d8e2-4a4a-44d5-92f7-7a4701e4108a}</UniqueIdentifier>
    </Filter>
    <Filter Include="Code\Headers\Network">
      <UniqueIdentifier>{73439ed9-5d64-4c3e-b8c6-d01d9f165780}</UniqueIdentifier>
    </Filter>
    <Filter Include="Code\Headers\Network\DownloadManager">
      <UniqueIdentifier>{c5804ff6-af46-4872-bda6-96d02611cc67}</UniqueIdentifier>
    </Filter>
    <Filter Include="Code\Headers\Network\NetworkManager">
      <UniqueIdentifier>{61f8b170-0cd5-453a-9f61-8f3048510036}</UniqueIdentifier>
    </Filter>
    <Filter Include="Code\Headers\Network\Provider">
      <UniqueIdentifier>{87dd762e-83ab-43a0-8ea5-458d4c6dada6}</UniqueIdentifier>
    </Filter>
    <Filter Include="Code\Headers\GameInstance">
      <UniqueIdentifier>{1e072cee-0e2c-4fc2-9f84-f016c2f83098}</UniqueIdentifier>
    </Filter>
    <Filter Include="Code\Headers\GameInstance\Config">
      <UniqueIdentifier>{04a98a9d-f008-41e3-886d-d303bfcbb8df}</UniqueIdentifier>
    </Filter>
    <Filter Include="Code\Headers\GameData">
      <UniqueIdentifier>{c2418d72-d34b-4a75-9979-cb2e26cd962f}</UniqueIdentifier>
    </Filter>
    <Filter Include="Code\Headers\GameData\PluginManager">
      <UniqueIdentifier>{889054e8-6ce3-4142-bdcf-f3ceffebe391}</UniqueIdentifier>
    </Filter>
    <Filter Include="Code\Headers\GameData\PluginManager\LOOT API">
      <UniqueIdentifier>{662a5b88-3f29-4336-bc6a-74a3408927e1}</UniqueIdentifier>
    </Filter>
    <Filter Include="Code\Headers\GameData\SaveManager">
      <UniqueIdentifier>{cdb84733-3aa4-4b4c-bfd2-25d34f8a55ce}</UniqueIdentifier>
    </Filter>
    <Filter Include="Code\Headers\GameData\SaveManager\BethesdaSave">
      <UniqueIdentifier>{8103ad82-fbe6-46d4-9ad6-ab8c89f8ff29}</UniqueIdentifier>
    </Filter>
    <Filter Include="Code\Headers\GameData\ScreenshotsGallery">
      <UniqueIdentifier>{80dc93d1-26a0-4cc9-b6c3-cbd6eaffe22a}</UniqueIdentifier>
    </Filter>
    <Filter Include="Code\Headers\GameMods">
      <UniqueIdentifier>{6bef732e-d938-474c-926e-4447efbf0469}</UniqueIdentifier>
    </Filter>
    <Filter Include="Code\Headers\GameMods\ModManager">
      <UniqueIdentifier>{3795c7be-af4f-4170-9c89-3167029520b1}</UniqueIdentifier>
    </Filter>
    <Filter Include="Code\Headers\GameMods\Import">
      <UniqueIdentifier>{0896803a-ffb6-4747-b00e-fd0480d4dbc4}</UniqueIdentifier>
    </Filter>
    <Filter Include="Code\Headers\GameMods\VirtualGameFolder">
      <UniqueIdentifier>{2c6306f7-c8df-4277-853b-53ee0526f95f}</UniqueIdentifier>
    </Filter>
    <Filter Include="Code\Headers\GameMods\ModStatistics">
      <UniqueIdentifier>{54424f0b-d8ea-4ad0-886d-a51025017ecf}</UniqueIdentifier>
    </Filter>
    <Filter Include="Code\Headers\GameMods\TagManager">
      <UniqueIdentifier>{c4902872-1559-4470-b800-a0afa9709cec}</UniqueIdentifier>
    </Filter>
    <Filter Include="Code\Headers\GameMods\ModProvider">
      <UniqueIdentifier>{74572704-c409-416a-9f6f-e080fac38a00}</UniqueIdentifier>
    </Filter>
    <Filter Include="Code\Headers\Application">
      <UniqueIdentifier>{cdc8b6c9-a0f5-4aab-b19b-1d5acc28ef34}</UniqueIdentifier>
    </Filter>
    <Filter Include="Code\Headers\Application\Notification">
      <UniqueIdentifier>{4bcd5849-822a-4fb6-b85a-97c10b1dc01c}</UniqueIdentifier>
    </Filter>
    <Filter Include="Code\Headers\Application\Themes">
      <UniqueIdentifier>{8a0fbc76-53f5-4f4b-b194-8f3b0428de97}</UniqueIdentifier>
    </Filter>
    <Filter Include="Code\Headers\Application\Module">
      <UniqueIdentifier>{8b5a5679-a39d-49d5-baa6-7523f84590f4}</UniqueIdentifier>
    </Filter>
    <Filter Include="Code\Headers\Application\VariablesTable">
      <UniqueIdentifier>{e029bab9-2e50-48a1-a98a-720023d325bf}</UniqueIdentifier>
    </Filter>
    <Filter Include="Code\Headers\Application\Option">
      <UniqueIdentifier>{fcc4e747-5513-4819-91ee-7888fbb62841}</UniqueIdentifier>
    </Filter>
    <Filter Include="Code\Source\Application\Option">
      <UniqueIdentifier>{f8dee2e9-4626-42bf-95eb-0f0d1f9534f7}</UniqueIdentifier>
    </Filter>
    <Filter Include="Code\Headers\Programs">
      <UniqueIdentifier>{12602aa1-3fe1-499e-8830-e016580559ff}</UniqueIdentifier>
    </Filter>
    <Filter Include="Code\Source\Programs">
      <UniqueIdentifier>{ea90ff45-611e-4a67-9994-23816ff6b21a}</UniqueIdentifier>
    </Filter>
    <Filter Include="Code\Source\Programs\ProgramManager">
      <UniqueIdentifier>{c3ddbced-ebb9-4c58-8363-a05a68abc265}</UniqueIdentifier>
    </Filter>
    <Filter Include="Code\Headers\Programs\ProgramManager">
      <UniqueIdentifier>{b25a0b02-b256-4184-aa30-ed283a17b3e3}</UniqueIdentifier>
    </Filter>
    <Filter Include="Code\Headers\Application\About">
      <UniqueIdentifier>{ee9ec590-f7b4-48d1-a0ea-7b6da8cbc8bf}</UniqueIdentifier>
    </Filter>
    <Filter Include="Code\Source\Application\About">
      <UniqueIdentifier>{846945b4-fcb7-4075-9a10-7aff9aa2bf86}</UniqueIdentifier>
    </Filter>
    <Filter Include="Code\Source\VirtualFileSystem">
      <UniqueIdentifier>{939c8d3a-ef4f-4d1a-9de6-9478181a804b}</UniqueIdentifier>
    </Filter>
    <Filter Include="Code\Headers\VirtualFileSystem">
      <UniqueIdentifier>{7f6171b5-f739-4be0-b2ad-bda3e7a42979}</UniqueIdentifier>
    </Filter>
    <Filter Include="Shared Code">
      <UniqueIdentifier>{2115c87c-576c-47c9-bedd-e0d7df5d3886}</UniqueIdentifier>
    </Filter>
    <Filter Include="Shared Code\Headers">
      <UniqueIdentifier>{61b47c97-a0ef-4c1f-9556-3809e2adf6ed}</UniqueIdentifier>
    </Filter>
    <Filter Include="Shared Code\Headers\IPC">
      <UniqueIdentifier>{84e8e5ed-cc7f-4831-a1cb-c203362b0c87}</UniqueIdentifier>
    </Filter>
    <Filter Include="Shared Code\Headers\VirtualFileSystem">
      <UniqueIdentifier>{f99cdd01-168e-493d-a114-fad82410e929}</UniqueIdentifier>
    </Filter>
    <Filter Include="Shared Code\Source">
      <UniqueIdentifier>{36a44a92-fdae-4855-944c-c659f535e636}</UniqueIdentifier>
    </Filter>
    <Filter Include="Shared Code\Source\IPC">
      <UniqueIdentifier>{6ba9e007-972f-4f26-92d9-2cdbc2e087e7}</UniqueIdentifier>
    </Filter>
    <Filter Include="Shared Code\Source\VirtualFileSystem">
      <UniqueIdentifier>{8c67519b-0440-43b1-b57e-cea7caeddc63}</UniqueIdentifier>
    </Filter>
  </ItemGroup>
  <ItemGroup>
    <ClCompile Include="Source\stdafx.cpp">
      <Filter>Code\Source</Filter>
    </ClCompile>
    <ClCompile Include="Source\UI\KMainWindow.cpp">
      <Filter>Code\Source\UI</Filter>
    </ClCompile>
    <ClCompile Include="Source\UI\KWorkspace.cpp">
      <Filter>Code\Source\UI</Filter>
    </ClCompile>
    <ClCompile Include="Source\Utility\KImageProvider.cpp">
      <Filter>Code\Source\Utility</Filter>
    </ClCompile>
    <ClCompile Include="Source\Utility\KAux.cpp">
      <Filter>Code\Source\Utility</Filter>
    </ClCompile>
    <ClCompile Include="Source\Utility\KQuickThread.cpp">
      <Filter>Code\Source\Utility</Filter>
    </ClCompile>
    <ClCompile Include="Source\UI\KWorkspaceController.cpp">
      <Filter>Code\Source\UI</Filter>
    </ClCompile>
    <ClCompile Include="Source\UI\KNewModDialog.cpp">
      <Filter>Code\Source\UI</Filter>
    </ClCompile>
    <ClCompile Include="Source\SettingsWindow\KSettingsWindow.cpp">
      <Filter>Code\Source\SettingsWindow</Filter>
    </ClCompile>
    <ClCompile Include="Source\UI\KImageViewerDialog.cpp">
      <Filter>Code\Source\UI</Filter>
    </ClCompile>
    <ClCompile Include="Source\UI\KTextEditorDialog.cpp">
      <Filter>Code\Source\UI</Filter>
    </ClCompile>
    <ClCompile Include="Source\Utility\KSetEnabledWrapper.cpp">
      <Filter>Code\Source\Utility</Filter>
    </ClCompile>
    <ClCompile Include="Source\PackageCreator\KPackageCreatorWorkspace.cpp">
      <Filter>Code\Source\PackageCreator</Filter>
    </ClCompile>
    <ClCompile Include="Source\PackageCreator\KPackageCreatorPageBase.cpp">
      <Filter>Code\Source\PackageCreator</Filter>
    </ClCompile>
    <ClCompile Include="Source\PackageCreator\KPackageCreatorPageInfo.cpp">
      <Filter>Code\Source\PackageCreator</Filter>
    </ClCompile>
    <ClCompile Include="Source\PackageProject\KPackageProject.cpp">
      <Filter>Code\Source\PackageProject</Filter>
    </ClCompile>
    <ClCompile Include="Source\PackageProject\KPackageProjectInfo.cpp">
      <Filter>Code\Source\PackageProject</Filter>
    </ClCompile>
    <ClCompile Include="Source\PackageProject\KPackageProjectConfig.cpp">
      <Filter>Code\Source\PackageProject</Filter>
    </ClCompile>
    <ClCompile Include="Source\PackageProject\KPackageProjectInterface.cpp">
      <Filter>Code\Source\PackageProject</Filter>
    </ClCompile>
    <ClCompile Include="Source\PackageProject\KPackageProjectPart.cpp">
      <Filter>Code\Source\PackageProject</Filter>
    </ClCompile>
    <ClCompile Include="Source\PackageProject\KPackageProjectSerializer.cpp">
      <Filter>Code\Source\PackageProject</Filter>
    </ClCompile>
    <ClCompile Include="Source\PackageProject\KPackageProjectSerializerKMP.cpp">
      <Filter>Code\Source\PackageProject</Filter>
    </ClCompile>
    <ClCompile Include="Source\PackageCreator\KPackageCreatorController.cpp">
      <Filter>Code\Source\PackageCreator</Filter>
    </ClCompile>
    <ClCompile Include="Source\PackageProject\KPackageProjectFileData.cpp">
      <Filter>Code\Source\PackageProject</Filter>
    </ClCompile>
    <ClCompile Include="Source\PackageCreator\KPackageCreatorPageFileData.cpp">
      <Filter>Code\Source\PackageCreator</Filter>
    </ClCompile>
    <ClCompile Include="Source\PackageCreator\KPackageCreatorPageInterface.cpp">
      <Filter>Code\Source\PackageCreator</Filter>
    </ClCompile>
    <ClCompile Include="Source\PackageCreator\KPackageCreatorListModel.cpp">
      <Filter>Code\Source\PackageCreator</Filter>
    </ClCompile>
    <ClCompile Include="Source\PackageCreator\KPackageCreatorPageRequirements.cpp">
      <Filter>Code\Source\PackageCreator</Filter>
    </ClCompile>
    <ClCompile Include="Source\PackageManager\KPackageManager.cpp">
      <Filter>Code\Source\PackageManager</Filter>
    </ClCompile>
    <ClCompile Include="Source\PackageProject\KPackageProjectRequirements.cpp">
      <Filter>Code\Source\PackageProject</Filter>
    </ClCompile>
    <ClCompile Include="Source\PackageProject\KPackageProjectComponents.cpp">
      <Filter>Code\Source\PackageProject</Filter>
    </ClCompile>
    <ClCompile Include="Source\PackageCreator\KPackageCreatorPageComponents.cpp">
      <Filter>Code\Source\PackageCreator</Filter>
    </ClCompile>
    <ClCompile Include="Source\PackageCreator\PageRequirements\KPCREntriesListModel.cpp">
      <Filter>Code\Source\PackageCreator\PageRequirements</Filter>
    </ClCompile>
    <ClCompile Include="Source\PackageCreator\PageInterface\KPCIImagesListModel.cpp">
      <Filter>Code\Source\PackageCreator\PageInterface</Filter>
    </ClCompile>
    <ClCompile Include="Source\PackageCreator\PageInfo\KPCInfoTagsListModel.cpp">
      <Filter>Code\Source\PackageCreator\PageInfo</Filter>
    </ClCompile>
    <ClCompile Include="Source\PackageCreator\PageFileData\KPCFileDataFolderContentModel.cpp">
      <Filter>Code\Source\PackageCreator\PageFileData</Filter>
    </ClCompile>
    <ClCompile Include="Source\PackageCreator\PageFileData\KPCFileDataMainListModel.cpp">
      <Filter>Code\Source\PackageCreator\PageFileData</Filter>
    </ClCompile>
    <ClCompile Include="Source\PackageCreator\PageComponents\KPCCFileDataSelectorModel.cpp">
      <Filter>Code\Source\PackageCreator\PageComponents</Filter>
    </ClCompile>
    <ClCompile Include="Source\PackageCreator\PageComponents\KPCCRequirementsSelectorModel.cpp">
      <Filter>Code\Source\PackageCreator\PageComponents</Filter>
    </ClCompile>
    <ClCompile Include="Source\PackageCreator\PageInfo\KPCInfoDocumentsModel.cpp">
      <Filter>Code\Source\PackageCreator\PageInfo</Filter>
    </ClCompile>
    <ClCompile Include="Source\PackageProject\KPackageProjectSerializerFOMod.cpp">
      <Filter>Code\Source\PackageProject</Filter>
    </ClCompile>
    <ClCompile Include="Source\PackageCreator\KPackageCreatorFOModIEDialog.cpp">
      <Filter>Code\Source\PackageCreator</Filter>
    </ClCompile>
    <ClCompile Include="Source\PackageManager\KPackageManagerWorkspace.cpp">
      <Filter>Code\Source\PackageManager</Filter>
    </ClCompile>
    <ClCompile Include="Source\PackageManager\KModPackage.cpp">
      <Filter>Code\Source\PackageManager</Filter>
    </ClCompile>
    <ClCompile Include="Source\PackageCreator\PageComponents\KPCCConditionalStepsModel.cpp">
      <Filter>Code\Source\PackageCreator\PageComponents</Filter>
    </ClCompile>
    <ClCompile Include="Source\PackageCreator\PageRequirements\KPCRGroupsModel.cpp">
      <Filter>Code\Source\PackageCreator\PageRequirements</Filter>
    </ClCompile>
    <ClCompile Include="Source\PackageProject\KPackageProjectSerializerSMI.cpp">
      <Filter>Code\Source\PackageProject</Filter>
    </ClCompile>
    <ClCompile Include="Source\Utility\KOperationWithProgress.cpp">
      <Filter>Code\Source\Utility</Filter>
    </ClCompile>
    <ClCompile Include="Source\PackageCreator\KPackageCreatorBuilder.cpp">
      <Filter>Code\Source\PackageCreator</Filter>
    </ClCompile>
    <ClCompile Include="Source\InstallWizard\KInstallWizardDialog.cpp">
      <Filter>Code\Source\InstallWizard</Filter>
    </ClCompile>
    <ClCompile Include="Source\Utility\KTempFolderKeeper.cpp">
      <Filter>Code\Source\Utility</Filter>
    </ClCompile>
    <ClCompile Include="Source\InstallWizard\KInstallWizardRequirementsModel.cpp">
      <Filter>Code\Source\InstallWizard</Filter>
    </ClCompile>
    <ClCompile Include="Source\InstallWizard\KInstallWizardComponnetsModel.cpp">
      <Filter>Code\Source\InstallWizard</Filter>
    </ClCompile>
    <ClCompile Include="Source\InstallWizard\KInstallWizardStepStack.cpp">
      <Filter>Code\Source\InstallWizard</Filter>
    </ClCompile>
    <ClCompile Include="Source\Archive\KArchive.cpp">
      <Filter>Code\Source\Archive</Filter>
    </ClCompile>
    <ClCompile Include="Source\InstallWizard\KInstallWizardInfoModel.cpp">
      <Filter>Code\Source\InstallWizard</Filter>
    </ClCompile>
    <ClCompile Include="Source\PackageManager\KPackageManagerListModel.cpp">
      <Filter>Code\Source\PackageManager</Filter>
    </ClCompile>
    <ClCompile Include="Source\PackageCreator\PageInfo\KPCInfoSitesModel.cpp">
      <Filter>Code\Source\PackageCreator\PageInfo</Filter>
    </ClCompile>
    <ClCompile Include="Source\PackageCreator\KPackageCreatorIDTracker.cpp">
      <Filter>Code\Source\PackageCreator</Filter>
    </ClCompile>
    <ClCompile Include="Source\PackageCreator\PageInfo\KPCInfoAdditionalInfoModel.cpp">
      <Filter>Code\Source\PackageCreator\PageInfo</Filter>
    </ClCompile>
    <ClCompile Include="Source\PackageCreator\PageComponents\KPCComponentsModel.cpp">
      <Filter>Code\Source\PackageCreator\PageComponents</Filter>
    </ClCompile>
    <ClCompile Include="Source\PackageCreator\PageComponents\KPCComponentsModelNode.cpp">
      <Filter>Code\Source\PackageCreator\PageComponents</Filter>
    </ClCompile>
    <ClCompile Include="Source\Utility\KINetFSHandler.cpp">
      <Filter>Code\Source\Utility</Filter>
    </ClCompile>
    <ClCompile Include="Source\Utility\KBitmapSize.cpp">
      <Filter>Code\Source\Utility</Filter>
    </ClCompile>
    <ClCompile Include="Source\Archive\KBethesdaArchive.cpp">
      <Filter>Code\Source\Archive</Filter>
    </ClCompile>
    <ClCompile Include="Source\UI\KInstanceCreatorDialog.cpp">
      <Filter>Code\Source\UI</Filter>
    </ClCompile>
    <ClCompile Include="Source\GameInstance\Config\KLocationsManagerConfig.cpp">
      <Filter>Code\Source\GameInstance\Config</Filter>
    </ClCompile>
    <ClCompile Include="Source\PackageCreator\PageComponents\KPCCAssignedConditionalsEditor.cpp">
      <Filter>Code\Source\PackageCreator\PageComponents</Filter>
    </ClCompile>
    <ClCompile Include="Source\PackageCreator\PageComponents\KPCCConditionGroupEditor.cpp">
      <Filter>Code\Source\PackageCreator\PageComponents</Filter>
    </ClCompile>
    <ClCompile Include="Source\GameData\SaveManager\EmptySaveFile.cpp">
      <Filter>Code\Source\GameData\SaveManager</Filter>
    </ClCompile>
    <ClCompile Include="Source\GameData\SaveManager\BethesdaSave\Fallout3.cpp">
      <Filter>Code\Source\GameData\SaveManager\BethesdaSave</Filter>
    </ClCompile>
    <ClCompile Include="Source\GameData\SaveManager\BethesdaSave\Fallout4.cpp">
      <Filter>Code\Source\GameData\SaveManager\BethesdaSave</Filter>
    </ClCompile>
    <ClCompile Include="Source\GameData\SaveManager\BethesdaSave\FalloutNV.cpp">
      <Filter>Code\Source\GameData\SaveManager\BethesdaSave</Filter>
    </ClCompile>
    <ClCompile Include="Source\GameData\SaveManager\BethesdaSave\Morrowind.cpp">
      <Filter>Code\Source\GameData\SaveManager\BethesdaSave</Filter>
    </ClCompile>
    <ClCompile Include="Source\GameData\SaveManager\BethesdaSave\Oblivion.cpp">
      <Filter>Code\Source\GameData\SaveManager\BethesdaSave</Filter>
    </ClCompile>
    <ClCompile Include="Source\GameData\SaveManager\BethesdaSave\Skyrim.cpp">
      <Filter>Code\Source\GameData\SaveManager\BethesdaSave</Filter>
    </ClCompile>
    <ClCompile Include="Source\GameData\SaveManager\BethesdaSave\SkyrimSE.cpp">
      <Filter>Code\Source\GameData\SaveManager\BethesdaSave</Filter>
    </ClCompile>
    <ClCompile Include="Source\GameData\SaveManager\DisplayModel.cpp">
      <Filter>Code\Source\GameData\SaveManager</Filter>
    </ClCompile>
    <ClCompile Include="Source\GameData\SaveManager\Workspace.cpp">
      <Filter>Code\Source\GameData\SaveManager</Filter>
    </ClCompile>
    <ClCompile Include="Source\GameData\PluginManager\BethesdaPlugin.cpp">
      <Filter>Code\Source\GameData\PluginManager</Filter>
    </ClCompile>
    <ClCompile Include="Source\GameData\PluginManager\BethesdaPlugin2.cpp">
      <Filter>Code\Source\GameData\PluginManager</Filter>
    </ClCompile>
    <ClCompile Include="Source\GameData\PluginManager\IPluginManager.cpp">
      <Filter>Code\Source\GameData\PluginManager</Filter>
    </ClCompile>
    <ClCompile Include="Source\GameData\PluginManager\Workspace.cpp">
      <Filter>Code\Source\GameData\PluginManager</Filter>
    </ClCompile>
    <ClCompile Include="Source\GameData\PluginManager\IPluginReader.cpp">
      <Filter>Code\Source\GameData\PluginManager</Filter>
    </ClCompile>
    <ClCompile Include="Source\GameData\PluginManager\PluginViewModel.cpp">
      <Filter>Code\Source\GameData\PluginManager</Filter>
    </ClCompile>
    <ClCompile Include="Source\GameData\PluginManager\BethesdaDisplayModel.cpp">
      <Filter>Code\Source\GameData\PluginManager</Filter>
    </ClCompile>
    <ClCompile Include="Source\GameData\PluginManager\LOOT API\LootAPI.cpp">
      <Filter>Code\Source\GameData\PluginManager\LOOT API</Filter>
    </ClCompile>
    <ClCompile Include="Source\GameData\ScreenshotsGallery\Workspace.cpp">
      <Filter>Code\Source\GameData\ScreenshotsGallery</Filter>
    </ClCompile>
    <ClCompile Include="Source\GameMods\KModFilesExplorerDialog.cpp">
      <Filter>Code\Source\GameMods</Filter>
    </ClCompile>
    <ClCompile Include="Source\GameMods\KModFilesExplorerModel.cpp">
      <Filter>Code\Source\GameMods</Filter>
    </ClCompile>
    <ClCompile Include="Source\GameMods\KModCollisionViewerModel.cpp">
      <Filter>Code\Source\GameMods</Filter>
    </ClCompile>
    <ClCompile Include="Source\GameData\PluginManager\BaseGamePlugin.cpp">
      <Filter>Code\Source\GameData\PluginManager</Filter>
    </ClCompile>
    <ClCompile Include="Source\GameData\PluginManager\BethesdaPluginReaderOblivion.cpp">
      <Filter>Code\Source\GameData\PluginManager</Filter>
    </ClCompile>
    <ClCompile Include="Source\GameData\PluginManager\BethesdaPluginReaderSkyrim.cpp">
      <Filter>Code\Source\GameData\PluginManager</Filter>
    </ClCompile>
    <ClCompile Include="Source\GameData\PluginManager\IGamePlugin.cpp">
      <Filter>Code\Source\GameData\PluginManager</Filter>
    </ClCompile>
    <ClCompile Include="Source\GameData\PluginManager\Common.cpp">
      <Filter>Code\Source\GameData\PluginManager</Filter>
    </ClCompile>
    <ClCompile Include="Source\GameData\PluginManager\BethesdaPluginReaderMorrowind.cpp">
      <Filter>Code\Source\GameData\PluginManager</Filter>
    </ClCompile>
    <ClCompile Include="Source\GameData\PluginManager\BethesdaPluginManager.cpp">
      <Filter>Code\Source\GameData\PluginManager</Filter>
    </ClCompile>
    <ClCompile Include="Source\GameData\PluginManager\BethesdaPluginManager2.cpp">
      <Filter>Code\Source\GameData\PluginManager</Filter>
    </ClCompile>
    <ClCompile Include="Source\GameData\PluginManager\BethesdaPluginManagerMW.cpp">
      <Filter>Code\Source\GameData\PluginManager</Filter>
    </ClCompile>
    <ClCompile Include="Source\GameMods\IGameMod.cpp">
      <Filter>Code\Source\GameMods</Filter>
    </ClCompile>
    <ClCompile Include="Source\GameMods\IModManager.cpp">
      <Filter>Code\Source\GameMods</Filter>
    </ClCompile>
    <ClCompile Include="Source\GameMods\ModManager\DefaultModManager.cpp">
      <Filter>Code\Source\GameMods\ModManager</Filter>
    </ClCompile>
    <ClCompile Include="Source\GameMods\ModManager\Workspace.cpp">
      <Filter>Code\Source\GameMods\ModManager</Filter>
    </ClCompile>
    <ClCompile Include="Source\GameMods\ModManager\BasicGameMod.cpp">
      <Filter>Code\Source\GameMods\ModManager</Filter>
    </ClCompile>
    <ClCompile Include="Source\GameMods\ModManager\PriorityGroup.cpp">
      <Filter>Code\Source\GameMods\ModManager</Filter>
    </ClCompile>
    <ClCompile Include="Source\GameMods\ModManager\DisplayModel.cpp">
      <Filter>Code\Source\GameMods\ModManager</Filter>
    </ClCompile>
    <ClCompile Include="Source\GameMods\FileTreeNode.cpp">
      <Filter>Code\Source\GameMods</Filter>
    </ClCompile>
    <ClCompile Include="Source\GameMods\IModDispatcher.cpp">
      <Filter>Code\Source\GameMods</Filter>
    </ClCompile>
    <ClCompile Include="Source\GameMods\ModManager\DefaultModDispatcher.cpp">
      <Filter>Code\Source\GameMods\ModManager</Filter>
    </ClCompile>
    <ClCompile Include="Source\GameMods\Import\ModImporterNMM.cpp">
      <Filter>Code\Source\GameMods\Import</Filter>
    </ClCompile>
    <ClCompile Include="Source\GameMods\Import\ModImporterMO.cpp">
      <Filter>Code\Source\GameMods\Import</Filter>
    </ClCompile>
    <ClCompile Include="Source\Network\NetworkManager\DefaultNetworkManager.cpp">
      <Filter>Code\Source\Network\NetworkManager</Filter>
    </ClCompile>
    <ClCompile Include="Source\Network\INetworkManager.cpp">
      <Filter>Code\Source\Network</Filter>
    </ClCompile>
    <ClCompile Include="Source\Network\IDownloadManager.cpp">
      <Filter>Code\Source\Network</Filter>
    </ClCompile>
    <ClCompile Include="Source\Network\IDownloadEntry.cpp">
      <Filter>Code\Source\Network</Filter>
    </ClCompile>
    <ClCompile Include="Source\Network\INetworkProvider.cpp">
      <Filter>Code\Source\Network</Filter>
    </ClCompile>
    <ClCompile Include="Source\Network\DownloadManager\DefaultDownloadManager.cpp">
      <Filter>Code\Source\Network\DownloadManager</Filter>
    </ClCompile>
    <ClCompile Include="Source\Network\DownloadManager\DefaultDownloadEntry.cpp">
      <Filter>Code\Source\Network\DownloadManager</Filter>
    </ClCompile>
    <ClCompile Include="Source\Network\DownloadManager\DisplayModel.cpp">
      <Filter>Code\Source\Network\DownloadManager</Filter>
    </ClCompile>
    <ClCompile Include="Source\Network\DownloadManager\Workspace.cpp">
      <Filter>Code\Source\Network\DownloadManager</Filter>
    </ClCompile>
    <ClCompile Include="Source\Network\Provider\LoversLab.cpp">
      <Filter>Code\Source\Network\Provider</Filter>
    </ClCompile>
    <ClCompile Include="Source\Network\Provider\Nexus.cpp">
      <Filter>Code\Source\Network\Provider</Filter>
    </ClCompile>
    <ClCompile Include="Source\Network\Provider\TESALL.cpp">
      <Filter>Code\Source\Network\Provider</Filter>
    </ClCompile>
    <ClCompile Include="Source\GameInstance\IGameInstance.cpp">
      <Filter>Code\Source\GameInstance</Filter>
    </ClCompile>
    <ClCompile Include="Source\GameInstance\IGameProfile.cpp">
      <Filter>Code\Source\GameInstance</Filter>
    </ClCompile>
    <ClCompile Include="Source\GameInstance\DefaultGameInstance.cpp">
      <Filter>Code\Source\GameInstance</Filter>
    </ClCompile>
    <ClCompile Include="Source\GameInstance\ActiveGameInstance.cpp">
      <Filter>Code\Source\GameInstance</Filter>
    </ClCompile>
    <ClCompile Include="Source\GameInstance\DefaultGameProfile.cpp">
      <Filter>Code\Source\GameInstance</Filter>
    </ClCompile>
    <ClCompile Include="Source\GameInstance\ProfileEditor.cpp">
      <Filter>Code\Source\GameInstance</Filter>
    </ClCompile>
    <ClCompile Include="Source\GameData\PluginManager\BasePluginManager.cpp">
      <Filter>Code\Source\GameData\PluginManager</Filter>
    </ClCompile>
    <ClCompile Include="Source\GameData\ScreenshotsGallery\DefaultScreenshotsGallery.cpp">
      <Filter>Code\Source\GameData\ScreenshotsGallery</Filter>
    </ClCompile>
    <ClCompile Include="Source\GameData\IScreenshotsGallery.cpp">
      <Filter>Code\Source\GameData</Filter>
    </ClCompile>
    <ClCompile Include="Source\GameData\IGameSave.cpp">
      <Filter>Code\Source\GameData</Filter>
    </ClCompile>
    <ClCompile Include="Source\GameData\SaveManager\BaseGameSave.cpp">
      <Filter>Code\Source\GameData\SaveManager</Filter>
    </ClCompile>
    <ClCompile Include="Source\GameData\SaveManager\DefaultSaveManager.cpp">
      <Filter>Code\Source\GameData\SaveManager</Filter>
    </ClCompile>
    <ClCompile Include="Source\GameData\ISaveManager.cpp">
      <Filter>Code\Source\GameData</Filter>
    </ClCompile>
    <ClCompile Include="Source\Application\IApplication.cpp">
      <Filter>Code\Source\Application</Filter>
    </ClCompile>
    <ClCompile Include="Source\GameInstance\GameID.cpp">
      <Filter>Code\Source\GameInstance</Filter>
    </ClCompile>
    <ClCompile Include="Source\Application\SystemApplication.cpp">
      <Filter>Code\Source\Application</Filter>
    </ClCompile>
    <ClCompile Include="Source\Application\DefaultApplication.cpp">
      <Filter>Code\Source\Application</Filter>
    </ClCompile>
    <ClCompile Include="Source\Events\SaveEvent.cpp">
      <Filter>Code\Source\Events</Filter>
    </ClCompile>
    <ClCompile Include="Source\Events\ProfileEvent.cpp">
      <Filter>Code\Source\Events</Filter>
    </ClCompile>
    <ClCompile Include="Source\Events\PluginEvent.cpp">
      <Filter>Code\Source\Events</Filter>
    </ClCompile>
    <ClCompile Include="Source\Events\ModEvent.cpp">
      <Filter>Code\Source\Events</Filter>
    </ClCompile>
    <ClCompile Include="Source\Events\LogEvent.cpp">
      <Filter>Code\Source\Events</Filter>
    </ClCompile>
    <ClCompile Include="Source\GameMods\VirtualGameFolder\DisplayModel.cpp">
      <Filter>Code\Source\GameMods\VirtualGameFolder</Filter>
    </ClCompile>
    <ClCompile Include="Source\GameMods\VirtualGameFolder\Workspace.cpp">
      <Filter>Code\Source\GameMods\VirtualGameFolder</Filter>
    </ClCompile>
    <ClCompile Include="Source\GameMods\ModStatistics\DisplayModel.cpp">
      <Filter>Code\Source\GameMods\ModStatistics</Filter>
    </ClCompile>
    <ClCompile Include="Source\GameMods\ModStatistics\Dialog.cpp">
      <Filter>Code\Source\GameMods\ModStatistics</Filter>
    </ClCompile>
    <ClCompile Include="Source\GameMods\ModStatistics\DefaultStatistics.cpp">
      <Filter>Code\Source\GameMods\ModStatistics</Filter>
    </ClCompile>
    <ClCompile Include="Source\GameMods\GameModsModule.cpp">
      <Filter>Code\Source\GameMods</Filter>
    </ClCompile>
    <ClCompile Include="Source\GameMods\IModTagManager.cpp">
      <Filter>Code\Source\GameMods</Filter>
    </ClCompile>
    <ClCompile Include="Source\GameMods\TagManager\DefaultTagManager.cpp">
      <Filter>Code\Source\GameMods\TagManager</Filter>
    </ClCompile>
    <ClCompile Include="Source\GameMods\TagManager\SelectorDisplayModelCB.cpp">
      <Filter>Code\Source\GameMods\TagManager</Filter>
    </ClCompile>
    <ClCompile Include="Source\GameMods\TagManager\SelectorDisplayModel.cpp">
      <Filter>Code\Source\GameMods\TagManager</Filter>
    </ClCompile>
    <ClCompile Include="Source\GameMods\TagManager\SelectorDialog.cpp">
      <Filter>Code\Source\GameMods\TagManager</Filter>
    </ClCompile>
    <ClCompile Include="Source\Network\NetworkModule.cpp">
      <Filter>Code\Source\Network</Filter>
    </ClCompile>
    <ClCompile Include="Source\GameData\GameDataModule.cpp">
      <Filter>Code\Source\GameData</Filter>
    </ClCompile>
    <ClCompile Include="Source\GameMods\ModTagStore.cpp">
      <Filter>Code\Source\GameMods</Filter>
    </ClCompile>
    <ClCompile Include="Source\GameMods\ModProvider\DisplayModel.cpp">
      <Filter>Code\Source\GameMods\ModProvider</Filter>
    </ClCompile>
    <ClCompile Include="Source\GameMods\ModProvider\Dialog.cpp">
      <Filter>Code\Source\GameMods\ModProvider</Filter>
    </ClCompile>
    <ClCompile Include="Source\GameMods\ModProvider\Store.cpp">
      <Filter>Code\Source\GameMods\ModProvider</Filter>
    </ClCompile>
    <ClCompile Include="Source\GameMods\ModProvider\Item.cpp">
      <Filter>Code\Source\GameMods\ModProvider</Filter>
    </ClCompile>
    <ClCompile Include="Source\GameMods\TagManager\DefaultTag.cpp">
      <Filter>Code\Source\GameMods\TagManager</Filter>
    </ClCompile>
    <ClCompile Include="Source\Application\INotification.cpp">
      <Filter>Code\Source\Application</Filter>
    </ClCompile>
    <ClCompile Include="Source\Application\INotificationCenter.cpp">
      <Filter>Code\Source\Application</Filter>
    </ClCompile>
    <ClCompile Include="Source\Application\Notification\DefaultNotificationCenter.cpp">
      <Filter>Code\Source\Application\Notification</Filter>
    </ClCompile>
    <ClCompile Include="Source\Application\Notification\DisplayModel.cpp">
      <Filter>Code\Source\Application\Notification</Filter>
    </ClCompile>
    <ClCompile Include="Source\Application\Notification\PopupWindow.cpp">
      <Filter>Code\Source\Application\Notification</Filter>
    </ClCompile>
    <ClCompile Include="Source\Application\Notification\SimpleNotification.cpp">
      <Filter>Code\Source\Application\Notification</Filter>
    </ClCompile>
    <ClCompile Include="Source\Application\Notification\BaseNotification.cpp">
      <Filter>Code\Source\Application\Notification</Filter>
    </ClCompile>
    <ClCompile Include="Source\Application\Theme\VisualStudio.cpp">
      <Filter>Code\Source\Application\Themes</Filter>
    </ClCompile>
    <ClCompile Include="Source\Application\Theme\Default.cpp">
      <Filter>Code\Source\Application\Themes</Filter>
    </ClCompile>
    <ClCompile Include="Source\Application\IThemeManager.cpp">
      <Filter>Code\Source\Application</Filter>
    </ClCompile>
    <ClCompile Include="Source\GameMods\IModImporter.cpp">
      <Filter>Code\Source\GameMods</Filter>
    </ClCompile>
    <ClCompile Include="Source\Application\IModule.cpp">
      <Filter>Code\Source\Application</Filter>
    </ClCompile>
    <ClCompile Include="Source\Application\IManager.cpp">
      <Filter>Code\Source\Application</Filter>
    </ClCompile>
    <ClCompile Include="Source\Application\Translation.cpp">
      <Filter>Code\Source\Application</Filter>
    </ClCompile>
    <ClCompile Include="Source\Application\VariablesTable\VariableValue.cpp">
      <Filter>Code\Source\Application\VariablesTable</Filter>
    </ClCompile>
    <ClCompile Include="Source\Application\VariablesTable\StaticVariableTable.cpp">
      <Filter>Code\Source\Application\VariablesTable</Filter>
    </ClCompile>
    <ClCompile Include="Source\Application\VariablesTable\DynamicVariableTable.cpp">
      <Filter>Code\Source\Application\VariablesTable</Filter>
    </ClCompile>
    <ClCompile Include="Source\Application\IVariableTable.cpp">
      <Filter>Code\Source\Application</Filter>
    </ClCompile>
    <ClCompile Include="Source\Application\Options\OptionSerializer.cpp">
      <Filter>Code\Source\Application\Option</Filter>
    </ClCompile>
    <ClCompile Include="Source\Application\IAppOption.cpp">
      <Filter>Code\Source\Application</Filter>
    </ClCompile>
    <ClCompile Include="Source\Application\Options\Option.cpp">
      <Filter>Code\Source\Application\Option</Filter>
    </ClCompile>
    <ClCompile Include="Source\Programs\IProgramEntry.cpp">
      <Filter>Code\Source\Programs</Filter>
    </ClCompile>
    <ClCompile Include="Source\Programs\IProgramManager.cpp">
      <Filter>Code\Source\Programs</Filter>
    </ClCompile>
    <ClCompile Include="Source\Programs\ProgramsModule.cpp">
      <Filter>Code\Source\Programs</Filter>
    </ClCompile>
    <ClCompile Include="Source\Programs\ProgramManager\Workspace.cpp">
      <Filter>Code\Source\Programs\ProgramManager</Filter>
    </ClCompile>
    <ClCompile Include="Source\Programs\ProgramManager\DisplayModel.cpp">
      <Filter>Code\Source\Programs\ProgramManager</Filter>
    </ClCompile>
    <ClCompile Include="Source\Programs\ProgramManager\DefaultProgramManager.cpp">
      <Filter>Code\Source\Programs\ProgramManager</Filter>
    </ClCompile>
    <ClCompile Include="Source\Programs\ProgramManager\DefaultProgramEntry.cpp">
      <Filter>Code\Source\Programs\ProgramManager</Filter>
    </ClCompile>
    <ClCompile Include="Source\GameMods\IModTag.cpp">
      <Filter>Code\Source\GameMods</Filter>
    </ClCompile>
    <ClCompile Include="Source\Application\About\Dialog.cpp">
      <Filter>Code\Source\Application\About</Filter>
    </ClCompile>
    <ClCompile Include="Source\Application\About\DisplayModel.cpp">
      <Filter>Code\Source\Application\About</Filter>
    </ClCompile>
    <ClCompile Include="Source\Application\About\DisplayModelNode.cpp">
      <Filter>Code\Source\Application\About</Filter>
    </ClCompile>
    <ClCompile Include="Source\GameMods\ModManager\VFSActivator.cpp">
      <Filter>Code\Source\GameMods\ModManager</Filter>
    </ClCompile>
    <ClCompile Include="Source\Events\VFSEvent.cpp">
      <Filter>Code\Source\Events</Filter>
    </ClCompile>
    <ClCompile Include="Source\VirtualFileSystem\DefaultVFSService.cpp">
      <Filter>Code\Source\VirtualFileSystem</Filter>
    </ClCompile>
    <ClCompile Include="Source\VirtualFileSystem\RecievingWindow.cpp">
      <Filter>Code\Source\VirtualFileSystem</Filter>
    </ClCompile>
    <ClCompile Include="Source\VirtualFileSystem\Convergence.cpp">
      <Filter>Code\Source\VirtualFileSystem</Filter>
    </ClCompile>
    <ClCompile Include="Source\VirtualFileSystem\Mirror.cpp">
      <Filter>Code\Source\VirtualFileSystem</Filter>
    </ClCompile>
    <ClCompile Include="Source\VirtualFileSystem\AbstractFS.cpp">
      <Filter>Code\Source\VirtualFileSystem</Filter>
    </ClCompile>
    <ClCompile Include="Source\VirtualFileSystem\MultiMirror.cpp">
      <Filter>Code\Source\VirtualFileSystem</Filter>
    </ClCompile>
    <ClCompile Include="..\Shared\IPC\FSController.cpp">
      <Filter>Shared Code\Source\IPC</Filter>
    </ClCompile>
    <ClCompile Include="..\Shared\IPC\MainApplication.cpp">
      <Filter>Shared Code\Source\IPC</Filter>
    </ClCompile>
    <ClCompile Include="..\Shared\IPC\MessageExchanger.cpp">
      <Filter>Shared Code\Source\IPC</Filter>
    </ClCompile>
    <ClCompile Include="..\Shared\IPC\ProcessingWindow.cpp">
      <Filter>Shared Code\Source\IPC</Filter>
    </ClCompile>
    <ClCompile Include="..\Shared\VirtualFileSystem\IVFSService.cpp">
      <Filter>Shared Code\Source\VirtualFileSystem</Filter>
    </ClCompile>
    <ClCompile Include="..\Shared\VirtualFileSystem\IVirtualFileSystem.cpp">
      <Filter>Shared Code\Source\VirtualFileSystem</Filter>
    </ClCompile>
    <ClCompile Include="Source\GameInstance\SelectionDialog.cpp">
      <Filter>Code\Source\GameInstance</Filter>
    </ClCompile>
  </ItemGroup>
  <ItemGroup>
    <ClInclude Include="Source\stdafx.h">
      <Filter>Code\Headers</Filter>
    </ClInclude>
    <ClInclude Include="Source\UI\KMainWindow.h">
      <Filter>Code\Headers\UI</Filter>
    </ClInclude>
    <ClInclude Include="Source\UI\KWorkspace.h">
      <Filter>Code\Headers\UI</Filter>
    </ClInclude>
    <ClInclude Include="Source\Utility\KImageProvider.h">
      <Filter>Code\Headers\Utility</Filter>
    </ClInclude>
    <ClInclude Include="Source\Utility\KAux.h">
      <Filter>Code\Headers\Utility</Filter>
    </ClInclude>
    <ClInclude Include="Source\Utility\KQuickThread.h">
      <Filter>Code\Headers\Utility</Filter>
    </ClInclude>
    <ClInclude Include="Source\Utility\KThemeManager.h">
      <Filter>Code\Headers\Utility</Filter>
    </ClInclude>
    <ClInclude Include="Source\Utility\KEntryRefT.h">
      <Filter>Code\Headers\Utility</Filter>
    </ClInclude>
    <ClInclude Include="Source\UI\KWorkspaceController.h">
      <Filter>Code\Headers\UI</Filter>
    </ClInclude>
    <ClInclude Include="Source\UI\KNewModDialog.h">
      <Filter>Code\Headers\UI</Filter>
    </ClInclude>
    <ClInclude Include="Source\SettingsWindow\KSettingsWindow.h">
      <Filter>Code\Headers\SettingsWindow</Filter>
    </ClInclude>
    <ClInclude Include="Source\UI\KImageViewerDialog.h">
      <Filter>Code\Headers\UI</Filter>
    </ClInclude>
    <ClInclude Include="Source\Utility\KLabeledValue.h">
      <Filter>Code\Headers\Utility</Filter>
    </ClInclude>
    <ClInclude Include="Source\UI\KTextEditorDialog.h">
      <Filter>Code\Headers\UI</Filter>
    </ClInclude>
    <ClInclude Include="Source\Utility\KSetEnabledWrapper.h">
      <Filter>Code\Headers\Utility</Filter>
    </ClInclude>
    <ClInclude Include="Source\PackageCreator\KPackageCreatorWorkspace.h">
      <Filter>Code\Headers\PackageCreator</Filter>
    </ClInclude>
    <ClInclude Include="Source\PackageCreator\KPackageCreatorPageBase.h">
      <Filter>Code\Headers\PackageCreator</Filter>
    </ClInclude>
    <ClInclude Include="Source\PackageCreator\KPackageCreatorPageInfo.h">
      <Filter>Code\Headers\PackageCreator</Filter>
    </ClInclude>
    <ClInclude Include="Source\PackageProject\KPackageProject.h">
      <Filter>Code\Headers\PackageProject</Filter>
    </ClInclude>
    <ClInclude Include="Source\PackageProject\KPackageProjectInfo.h">
      <Filter>Code\Headers\PackageProject</Filter>
    </ClInclude>
    <ClInclude Include="Source\PackageProject\KPackageProjectConfig.h">
      <Filter>Code\Headers\PackageProject</Filter>
    </ClInclude>
    <ClInclude Include="Source\PackageProject\KPackageProjectInterface.h">
      <Filter>Code\Headers\PackageProject</Filter>
    </ClInclude>
    <ClInclude Include="Source\PackageProject\KPackageProjectRequirements.h">
      <Filter>Code\Headers\PackageProject</Filter>
    </ClInclude>
    <ClInclude Include="Source\PackageProject\KPackageProjectPart.h">
      <Filter>Code\Headers\PackageProject</Filter>
    </ClInclude>
    <ClInclude Include="Source\PackageProject\KPackageProjectSerializer.h">
      <Filter>Code\Headers\PackageProject</Filter>
    </ClInclude>
    <ClInclude Include="Source\PackageProject\KPackageProjectSerializerKMP.h">
      <Filter>Code\Headers\PackageProject</Filter>
    </ClInclude>
    <ClInclude Include="Source\PackageCreator\KPackageCreatorController.h">
      <Filter>Code\Headers\PackageCreator</Filter>
    </ClInclude>
    <ClInclude Include="Source\PackageProject\KPackageProjectFileData.h">
      <Filter>Code\Headers\PackageProject</Filter>
    </ClInclude>
    <ClInclude Include="Source\PackageCreator\KPackageCreatorPageFileData.h">
      <Filter>Code\Headers\PackageCreator</Filter>
    </ClInclude>
    <ClInclude Include="Source\PackageCreator\KPackageCreatorPageInterface.h">
      <Filter>Code\Headers\PackageCreator</Filter>
    </ClInclude>
    <ClInclude Include="Source\PackageCreator\KPackageCreatorListModel.h">
      <Filter>Code\Headers\PackageCreator</Filter>
    </ClInclude>
    <ClInclude Include="Source\PackageCreator\KPackageCreatorVectorModel.h">
      <Filter>Code\Headers\PackageCreator</Filter>
    </ClInclude>
    <ClInclude Include="Source\PackageCreator\KPackageCreatorPageRequirements.h">
      <Filter>Code\Headers\PackageCreator</Filter>
    </ClInclude>
    <ClInclude Include="Source\PackageManager\KPackageManager.h">
      <Filter>Code\Headers\PackageManager</Filter>
    </ClInclude>
    <ClInclude Include="Source\PackageProject\KPackageProjectComponents.h">
      <Filter>Code\Headers\PackageProject</Filter>
    </ClInclude>
    <ClInclude Include="Source\PackageCreator\KPackageCreatorPageComponents.h">
      <Filter>Code\Headers\PackageCreator</Filter>
    </ClInclude>
    <ClInclude Include="Source\Utility\KWithIDName.h">
      <Filter>Code\Headers\Utility</Filter>
    </ClInclude>
    <ClInclude Include="Source\PackageProject\KPackageProjectDefs.h">
      <Filter>Code\Headers\PackageProject</Filter>
    </ClInclude>
    <ClInclude Include="Source\PackageCreator\PageRequirements\KPCREntriesListModel.h">
      <Filter>Code\Headers\PackageCreator\PageRequirements</Filter>
    </ClInclude>
    <ClInclude Include="Source\PackageCreator\PageInterface\KPCIImagesListModel.h">
      <Filter>Code\Headers\PackageCreator\PageInterface</Filter>
    </ClInclude>
    <ClInclude Include="Source\PackageCreator\PageInfo\KPCInfoTagsListModel.h">
      <Filter>Code\Headers\PackageCreator\PageInfo</Filter>
    </ClInclude>
    <ClInclude Include="Source\PackageCreator\PageFileData\KPCFileDataMainListModel.h">
      <Filter>Code\Headers\PackageCreator\PageFileData</Filter>
    </ClInclude>
    <ClInclude Include="Source\PackageCreator\PageFileData\KPCFileDataFolderContentModel.h">
      <Filter>Code\Headers\PackageCreator\PageFileData</Filter>
    </ClInclude>
    <ClInclude Include="Source\PackageCreator\PageComponents\KPCCFileDataSelectorModel.h">
      <Filter>Code\Headers\PackageCreator\PageComponents</Filter>
    </ClInclude>
    <ClInclude Include="Source\PackageCreator\PageComponents\KPCCRequirementsSelectorModel.h">
      <Filter>Code\Headers\PackageCreator\PageComponents</Filter>
    </ClInclude>
    <ClInclude Include="Source\PackageCreator\PageInfo\KPCInfoDocumentsModel.h">
      <Filter>Code\Headers\PackageCreator\PageInfo</Filter>
    </ClInclude>
    <ClInclude Include="Source\PackageProject\KPackageProjectSerializerFOMod.h">
      <Filter>Code\Headers\PackageProject</Filter>
    </ClInclude>
    <ClInclude Include="Source\PackageCreator\KPackageCreatorFOModIEDialog.h">
      <Filter>Code\Headers\PackageCreator</Filter>
    </ClInclude>
    <ClInclude Include="Source\Utility\KDataViewListModel.h">
      <Filter>Code\Headers\Utility</Filter>
    </ClInclude>
    <ClInclude Include="Source\PackageManager\KPackageManagerWorkspace.h">
      <Filter>Code\Headers\PackageManager</Filter>
    </ClInclude>
    <ClInclude Include="Source\PackageManager\KModPackage.h">
      <Filter>Code\Headers\PackageManager</Filter>
    </ClInclude>
    <ClInclude Include="Source\PackageCreator\PageComponents\KPCCConditionalStepsModel.h">
      <Filter>Code\Headers\PackageCreator\PageComponents</Filter>
    </ClInclude>
    <ClInclude Include="Source\PackageCreator\PageRequirements\KPCRGroupsModel.h">
      <Filter>Code\Headers\PackageCreator\PageRequirements</Filter>
    </ClInclude>
    <ClInclude Include="Source\PackageProject\KPackageProjectSerializerSMI.h">
      <Filter>Code\Headers\PackageProject</Filter>
    </ClInclude>
    <ClInclude Include="Source\Utility\KOperationWithProgress.h">
      <Filter>Code\Headers\Utility</Filter>
    </ClInclude>
    <ClInclude Include="Source\PackageCreator\KPackageCreatorBuilder.h">
      <Filter>Code\Headers\PackageCreator</Filter>
    </ClInclude>
    <ClInclude Include="Source\InstallWizard\KInstallWizardDialog.h">
      <Filter>Code\Headers\InstallWizard</Filter>
    </ClInclude>
    <ClInclude Include="Source\Utility\KTempFolderKeeper.h">
      <Filter>Code\Headers\Utility</Filter>
    </ClInclude>
    <ClInclude Include="Source\InstallWizard\KInstallWizardRequirementsModel.h">
      <Filter>Code\Headers\InstallWizard</Filter>
    </ClInclude>
    <ClInclude Include="Source\Utility\KDataViewTreeModel.h">
      <Filter>Code\Headers\Utility</Filter>
    </ClInclude>
    <ClInclude Include="Source\Utility\KDataViewModelBase.h">
      <Filter>Code\Headers\Utility</Filter>
    </ClInclude>
    <ClInclude Include="Source\InstallWizard\KInstallWizardComponnetsModel.h">
      <Filter>Code\Headers\InstallWizard</Filter>
    </ClInclude>
    <ClInclude Include="Source\InstallWizard\KInstallWizardComponnetsModelNode.h">
      <Filter>Code\Headers\InstallWizard</Filter>
    </ClInclude>
    <ClInclude Include="Source\InstallWizard\KInstallWizardStepStack.h">
      <Filter>Code\Headers\InstallWizard</Filter>
    </ClInclude>
    <ClInclude Include="Source\InstallWizard\KInstallWizardDefs.h">
      <Filter>Code\Headers\InstallWizard</Filter>
    </ClInclude>
    <ClInclude Include="Source\Archive\KArchive.h">
      <Filter>Code\Headers\Archive</Filter>
    </ClInclude>
    <ClInclude Include="Source\Utility\KWithBitmap.h">
      <Filter>Code\Headers\Utility</Filter>
    </ClInclude>
    <ClInclude Include="Source\InstallWizard\KInstallWizardInfoModel.h">
      <Filter>Code\Headers\InstallWizard</Filter>
    </ClInclude>
    <ClInclude Include="Source\Utility\KUnsortedUnique.h">
      <Filter>Code\Headers\Utility</Filter>
    </ClInclude>
    <ClInclude Include="Resource.h">
      <Filter>Code\Headers</Filter>
    </ClInclude>
    <ClInclude Include="Source\PackageManager\KPackageManagerListModel.h">
      <Filter>Code\Headers\PackageManager</Filter>
    </ClInclude>
    <ClInclude Include="Source\PackageCreator\PageInfo\KPCInfoSitesModel.h">
      <Filter>Code\Headers\PackageCreator\PageInfo</Filter>
    </ClInclude>
    <ClInclude Include="Source\PackageCreator\KPackageCreatorIDTracker.h">
      <Filter>Code\Headers\PackageCreator</Filter>
    </ClInclude>
    <ClInclude Include="Source\PackageCreator\PageInfo\KPCInfoAdditionalInfoModel.h">
      <Filter>Code\Headers\PackageCreator\PageInfo</Filter>
    </ClInclude>
    <ClInclude Include="Source\PackageCreator\PageComponents\KPCComponentsModel.h">
      <Filter>Code\Headers\PackageCreator\PageComponents</Filter>
    </ClInclude>
    <ClInclude Include="Source\PackageCreator\PageComponents\KPCComponentsModelNode.h">
      <Filter>Code\Headers\PackageCreator\PageComponents</Filter>
    </ClInclude>
    <ClInclude Include="Source\Utility\KINetFSHandler.h">
      <Filter>Code\Headers\Utility</Filter>
    </ClInclude>
    <ClInclude Include="Source\Utility\KBitmapSize.h">
      <Filter>Code\Headers\Utility</Filter>
    </ClInclude>
    <ClInclude Include="Source\Archive\KBethesdaArchive.h">
      <Filter>Code\Headers\Archive</Filter>
    </ClInclude>
    <ClInclude Include="Source\UI\KInstanceCreatorDialog.h">
      <Filter>Code\Headers\UI</Filter>
    </ClInclude>
    <ClInclude Include="Source\GameInstance\Config\KLocationsManagerConfig.h">
      <Filter>Code\Headers\GameInstance\Config</Filter>
    </ClInclude>
    <ClInclude Include="Source\Utility\KUPtrVectorUtil.h">
      <Filter>Code\Headers\Utility</Filter>
    </ClInclude>
    <ClInclude Include="Source\Utility\KVectorForwarder.h">
      <Filter>Code\Headers\Utility</Filter>
    </ClInclude>
    <ClInclude Include="Source\PackageCreator\PageComponents\KPCCAssignedConditionalsEditor.h">
      <Filter>Code\Headers\PackageCreator\PageComponents</Filter>
    </ClInclude>
    <ClInclude Include="Source\PackageCreator\PageComponents\KPCCConditionGroupEditor.h">
      <Filter>Code\Headers\PackageCreator\PageComponents</Filter>
    </ClInclude>
    <ClInclude Include="Source\GameData\SaveManager\EmptySaveFile.h">
      <Filter>Code\Headers\GameData\SaveManager</Filter>
    </ClInclude>
    <ClInclude Include="Source\GameData\SaveManager\BethesdaSave\Oblivion.h">
      <Filter>Code\Headers\GameData\SaveManager\BethesdaSave</Filter>
    </ClInclude>
    <ClInclude Include="Source\GameData\SaveManager\BethesdaSave\Skyrim.h">
      <Filter>Code\Headers\GameData\SaveManager\BethesdaSave</Filter>
    </ClInclude>
    <ClInclude Include="Source\GameData\SaveManager\BethesdaSave\SkyrimSE.h">
      <Filter>Code\Headers\GameData\SaveManager\BethesdaSave</Filter>
    </ClInclude>
    <ClInclude Include="Source\GameData\SaveManager\BethesdaSave\Fallout3.h">
      <Filter>Code\Headers\GameData\SaveManager\BethesdaSave</Filter>
    </ClInclude>
    <ClInclude Include="Source\GameData\SaveManager\BethesdaSave\Fallout4.h">
      <Filter>Code\Headers\GameData\SaveManager\BethesdaSave</Filter>
    </ClInclude>
    <ClInclude Include="Source\GameData\SaveManager\BethesdaSave\FalloutNV.h">
      <Filter>Code\Headers\GameData\SaveManager\BethesdaSave</Filter>
    </ClInclude>
    <ClInclude Include="Source\GameData\SaveManager\BethesdaSave\Morrowind.h">
      <Filter>Code\Headers\GameData\SaveManager\BethesdaSave</Filter>
    </ClInclude>
    <ClInclude Include="Source\GameData\SaveManager\DisplayModel.h">
      <Filter>Code\Headers\GameData\SaveManager</Filter>
    </ClInclude>
    <ClInclude Include="Source\GameData\SaveManager\Workspace.h">
      <Filter>Code\Headers\GameData\SaveManager</Filter>
    </ClInclude>
    <ClInclude Include="Source\GameData\SaveManager\BethesdaSave\BaseSave.h">
      <Filter>Code\Headers\GameData\SaveManager\BethesdaSave</Filter>
    </ClInclude>
    <ClInclude Include="Source\GameData\PluginManager\BethesdaPlugin.h">
      <Filter>Code\Headers\GameData\PluginManager</Filter>
    </ClInclude>
    <ClInclude Include="Source\GameData\PluginManager\BethesdaPlugin2.h">
      <Filter>Code\Headers\GameData\PluginManager</Filter>
    </ClInclude>
    <ClInclude Include="Source\GameData\PluginManager\IPluginManager.h">
      <Filter>Code\Headers\GameData\PluginManager</Filter>
    </ClInclude>
    <ClInclude Include="Source\GameData\PluginManager\Workspace.h">
      <Filter>Code\Headers\GameData\PluginManager</Filter>
    </ClInclude>
    <ClInclude Include="Source\GameData\PluginManager\IPluginReader.h">
      <Filter>Code\Headers\GameData\PluginManager</Filter>
    </ClInclude>
    <ClInclude Include="Source\GameData\PluginManager\PluginViewModel.h">
      <Filter>Code\Headers\GameData\PluginManager</Filter>
    </ClInclude>
    <ClInclude Include="Source\GameData\PluginManager\BethesdaDisplayModel.h">
      <Filter>Code\Headers\GameData\PluginManager</Filter>
    </ClInclude>
    <ClInclude Include="Source\GameData\PluginManager\IDisplayModel.h">
      <Filter>Code\Headers\GameData\PluginManager</Filter>
    </ClInclude>
    <ClInclude Include="Source\GameData\PluginManager\LOOT API\LootAPI.h">
      <Filter>Code\Headers\GameData\PluginManager\LOOT API</Filter>
    </ClInclude>
    <ClInclude Include="Source\GameData\ScreenshotsGallery\Workspace.h">
      <Filter>Code\Headers\GameData\ScreenshotsGallery</Filter>
    </ClInclude>
    <ClInclude Include="Source\GameMods\KModFilesExplorerModel.h">
      <Filter>Code\Headers\GameMods</Filter>
    </ClInclude>
    <ClInclude Include="Source\GameMods\KModCollisionViewerModel.h">
      <Filter>Code\Headers\GameMods</Filter>
    </ClInclude>
    <ClInclude Include="Source\GameMods\KModFilesExplorerDialog.h">
      <Filter>Code\Headers\GameMods</Filter>
    </ClInclude>
    <ClInclude Include="Source\GameData\PluginManager\IGamePlugin.h">
      <Filter>Code\Headers\GameData\PluginManager</Filter>
    </ClInclude>
    <ClInclude Include="Source\GameData\PluginManager\BaseGamePlugin.h">
      <Filter>Code\Headers\GameData\PluginManager</Filter>
    </ClInclude>
    <ClInclude Include="Source\GameData\PluginManager\IBethesdaGamePlugin.h">
      <Filter>Code\Headers\GameData\PluginManager</Filter>
    </ClInclude>
    <ClInclude Include="Source\GameData\PluginManager\IBethesdaPluginReader.h">
      <Filter>Code\Headers\GameData\PluginManager</Filter>
    </ClInclude>
    <ClInclude Include="Source\GameData\PluginManager\BethesdaPluginReaderOblivion.h">
      <Filter>Code\Headers\GameData\PluginManager</Filter>
    </ClInclude>
    <ClInclude Include="Source\GameData\PluginManager\BethesdaPluginReaderSkyrim.h">
      <Filter>Code\Headers\GameData\PluginManager</Filter>
    </ClInclude>
    <ClInclude Include="Source\GameData\PluginManager\Common.h">
      <Filter>Code\Headers\GameData\PluginManager</Filter>
    </ClInclude>
    <ClInclude Include="Source\GameData\PluginManager\BethesdaPluginReaderMorrowind.h">
      <Filter>Code\Headers\GameData\PluginManager</Filter>
    </ClInclude>
    <ClInclude Include="Source\GameData\PluginManager\BethesdaPluginManager.h">
      <Filter>Code\Headers\GameData\PluginManager</Filter>
    </ClInclude>
    <ClInclude Include="Source\GameData\PluginManager\BethesdaPluginManager2.h">
      <Filter>Code\Headers\GameData\PluginManager</Filter>
    </ClInclude>
    <ClInclude Include="Source\GameData\PluginManager\BethesdaPluginManagerMW.h">
      <Filter>Code\Headers\GameData\PluginManager</Filter>
    </ClInclude>
    <ClInclude Include="Source\GameMods\IGameMod.h">
      <Filter>Code\Headers\GameMods</Filter>
    </ClInclude>
    <ClInclude Include="Source\GameMods\IModManager.h">
      <Filter>Code\Headers\GameMods</Filter>
    </ClInclude>
    <ClInclude Include="Source\GameMods\ModManager\DefaultModManager.h">
      <Filter>Code\Headers\GameMods\ModManager</Filter>
    </ClInclude>
    <ClInclude Include="Source\GameMods\ModManager\Workspace.h">
      <Filter>Code\Headers\GameMods\ModManager</Filter>
    </ClInclude>
    <ClInclude Include="Source\GameMods\ModManager\BasicGameMod.h">
      <Filter>Code\Headers\GameMods\ModManager</Filter>
    </ClInclude>
    <ClInclude Include="Source\GameMods\ModManager\MandatoryModEntry.h">
      <Filter>Code\Headers\GameMods\ModManager</Filter>
    </ClInclude>
    <ClInclude Include="Source\GameMods\ModManager\FixedGameMod.h">
      <Filter>Code\Headers\GameMods\ModManager</Filter>
    </ClInclude>
    <ClInclude Include="Source\GameMods\ModManager\PriorityGroup.h">
      <Filter>Code\Headers\GameMods\ModManager</Filter>
    </ClInclude>
    <ClInclude Include="Source\GameMods\ModManager\DefaultDispatcher.h">
      <Filter>Code\Headers\GameMods\ModManager</Filter>
    </ClInclude>
    <ClInclude Include="Source\GameMods\ModManager\DisplayModel.h">
      <Filter>Code\Headers\GameMods\ModManager</Filter>
    </ClInclude>
    <ClInclude Include="Source\GameMods\ModManager\DisplayModelNode.h">
      <Filter>Code\Headers\GameMods\ModManager</Filter>
    </ClInclude>
    <ClInclude Include="Source\GameMods\FileTreeNode.h">
      <Filter>Code\Headers\GameMods</Filter>
    </ClInclude>
    <ClInclude Include="Source\GameMods\IModDispatcher.h">
      <Filter>Code\Headers\GameMods</Filter>
    </ClInclude>
    <ClInclude Include="Source\GameMods\Import\ModImporterNMM.h">
      <Filter>Code\Headers\GameMods\Import</Filter>
    </ClInclude>
    <ClInclude Include="Source\GameMods\Import\ModImporterMO.h">
      <Filter>Code\Headers\GameMods\Import</Filter>
    </ClInclude>
    <ClInclude Include="Source\Network\NetworkManager\DefaultNetworkManager.h">
      <Filter>Code\Headers\Network\NetworkManager</Filter>
    </ClInclude>
    <ClInclude Include="Source\Network\INetworkManager.h">
      <Filter>Code\Headers\Network</Filter>
    </ClInclude>
    <ClInclude Include="Source\Network\IDownloadManager.h">
      <Filter>Code\Headers\Network</Filter>
    </ClInclude>
    <ClInclude Include="Source\Network\IDownloadEntry.h">
      <Filter>Code\Headers\Network</Filter>
    </ClInclude>
    <ClInclude Include="Source\Network\INetworkProvider.h">
      <Filter>Code\Headers\Network</Filter>
    </ClInclude>
    <ClInclude Include="Source\Network\NetworkProviderReply.h">
      <Filter>Code\Headers\Network</Filter>
    </ClInclude>
    <ClInclude Include="Source\Network\DownloadManager\DefaultDownloadManager.h">
      <Filter>Code\Headers\Network\DownloadManager</Filter>
    </ClInclude>
    <ClInclude Include="Source\Network\DownloadManager\DefaultDownloadEntry.h">
      <Filter>Code\Headers\Network\DownloadManager</Filter>
    </ClInclude>
    <ClInclude Include="Source\Network\DownloadManager\DisplayModel.h">
      <Filter>Code\Headers\Network\DownloadManager</Filter>
    </ClInclude>
    <ClInclude Include="Source\Network\DownloadManager\Workspace.h">
      <Filter>Code\Headers\Network\DownloadManager</Filter>
    </ClInclude>
    <ClInclude Include="Source\Network\Provider\LoversLab.h">
      <Filter>Code\Headers\Network\Provider</Filter>
    </ClInclude>
    <ClInclude Include="Source\Network\Provider\LoversLabModInfo.h">
      <Filter>Code\Headers\Network\Provider</Filter>
    </ClInclude>
    <ClInclude Include="Source\Network\Provider\Nexus.h">
      <Filter>Code\Headers\Network\Provider</Filter>
    </ClInclude>
    <ClInclude Include="Source\Network\Provider\NexusModInfo.h">
      <Filter>Code\Headers\Network\Provider</Filter>
    </ClInclude>
    <ClInclude Include="Source\Network\Provider\TESALL.h">
      <Filter>Code\Headers\Network\Provider</Filter>
    </ClInclude>
    <ClInclude Include="Source\Network\Provider\TESALLModInfo.h">
      <Filter>Code\Headers\Network\Provider</Filter>
    </ClInclude>
    <ClInclude Include="Source\GameInstance\IGameInstance.h">
      <Filter>Code\Headers\GameInstance</Filter>
    </ClInclude>
    <ClInclude Include="Source\GameInstance\Util.h">
      <Filter>Code\Headers\GameInstance</Filter>
    </ClInclude>
    <ClInclude Include="Source\GameInstance\IGameProfile.h">
      <Filter>Code\Headers\GameInstance</Filter>
    </ClInclude>
    <ClInclude Include="Source\GameInstance\DefaultGameInstance.h">
      <Filter>Code\Headers\GameInstance</Filter>
    </ClInclude>
    <ClInclude Include="Source\GameInstance\ActiveGameInstance.h">
      <Filter>Code\Headers\GameInstance</Filter>
    </ClInclude>
    <ClInclude Include="Source\GameInstance\DefaultGameProfile.h">
      <Filter>Code\Headers\GameInstance</Filter>
    </ClInclude>
    <ClInclude Include="Source\GameInstance\ProfileEditor.h">
      <Filter>Code\Headers\GameInstance</Filter>
    </ClInclude>
    <ClInclude Include="Source\GameData\PluginManager\BasePluginManager.h">
      <Filter>Code\Headers\GameData\PluginManager</Filter>
    </ClInclude>
    <ClInclude Include="Include\Kortex\Common\Network.hpp">
      <Filter>Code\Include\Common</Filter>
    </ClInclude>
    <ClInclude Include="Source\GameData\ScreenshotsGallery\DefaultScreenshotsGallery.h">
      <Filter>Code\Headers\GameData\ScreenshotsGallery</Filter>
    </ClInclude>
    <ClInclude Include="Source\GameData\IScreenshotsGallery.h">
      <Filter>Code\Headers\GameData</Filter>
    </ClInclude>
    <ClInclude Include="Source\GameData\IGameSave.h">
      <Filter>Code\Headers\GameData</Filter>
    </ClInclude>
    <ClInclude Include="Source\GameData\SaveManager\BaseGameSave.h">
      <Filter>Code\Headers\GameData\SaveManager</Filter>
    </ClInclude>
    <ClInclude Include="Source\GameData\SaveManager\IBethesdaGameSave.h">
      <Filter>Code\Headers\GameData\SaveManager</Filter>
    </ClInclude>
    <ClInclude Include="Source\GameData\SaveManager\DefaultSaveManager.h">
      <Filter>Code\Headers\GameData\SaveManager</Filter>
    </ClInclude>
    <ClInclude Include="Source\GameData\ISaveManager.h">
      <Filter>Code\Headers\GameData</Filter>
    </ClInclude>
    <ClInclude Include="Source\Application\IApplication.h">
      <Filter>Code\Headers\Application</Filter>
    </ClInclude>
    <ClInclude Include="Source\GameInstance\GameID.h">
      <Filter>Code\Headers\GameInstance</Filter>
    </ClInclude>
    <ClInclude Include="Source\Application\SystemApplication.h">
      <Filter>Code\Headers\Application</Filter>
    </ClInclude>
    <ClInclude Include="Source\Application\DefaultApplication.h">
      <Filter>Code\Headers\Application</Filter>
    </ClInclude>
    <ClInclude Include="Source\Events\SaveEvent.h">
      <Filter>Code\Headers\Events</Filter>
    </ClInclude>
    <ClInclude Include="Source\Events\ProfileEvent.h">
      <Filter>Code\Headers\Events</Filter>
    </ClInclude>
    <ClInclude Include="Source\Events\PluginEvent.h">
      <Filter>Code\Headers\Events</Filter>
    </ClInclude>
    <ClInclude Include="Source\Events\ModEvent.h">
      <Filter>Code\Headers\Events</Filter>
    </ClInclude>
    <ClInclude Include="Source\Events\LogEvent.h">
      <Filter>Code\Headers\Events</Filter>
    </ClInclude>
    <ClInclude Include="Source\Events\IEvent.h">
      <Filter>Code\Headers\Events</Filter>
    </ClInclude>
    <ClInclude Include="Source\GameMods\VirtualGameFolder\DisplayModel.h">
      <Filter>Code\Headers\GameMods\VirtualGameFolder</Filter>
    </ClInclude>
    <ClInclude Include="Source\GameMods\VirtualGameFolder\Workspace.h">
      <Filter>Code\Headers\GameMods\VirtualGameFolder</Filter>
    </ClInclude>
    <ClInclude Include="Source\GameMods\ModStatistics\DisplayModel.h">
      <Filter>Code\Headers\GameMods\ModStatistics</Filter>
    </ClInclude>
    <ClInclude Include="Source\GameMods\ModStatistics\Dialog.h">
      <Filter>Code\Headers\GameMods\ModStatistics</Filter>
    </ClInclude>
    <ClInclude Include="Source\GameMods\IModStatistics.h">
      <Filter>Code\Headers\GameMods</Filter>
    </ClInclude>
    <ClInclude Include="Source\GameMods\ModStatistics\DefaultStatistics.h">
      <Filter>Code\Headers\GameMods\ModStatistics</Filter>
    </ClInclude>
    <ClInclude Include="Source\GameMods\GameModsModule.h">
      <Filter>Code\Headers\GameMods</Filter>
    </ClInclude>
    <ClInclude Include="Source\GameMods\IModTagManager.h">
      <Filter>Code\Headers\GameMods</Filter>
    </ClInclude>
    <ClInclude Include="Source\GameMods\IModTag.h">
      <Filter>Code\Headers\GameMods</Filter>
    </ClInclude>
    <ClInclude Include="Source\GameMods\TagManager\DefaultTagManager.h">
      <Filter>Code\Headers\GameMods\TagManager</Filter>
    </ClInclude>
    <ClInclude Include="Source\GameMods\TagManager\SelectorDisplayModel.h">
      <Filter>Code\Headers\GameMods\TagManager</Filter>
    </ClInclude>
    <ClInclude Include="Source\GameMods\TagManager\SelectorDisplayModelCB.h">
      <Filter>Code\Headers\GameMods\TagManager</Filter>
    </ClInclude>
    <ClInclude Include="Source\GameMods\TagManager\SelectorDialog.h">
      <Filter>Code\Headers\GameMods\TagManager</Filter>
    </ClInclude>
    <ClInclude Include="Source\Network\NetworkModule.h">
      <Filter>Code\Headers\Network</Filter>
    </ClInclude>
    <ClInclude Include="Source\GameData\GameDataModule.h">
      <Filter>Code\Headers\GameData</Filter>
    </ClInclude>
    <ClInclude Include="Source\Utility\Collection.h">
      <Filter>Code\Headers\Utility</Filter>
    </ClInclude>
    <ClInclude Include="Include\Kortex\Common\GameMods.hpp">
      <Filter>Code\Include\Common</Filter>
    </ClInclude>
    <ClInclude Include="Source\GameMods\ModTagStore.h">
      <Filter>Code\Headers\GameMods</Filter>
    </ClInclude>
    <ClInclude Include="Source\GameMods\ModProvider\DisplayModel.h">
      <Filter>Code\Headers\GameMods\ModProvider</Filter>
    </ClInclude>
    <ClInclude Include="Source\GameMods\ModProvider\Dialog.h">
      <Filter>Code\Headers\GameMods\ModProvider</Filter>
    </ClInclude>
    <ClInclude Include="Source\GameMods\ModProvider\Store.h">
      <Filter>Code\Headers\GameMods\ModProvider</Filter>
    </ClInclude>
    <ClInclude Include="Source\GameMods\ModProvider\Item.h">
      <Filter>Code\Headers\GameMods\ModProvider</Filter>
    </ClInclude>
    <ClInclude Include="Source\GameMods\TagManager\DefaultTag.h">
      <Filter>Code\Headers\GameMods\TagManager</Filter>
    </ClInclude>
    <ClInclude Include="Source\Application\INotification.h">
      <Filter>Code\Headers\Application</Filter>
    </ClInclude>
    <ClInclude Include="Source\Application\INotificationCenter.h">
      <Filter>Code\Headers\Application</Filter>
    </ClInclude>
    <ClInclude Include="Source\Application\Notification\BaseNotification.h">
      <Filter>Code\Headers\Application\Notification</Filter>
    </ClInclude>
    <ClInclude Include="Source\Application\Notification\DefaultNotificationCenter.h">
      <Filter>Code\Headers\Application\Notification</Filter>
    </ClInclude>
    <ClInclude Include="Source\Application\Notification\DisplayModel.h">
      <Filter>Code\Headers\Application\Notification</Filter>
    </ClInclude>
    <ClInclude Include="Source\Application\Notification\PopupWindow.h">
      <Filter>Code\Headers\Application\Notification</Filter>
    </ClInclude>
    <ClInclude Include="Source\Application\Notification\SimpleNotification.h">
      <Filter>Code\Headers\Application\Notification</Filter>
    </ClInclude>
    <ClInclude Include="Source\Application\IThemeManager.h">
      <Filter>Code\Headers\Application</Filter>
    </ClInclude>
    <ClInclude Include="Source\Application\Theme\Default.h">
      <Filter>Code\Headers\Application\Themes</Filter>
    </ClInclude>
    <ClInclude Include="Source\Application\Theme\VisualStudio.h">
      <Filter>Code\Headers\Application\Themes</Filter>
    </ClInclude>
    <ClInclude Include="Source\GameMods\IModImporter.h">
      <Filter>Code\Headers\GameMods</Filter>
    </ClInclude>
    <ClInclude Include="Source\Application\Module\ManagerInfo.h">
      <Filter>Code\Headers\Application\Module</Filter>
    </ClInclude>
    <ClInclude Include="Source\Application\Module\ModuleInfo.h">
      <Filter>Code\Headers\Application\Module</Filter>
    </ClInclude>
    <ClInclude Include="Source\Application\IManager.h">
      <Filter>Code\Headers\Application</Filter>
    </ClInclude>
    <ClInclude Include="Source\Application\IModule.h">
      <Filter>Code\Headers\Application</Filter>
    </ClInclude>
    <ClInclude Include="Source\Application\IPluggableManager.h">
      <Filter>Code\Headers\Application</Filter>
    </ClInclude>
    <ClInclude Include="Source\Application\Translation.h">
      <Filter>Code\Headers\Application</Filter>
    </ClInclude>
    <ClInclude Include="Include\Kortex\Application.hpp">
      <Filter>Code\Include\Components</Filter>
    </ClInclude>
    <ClInclude Include="Include\Kortex\DownloadManager.hpp">
      <Filter>Code\Include\Components</Filter>
    </ClInclude>
    <ClInclude Include="Include\Kortex\Events.hpp">
      <Filter>Code\Include\Components</Filter>
    </ClInclude>
    <ClInclude Include="Include\Kortex\GameInstance.hpp">
      <Filter>Code\Include\Components</Filter>
    </ClInclude>
    <ClInclude Include="Include\Kortex\ModImporter.hpp">
      <Filter>Code\Include\Components</Filter>
    </ClInclude>
    <ClInclude Include="Include\Kortex\ModManager.hpp">
      <Filter>Code\Include\Components</Filter>
    </ClInclude>
    <ClInclude Include="Include\Kortex\ModProvider.hpp">
      <Filter>Code\Include\Components</Filter>
    </ClInclude>
    <ClInclude Include="Include\Kortex\ModStatistics.hpp">
      <Filter>Code\Include\Components</Filter>
    </ClInclude>
    <ClInclude Include="Include\Kortex\ModTagManager.hpp">
      <Filter>Code\Include\Components</Filter>
    </ClInclude>
    <ClInclude Include="Include\Kortex\NetworkManager.hpp">
      <Filter>Code\Include\Components</Filter>
    </ClInclude>
    <ClInclude Include="Include\Kortex\Notification.hpp">
      <Filter>Code\Include\Components</Filter>
    </ClInclude>
    <ClInclude Include="Include\Kortex\PluginManager.hpp">
      <Filter>Code\Include\Components</Filter>
    </ClInclude>
    <ClInclude Include="Include\Kortex\SaveManager.hpp">
      <Filter>Code\Include\Components</Filter>
    </ClInclude>
    <ClInclude Include="Include\Kortex\ScreenshotsGallery.hpp">
      <Filter>Code\Include\Components</Filter>
    </ClInclude>
    <ClInclude Include="Include\Kortex\Theme.hpp">
      <Filter>Code\Include\Components</Filter>
    </ClInclude>
    <ClInclude Include="Include\Kortex\Translation.hpp">
      <Filter>Code\Include\Components</Filter>
    </ClInclude>
    <ClInclude Include="Include\Kortex\Utility.hpp">
      <Filter>Code\Include\Components</Filter>
    </ClInclude>
    <ClInclude Include="Include\Kortex\VirtualGameFolder.hpp">
      <Filter>Code\Include\Components</Filter>
    </ClInclude>
    <ClInclude Include="Source\Application\RTTI.h">
      <Filter>Code\Headers\Application</Filter>
    </ClInclude>
    <ClInclude Include="Include\Kortex\Core.hpp">
      <Filter>Code\Include</Filter>
    </ClInclude>
    <ClInclude Include="Source\Application\VariablesTable\VariableValue.h">
      <Filter>Code\Headers\Application\VariablesTable</Filter>
    </ClInclude>
    <ClInclude Include="Source\Application\VariablesTable\StaticVariableTable.h">
      <Filter>Code\Headers\Application\VariablesTable</Filter>
    </ClInclude>
    <ClInclude Include="Source\Application\VariablesTable\DynamicVariableTable.h">
      <Filter>Code\Headers\Application\VariablesTable</Filter>
    </ClInclude>
    <ClInclude Include="Source\Application\IVariableTable.h">
      <Filter>Code\Headers\Application</Filter>
    </ClInclude>
    <ClInclude Include="Source\Application\VariablesTable\VariableValueInternals.h">
      <Filter>Code\Headers\Application\VariablesTable</Filter>
    </ClInclude>
    <ClInclude Include="Source\Application\VariablesTable\VariablesDatabase.h">
      <Filter>Code\Headers\Application\VariablesTable</Filter>
    </ClInclude>
    <ClInclude Include="Source\Application\Options\OptionSerializer.h">
      <Filter>Code\Headers\Application\Option</Filter>
    </ClInclude>
    <ClInclude Include="Source\Application\IAppOption.h">
      <Filter>Code\Headers\Application</Filter>
    </ClInclude>
    <ClInclude Include="Source\Application\Options\Option.h">
      <Filter>Code\Headers\Application\Option</Filter>
    </ClInclude>
    <ClInclude Include="Source\Application\Options\OptionDatabase.h">
      <Filter>Code\Headers\Application\Option</Filter>
    </ClInclude>
    <ClInclude Include="Include\Kortex\ApplicationOptions.hpp">
      <Filter>Code\Include\Components</Filter>
    </ClInclude>
    <ClInclude Include="Source\Programs\IProgramEntry.h">
      <Filter>Code\Headers\Programs</Filter>
    </ClInclude>
    <ClInclude Include="Source\Programs\IProgramManager.h">
      <Filter>Code\Headers\Programs</Filter>
    </ClInclude>
    <ClInclude Include="Source\Programs\ProgramsModule.h">
      <Filter>Code\Headers\Programs</Filter>
    </ClInclude>
    <ClInclude Include="Include\Kortex\ProgramManager.hpp">
      <Filter>Code\Include\Components</Filter>
    </ClInclude>
    <ClInclude Include="Include\Kortex\Common\Programs.hpp">
      <Filter>Code\Include\Common</Filter>
    </ClInclude>
    <ClInclude Include="Source\Programs\ProgramManager\Workspace.h">
      <Filter>Code\Headers\Programs\ProgramManager</Filter>
    </ClInclude>
    <ClInclude Include="Source\Programs\ProgramManager\DisplayModel.h">
      <Filter>Code\Headers\Programs\ProgramManager</Filter>
    </ClInclude>
    <ClInclude Include="Source\Programs\ProgramManager\DefaultProgramManager.h">
      <Filter>Code\Headers\Programs\ProgramManager</Filter>
    </ClInclude>
    <ClInclude Include="Source\Programs\ProgramManager\DefaultProgramEntry.h">
      <Filter>Code\Headers\Programs\ProgramManager</Filter>
    </ClInclude>
    <ClInclude Include="Include\Kortex\Common\Packages.hpp">
      <Filter>Code\Include\Common</Filter>
    </ClInclude>
    <ClInclude Include="Include\Kortex\Common\GameData.hpp">
      <Filter>Code\Include\Common</Filter>
    </ClInclude>
    <ClInclude Include="Source\Application\Options\Macros.h">
      <Filter>Code\Headers\Application\Option</Filter>
    </ClInclude>
    <ClInclude Include="Source\Network\Common.h">
      <Filter>Code\Headers\Network</Filter>
    </ClInclude>
    <ClInclude Include="Source\Utility\UniqueID.h">
      <Filter>Code\Headers\Utility</Filter>
    </ClInclude>
    <ClInclude Include="Source\Utility\String.h">
      <Filter>Code\Headers\Utility</Filter>
    </ClInclude>
    <ClInclude Include="Source\Network\NetworkProviderReplyStructs.h">
      <Filter>Code\Headers\Network</Filter>
    </ClInclude>
    <ClInclude Include="Source\Application\About\Dialog.h">
      <Filter>Code\Headers\Application\About</Filter>
    </ClInclude>
    <ClInclude Include="Source\Application\About\DisplayModel.h">
      <Filter>Code\Headers\Application\About</Filter>
    </ClInclude>
    <ClInclude Include="Source\Application\About\DisplayModelNode.h">
      <Filter>Code\Headers\Application\About</Filter>
    </ClInclude>
    <ClInclude Include="Source\GameMods\ModManager\VFSActivator.h">
      <Filter>Code\Headers\GameMods\ModManager</Filter>
    </ClInclude>
    <ClInclude Include="Source\Events\VFSEvent.h">
      <Filter>Code\Headers\Events</Filter>
    </ClInclude>
    <ClInclude Include="Source\VirtualFileSystem\DefaultVFSService.h">
      <Filter>Code\Headers\VirtualFileSystem</Filter>
    </ClInclude>
    <ClInclude Include="Source\VirtualFileSystem\RecievingWindow.h">
      <Filter>Code\Headers\VirtualFileSystem</Filter>
    </ClInclude>
    <ClInclude Include="Source\VirtualFileSystem\Convergence.h">
      <Filter>Code\Headers\VirtualFileSystem</Filter>
    </ClInclude>
    <ClInclude Include="Source\VirtualFileSystem\Mirror.h">
      <Filter>Code\Headers\VirtualFileSystem</Filter>
    </ClInclude>
    <ClInclude Include="Source\VirtualFileSystem\AbstractFS.h">
      <Filter>Code\Headers\VirtualFileSystem</Filter>
    </ClInclude>
    <ClInclude Include="Source\VirtualFileSystem\MultiMirror.h">
      <Filter>Code\Headers\VirtualFileSystem</Filter>
    </ClInclude>
    <ClInclude Include="..\Shared\IPC\FSController.h">
      <Filter>Shared Code\Headers\IPC</Filter>
    </ClInclude>
    <ClInclude Include="..\Shared\IPC\MainApplication.h">
      <Filter>Shared Code\Headers\IPC</Filter>
    </ClInclude>
    <ClInclude Include="..\Shared\IPC\Message.h">
      <Filter>Shared Code\Headers\IPC</Filter>
    </ClInclude>
    <ClInclude Include="..\Shared\IPC\MessageExchanger.h">
      <Filter>Shared Code\Headers\IPC</Filter>
    </ClInclude>
    <ClInclude Include="..\Shared\IPC\ProcessingWindow.h">
      <Filter>Shared Code\Headers\IPC</Filter>
    </ClInclude>
    <ClInclude Include="..\Shared\IPC\Serialization.h">
      <Filter>Shared Code\Headers\IPC</Filter>
    </ClInclude>
    <ClInclude Include="..\Shared\IPC\Common.h">
      <Filter>Shared Code\Headers\IPC</Filter>
    </ClInclude>
    <ClInclude Include="..\Shared\VirtualFileSystem\IVirtualFileSystem.h">
      <Filter>Shared Code\Headers\VirtualFileSystem</Filter>
    </ClInclude>
    <ClInclude Include="..\Shared\VirtualFileSystem\IVFSService.h">
      <Filter>Shared Code\Headers\VirtualFileSystem</Filter>
    </ClInclude>
    <ClInclude Include="Source\GameInstance\SelectionDialog.h">
      <Filter>Code\Headers\GameInstance</Filter>
    </ClInclude>
  </ItemGroup>
  <ItemGroup>
    <ResourceCompile Include="Kortex.rc">
      <Filter>Resources</Filter>
    </ResourceCompile>
  </ItemGroup>
  <ItemGroup>
    <Image Include="Resources\App.ico">
      <Filter>Resources</Filter>
    </Image>
    <Image Include="Bin\Data\InstanceTemplates\Icons\Fallout3.ico">
      <Filter>Misc\InstanceTemplates\Icons</Filter>
    </Image>
    <Image Include="Bin\Data\InstanceTemplates\Icons\Fallout4.ico">
      <Filter>Misc\InstanceTemplates\Icons</Filter>
    </Image>
    <Image Include="Bin\Data\InstanceTemplates\Icons\FalloutNV.ico">
      <Filter>Misc\InstanceTemplates\Icons</Filter>
    </Image>
    <Image Include="Bin\Data\InstanceTemplates\Icons\Generic.ico">
      <Filter>Misc\InstanceTemplates\Icons</Filter>
    </Image>
    <Image Include="Bin\Data\InstanceTemplates\Icons\Morrowind.ico">
      <Filter>Misc\InstanceTemplates\Icons</Filter>
    </Image>
    <Image Include="Bin\Data\InstanceTemplates\Icons\Oblivion.ico">
      <Filter>Misc\InstanceTemplates\Icons</Filter>
    </Image>
    <Image Include="Bin\Data\InstanceTemplates\Icons\Sacred2.ico">
      <Filter>Misc\InstanceTemplates\Icons</Filter>
    </Image>
    <Image Include="Bin\Data\InstanceTemplates\Icons\Skyrim.ico">
      <Filter>Misc\InstanceTemplates\Icons</Filter>
    </Image>
    <Image Include="Bin\Data\InstanceTemplates\Icons\SkyrimSE.ico">
      <Filter>Misc\InstanceTemplates\Icons</Filter>
    </Image>
    <Image Include="Bin\Data\InstanceTemplates\Icons\SkyrimVR.ico">
      <Filter>Misc\InstanceTemplates\Icons</Filter>
    </Image>
  </ItemGroup>
  <ItemGroup>
    <Xml Include="Bin\Data\ConfigManager\ENB.xml">
      <Filter>Misc\ConfigManager</Filter>
    </Xml>
    <Xml Include="Bin\Data\ConfigManager\VirtualKeys.xml">
      <Filter>Misc\ConfigManager</Filter>
    </Xml>
    <Xml Include="Bin\Data\ConfigManager\Profiles\Skyrim.xml">
      <Filter>Misc\ConfigManager\Profiles</Filter>
    </Xml>
    <Xml Include="Bin\Data\ConfigManager\Settings.xml">
      <Filter>Misc\ConfigManager</Filter>
    </Xml>
    <Xml Include="Bin\Data\ConfigManager\Profiles\Fallout4.xml">
      <Filter>Misc\ConfigManager\Profiles</Filter>
    </Xml>
    <Xml Include="Bin\Data\PackageManager\Requirements\Skyrim.xml">
      <Filter>Misc\PackageManager\Requirements</Filter>
    </Xml>
    <Xml Include="Bin\Data\PackageManager\Requirements\SkyrimSE.xml">
      <Filter>Misc\PackageManager\Requirements</Filter>
    </Xml>
    <Xml Include="Bin\Data\PackageManager\Requirements\Oblivion.xml">
      <Filter>Misc\PackageManager\Requirements</Filter>
    </Xml>
    <Xml Include="Bin\Data\PackageManager\Requirements\Morrowind.xml">
      <Filter>Misc\PackageManager\Requirements</Filter>
    </Xml>
    <Xml Include="Bin\Data\PackageManager\Requirements\Fallout4.xml">
      <Filter>Misc\PackageManager\Requirements</Filter>
    </Xml>
    <Xml Include="Bin\Data\PackageManager\Requirements\FalloutNV.xml">
      <Filter>Misc\PackageManager\Requirements</Filter>
    </Xml>
    <Xml Include="Bin\Data\PackageManager\Requirements\Fallout3.xml">
      <Filter>Misc\PackageManager\Requirements</Filter>
    </Xml>
    <Xml Include="Bin\Data\PackageManager\Requirements\Sacred2.xml">
      <Filter>Misc\PackageManager\Requirements</Filter>
    </Xml>
    <Xml Include="Bin\Data\ModManager\DefaultTags.xml">
      <Filter>Misc\ModManager</Filter>
    </Xml>
    <Xml Include="Bin\Data\ConfigManager\Profiles\FalloutNV.xml">
      <Filter>Misc\ConfigManager\Profiles</Filter>
    </Xml>
    <Xml Include="Bin\Data\ConfigManager\Profiles\Morrowind.xml">
      <Filter>Misc\ConfigManager\Profiles</Filter>
    </Xml>
    <Xml Include="Bin\Data\ConfigManager\Profiles\Oblivion.xml">
      <Filter>Misc\ConfigManager\Profiles</Filter>
    </Xml>
    <Xml Include="Bin\Data\ConfigManager\Profiles\Sacred2.xml">
      <Filter>Misc\ConfigManager\Profiles</Filter>
    </Xml>
    <Xml Include="Bin\Data\ConfigManager\Profiles\SkyrimSE.xml">
      <Filter>Misc\ConfigManager\Profiles</Filter>
    </Xml>
    <Xml Include="Bin\Data\ConfigManager\Profiles\Fallout3.xml">
      <Filter>Misc\ConfigManager\Profiles</Filter>
    </Xml>
    <Xml Include="Bin\Data\InstanceTemplates\Fallout3.xml">
      <Filter>Misc\InstanceTemplates</Filter>
    </Xml>
    <Xml Include="Bin\Data\InstanceTemplates\Fallout4.xml">
      <Filter>Misc\InstanceTemplates</Filter>
    </Xml>
    <Xml Include="Bin\Data\InstanceTemplates\Fallout4VR.xml">
      <Filter>Misc\InstanceTemplates</Filter>
    </Xml>
    <Xml Include="Bin\Data\InstanceTemplates\FalloutNV.xml">
      <Filter>Misc\InstanceTemplates</Filter>
    </Xml>
    <Xml Include="Bin\Data\InstanceTemplates\Morrowind.xml">
      <Filter>Misc\InstanceTemplates</Filter>
    </Xml>
    <Xml Include="Bin\Data\InstanceTemplates\Oblivion.xml">
      <Filter>Misc\InstanceTemplates</Filter>
    </Xml>
    <Xml Include="Bin\Data\InstanceTemplates\Sacred2.xml">
      <Filter>Misc\InstanceTemplates</Filter>
    </Xml>
    <Xml Include="Bin\Data\InstanceTemplates\Skyrim.xml">
      <Filter>Misc\InstanceTemplates</Filter>
    </Xml>
    <Xml Include="Bin\Data\InstanceTemplates\SkyrimSE.xml">
      <Filter>Misc\InstanceTemplates</Filter>
    </Xml>
    <Xml Include="Bin\Data\InstanceTemplates\SkyrimVR.xml">
      <Filter>Misc\InstanceTemplates</Filter>
    </Xml>
    <Xml Include="Bin\Data\Translation\en-US.xml">
      <Filter>Misc\Translation</Filter>
    </Xml>
    <Xml Include="Bin\Data\Translation\ru-RU.xml">
      <Filter>Misc\Translation</Filter>
    </Xml>
  </ItemGroup>
  <ItemGroup>
    <None Include="Bin\Data\PackageCreator\Templates\Default.kmpproj">
      <Filter>Misc\PackageManager\Project templates</Filter>
    </None>
  </ItemGroup>
  <ItemGroup>
    <Text Include="Resources\ChangeLog EN.txt">
      <Filter>Resources</Filter>
    </Text>
    <Text Include="Resources\ChangeLog RU.txt">
      <Filter>Resources</Filter>
    </Text>
  </ItemGroup>
  <ItemGroup>
    <Natvis Include="..\..\KxVirtualFileSystem\KxVirtualFileSystem\Utility\KxDynamicString\KxBasicDynamicString.natvis">
      <Filter>Resources</Filter>
    </Natvis>
  </ItemGroup>
</Project>