<?xml version="1.0" encoding="utf-8"?>
<Project ToolsVersion="4.0" xmlns="http://schemas.microsoft.com/developer/msbuild/2003">
  <ItemGroup>
    <Filter Include="Resources">
      <UniqueIdentifier>{67DA6AB6-F800-4c08-8B7A-83BB121AAD01}</UniqueIdentifier>
      <Extensions>rc;ico;cur;bmp;dlg;rc2;rct;bin;rgs;gif;jpg;jpeg;jpe;resx;tiff;tif;png;wav;mfcribbon-ms</Extensions>
    </Filter>
    <Filter Include="Source">
      <UniqueIdentifier>{450e1360-7ee4-416f-bc0f-2be9777e6925}</UniqueIdentifier>
    </Filter>
    <Filter Include="Source\Application">
      <UniqueIdentifier>{751e34c9-5532-4ce6-b223-273e111e71c3}</UniqueIdentifier>
    </Filter>
    <Filter Include="Source\Utility">
      <UniqueIdentifier>{cc015180-43bd-4876-9b87-af540de06538}</UniqueIdentifier>
    </Filter>
    <Filter Include="Source\Application\Options">
      <UniqueIdentifier>{5546396e-0e58-4a25-8198-b047376a4752}</UniqueIdentifier>
    </Filter>
    <Filter Include="Source\Application\&lt;Workspace&gt;">
      <UniqueIdentifier>{b76ab6d3-a568-4ecc-82e1-7b2132b8d26a}</UniqueIdentifier>
    </Filter>
    <Filter Include="Source\GameDefinition">
      <UniqueIdentifier>{9b46f019-9bbd-4293-aa83-65fe1b317d7e}</UniqueIdentifier>
    </Filter>
    <Filter Include="Source\GameDefinition\Private">
      <UniqueIdentifier>{f4e9e994-f2f4-473c-b7e1-42919c18c0bf}</UniqueIdentifier>
    </Filter>
  </ItemGroup>
  <ItemGroup>
    <ClInclude Include="Source\EmbeddedResources.h">
      <Filter>Source</Filter>
    </ClInclude>
    <ClInclude Include="Source\Framework.hpp">
      <Filter>Source</Filter>
    </ClInclude>
    <ClInclude Include="Source\Application\SystemApplication.h">
      <Filter>Source\Application</Filter>
    </ClInclude>
    <ClInclude Include="Source\Application\BroadcastProcessor.h">
      <Filter>Source\Application</Filter>
    </ClInclude>
    <ClInclude Include="Source\Application\Log.h">
      <Filter>Source\Application</Filter>
    </ClInclude>
    <ClInclude Include="Source\Application\IApplication.h">
      <Filter>Source\Application</Filter>
    </ClInclude>
    <ClInclude Include="Source\pch.hpp">
      <Filter>Source</Filter>
    </ClInclude>
    <ClInclude Include="Source\Application\IMainWindow.h">
      <Filter>Source\Application</Filter>
    </ClInclude>
    <ClInclude Include="Source\Application\AppOption.h">
      <Filter>Source\Application</Filter>
    </ClInclude>
    <ClInclude Include="Source\Application\Options\CmdLineDatabase.h">
      <Filter>Source\Application\Options</Filter>
    </ClInclude>
    <ClInclude Include="Source\Application\Options\Macros.h">
      <Filter>Source\Application\Options</Filter>
    </ClInclude>
    <ClInclude Include="Source\Application\Options\Option.h">
      <Filter>Source\Application\Options</Filter>
    </ClInclude>
    <ClInclude Include="Source\Application\Options\OptionDatabase.h">
      <Filter>Source\Application\Options</Filter>
    </ClInclude>
    <ClInclude Include="Source\Application\Options\OptionSerializer.h">
      <Filter>Source\Application\Options</Filter>
    </ClInclude>
    <ClInclude Include="Source\Application\IManager.h">
      <Filter>Source\Application</Filter>
    </ClInclude>
    <ClInclude Include="Source\Application\IModule.h">
      <Filter>Source\Application</Filter>
    </ClInclude>
    <ClInclude Include="Source\Application\IWorkspace.h">
      <Filter>Source\Application\&lt;Workspace&gt;</Filter>
    </ClInclude>
    <ClInclude Include="Source\Application\IWorkspaceContainer.h">
      <Filter>Source\Application\&lt;Workspace&gt;</Filter>
    </ClInclude>
    <ClInclude Include="Source\Application\DefaultWorkspace.h">
      <Filter>Source\Application\&lt;Workspace&gt;</Filter>
    </ClInclude>
    <ClInclude Include="Source\Application\IWorkspaceDocument.h">
      <Filter>Source\Application\&lt;Workspace&gt;</Filter>
    </ClInclude>
    <ClInclude Include="Source\Application\Localization.h">
      <Filter>Source\Application</Filter>
    </ClInclude>
    <ClInclude Include="Source\Application\BookWorkspaceContainer.h">
      <Filter>Source\Application\&lt;Workspace&gt;</Filter>
    </ClInclude>
    <ClInclude Include="Source\Application\DefaultApplication.h">
      <Filter>Source\Application</Filter>
    </ClInclude>
    <ClInclude Include="Source\GameDefinition\IGameInstance.h">
      <Filter>Source\GameDefinition</Filter>
    </ClInclude>
    <ClInclude Include="Source\GameDefinition\IGameProfile.h">
      <Filter>Source\GameDefinition</Filter>
    </ClInclude>
    <ClInclude Include="Source\GameDefinition\IGameMod.h">
      <Filter>Source\GameDefinition</Filter>
    </ClInclude>
    <ClInclude Include="Source\GameDefinition\IGamePlugin.h">
      <Filter>Source\GameDefinition</Filter>
    </ClInclude>
    <ClInclude Include="Source\GameDefinition\IGameDefinition.h">
      <Filter>Source\GameDefinition</Filter>
    </ClInclude>
    <ClInclude Include="Source\GameDefinition\DefaultGameDefinition.h">
      <Filter>Source\GameDefinition</Filter>
    </ClInclude>
    <ClInclude Include="Source\GameDefinition\DefaultGameInstance.h">
      <Filter>Source\GameDefinition</Filter>
    </ClInclude>
    <ClInclude Include="Source\GameDefinition\Private\VariableSerialization.h">
      <Filter>Source\GameDefinition\Private</Filter>
    </ClInclude>
  </ItemGroup>
  <ItemGroup>
    <ClCompile Include="Source\pch.cpp">
      <Filter>Source</Filter>
    </ClCompile>
    <ClCompile Include="Source\Application\SystemApplication.cpp">
      <Filter>Source\Application</Filter>
    </ClCompile>
    <ClCompile Include="Source\Application\BroadcastProcessor.cpp">
      <Filter>Source\Application</Filter>
    </ClCompile>
    <ClCompile Include="Source\Application\Log.cpp">
      <Filter>Source\Application</Filter>
    </ClCompile>
    <ClCompile Include="Source\Application\IApplication.cpp">
      <Filter>Source\Application</Filter>
    </ClCompile>
    <ClCompile Include="Source\Application\IMainWindow.cpp">
      <Filter>Source\Application</Filter>
    </ClCompile>
    <ClCompile Include="Source\Application\AppOption.cpp">
      <Filter>Source\Application</Filter>
    </ClCompile>
    <ClCompile Include="Source\Application\Options\Option.cpp">
      <Filter>Source\Application\Options</Filter>
    </ClCompile>
    <ClCompile Include="Source\Application\Options\OptionSerializer.cpp">
      <Filter>Source\Application\Options</Filter>
    </ClCompile>
    <ClCompile Include="Source\Application\IManager.cpp">
      <Filter>Source\Application</Filter>
    </ClCompile>
    <ClCompile Include="Source\Application\IWorkspace.cpp">
      <Filter>Source\Application\&lt;Workspace&gt;</Filter>
    </ClCompile>
    <ClCompile Include="Source\Application\IWorkspaceContainer.cpp">
      <Filter>Source\Application\&lt;Workspace&gt;</Filter>
    </ClCompile>
    <ClCompile Include="Source\Application\DefaultWorkspace.cpp">
      <Filter>Source\Application\&lt;Workspace&gt;</Filter>
    </ClCompile>
    <ClCompile Include="Source\Application\IWorkspaceDocument.cpp">
      <Filter>Source\Application\&lt;Workspace&gt;</Filter>
    </ClCompile>
    <ClCompile Include="Source\Application\Localization.cpp">
      <Filter>Source\Application</Filter>
    </ClCompile>
    <ClCompile Include="Source\Application\BookWorkspaceContainer.cpp">
      <Filter>Source\Application\&lt;Workspace&gt;</Filter>
    </ClCompile>
    <ClCompile Include="Source\Application\DefaultApplication.cpp">
      <Filter>Source\Application</Filter>
    </ClCompile>
    <ClCompile Include="Source\GameDefinition\IGameInstance.cpp">
      <Filter>Source\GameDefinition</Filter>
    </ClCompile>
    <ClCompile Include="Source\GameDefinition\IGameProfile.cpp">
      <Filter>Source\GameDefinition</Filter>
    </ClCompile>
    <ClCompile Include="Source\GameDefinition\IGameMod.cpp">
      <Filter>Source\GameDefinition</Filter>
    </ClCompile>
    <ClCompile Include="Source\GameDefinition\IGamePlugin.cpp">
      <Filter>Source\GameDefinition</Filter>
    </ClCompile>
    <ClCompile Include="Source\GameDefinition\IGameDefinition.cpp">
      <Filter>Source\GameDefinition</Filter>
    </ClCompile>
    <ClCompile Include="Source\GameDefinition\DefaultGameDefinition.cpp">
      <Filter>Source\GameDefinition</Filter>
    </ClCompile>
    <ClCompile Include="Source\GameDefinition\DefaultGameInstance.cpp">
      <Filter>Source\GameDefinition</Filter>
    </ClCompile>
    <ClCompile Include="Source\GameDefinition\Private\VariableSerialization.cpp">
      <Filter>Source\GameDefinition\Private</Filter>
    </ClCompile>
  </ItemGroup>
  <ItemGroup>
    <ResourceCompile Include="Resources\Mod Manager.rc">
      <Filter>Resources</Filter>
    </ResourceCompile>
  </ItemGroup>
  <ItemGroup>
    <Image Include="Resources\Mod Manager.ico">
      <Filter>Resources</Filter>
    </Image>
  </ItemGroup>
  <ItemGroup>
    <None Include="cpp.hint">
      <Filter>Resources</Filter>
    </None>
  </ItemGroup>
</Project>