<?xml version="1.0" encoding="utf-8"?>
<Project ToolsVersion="4.0" xmlns="http://schemas.microsoft.com/developer/msbuild/2003">
  <ItemGroup>
    <Filter Include="Resources">
      <UniqueIdentifier>{67DA6AB6-F800-4c08-8B7A-83BB121AAD01}</UniqueIdentifier>
      <Extensions>rc;ico;cur;bmp;dlg;rc2;rct;bin;rgs;gif;jpg;jpeg;jpe;resx;tiff;tif;png;wav;mfcribbon-ms</Extensions>
    </Filter>
    <Filter Include="Code">
      <UniqueIdentifier>{e39fe171-5830-41b1-b28a-d823a99e8d6c}</UniqueIdentifier>
    </Filter>
    <Filter Include="Code\Source code">
      <UniqueIdentifier>{19675054-ea55-4a6b-b1ca-3771af10d1e9}</UniqueIdentifier>
    </Filter>
    <Filter Include="Code\Source code\VirtualFileSystem">
      <UniqueIdentifier>{f38c57e6-7f40-46fa-a20d-0e6f2ff3e74c}</UniqueIdentifier>
    </Filter>
    <Filter Include="Code\Shared Code">
      <UniqueIdentifier>{940e64fe-ead2-430d-b873-0d4b0926e0eb}</UniqueIdentifier>
    </Filter>
    <Filter Include="Code\Shared Code\IPC">
      <UniqueIdentifier>{b3c18bd5-61e1-4b36-add5-1e985f35ac10}</UniqueIdentifier>
    </Filter>
    <Filter Include="Code\Shared Code\VirtualFileSystem">
      <UniqueIdentifier>{c70e0f08-6daf-49e8-a7ba-77ed1e99eb58}</UniqueIdentifier>
    </Filter>
  </ItemGroup>
  <ItemGroup>
    <ClCompile Include="Source\VirtualFileSystem\Mirror.cpp">
      <Filter>Code\Source code\VirtualFileSystem</Filter>
    </ClCompile>
    <ClCompile Include="Source\VirtualFileSystem\MultiMirror.cpp">
      <Filter>Code\Source code\VirtualFileSystem</Filter>
    </ClCompile>
    <ClCompile Include="Source\VirtualFileSystem\Convergence.cpp">
      <Filter>Code\Source code\VirtualFileSystem</Filter>
    </ClCompile>
    <ClCompile Include="Source\VirtualFileSystem\FSControllerService.cpp">
      <Filter>Code\Source code\VirtualFileSystem</Filter>
    </ClCompile>
    <ClCompile Include="Source\Application.cpp">
      <Filter>Code\Source code</Filter>
    </ClCompile>
    <ClCompile Include="Source\MainApplicationLink.cpp">
      <Filter>Code\Source code</Filter>
    </ClCompile>
    <ClCompile Include="Source\RecievingWindow.cpp">
      <Filter>Code\Source code</Filter>
    </ClCompile>
    <ClCompile Include="Source\stdafx.cpp">
      <Filter>Code\Source code</Filter>
    </ClCompile>
    <ClCompile Include="..\Shared\IPC\MainApplication.cpp">
      <Filter>Code\Shared Code\IPC</Filter>
    </ClCompile>
    <ClCompile Include="..\Shared\IPC\MessageExchanger.cpp">
      <Filter>Code\Shared Code\IPC</Filter>
    </ClCompile>
    <ClCompile Include="..\Shared\IPC\ProcessingWindow.cpp">
      <Filter>Code\Shared Code\IPC</Filter>
    </ClCompile>
    <ClCompile Include="..\Shared\IPC\FSController.cpp">
      <Filter>Code\Shared Code\IPC</Filter>
    </ClCompile>
    <ClCompile Include="..\Shared\VirtualFileSystem\IVFSService.cpp">
      <Filter>Code\Shared Code\VirtualFileSystem</Filter>
    </ClCompile>
    <ClCompile Include="..\Shared\VirtualFileSystem\IVirtualFileSystem.cpp">
      <Filter>Code\Shared Code\VirtualFileSystem</Filter>
    </ClCompile>
  </ItemGroup>
  <ItemGroup>
    <ClInclude Include="..\Shared\VirtualFileSystem\IVirtualFileSystem.h">
      <Filter>Code\Shared Code\VirtualFileSystem</Filter>
    </ClInclude>
    <ClInclude Include="..\Shared\VirtualFileSystem\IVFSService.h">
      <Filter>Code\Shared Code\VirtualFileSystem</Filter>
    </ClInclude>
    <ClInclude Include="..\Shared\IPC\Serialization.h">
      <Filter>Code\Shared Code\IPC</Filter>
    </ClInclude>
    <ClInclude Include="..\Shared\IPC\Common.h">
      <Filter>Code\Shared Code\IPC</Filter>
    </ClInclude>
    <ClInclude Include="..\Shared\IPC\FSController.h">
      <Filter>Code\Shared Code\IPC</Filter>
    </ClInclude>
    <ClInclude Include="..\Shared\IPC\MainApplication.h">
      <Filter>Code\Shared Code\IPC</Filter>
    </ClInclude>
    <ClInclude Include="..\Shared\IPC\Message.h">
      <Filter>Code\Shared Code\IPC</Filter>
    </ClInclude>
    <ClInclude Include="..\Shared\IPC\MessageExchanger.h">
      <Filter>Code\Shared Code\IPC</Filter>
    </ClInclude>
    <ClInclude Include="..\Shared\IPC\ProcessingWindow.h">
      <Filter>Code\Shared Code\IPC</Filter>
    </ClInclude>
    <ClInclude Include="Source\VirtualFileSystem\Common.h">
      <Filter>Code\Source code\VirtualFileSystem</Filter>
    </ClInclude>
    <ClInclude Include="Source\VirtualFileSystem\Convergence.h">
      <Filter>Code\Source code\VirtualFileSystem</Filter>
    </ClInclude>
    <ClInclude Include="Source\VirtualFileSystem\FSControllerService.h">
      <Filter>Code\Source code\VirtualFileSystem</Filter>
    </ClInclude>
    <ClInclude Include="Source\VirtualFileSystem\KxVFSWrapper.h">
      <Filter>Code\Source code\VirtualFileSystem</Filter>
    </ClInclude>
    <ClInclude Include="Source\VirtualFileSystem\Mirror.h">
      <Filter>Code\Source code\VirtualFileSystem</Filter>
    </ClInclude>
    <ClInclude Include="Source\VirtualFileSystem\MultiMirror.h">
      <Filter>Code\Source code\VirtualFileSystem</Filter>
    </ClInclude>
    <ClInclude Include="Source\Application.h">
      <Filter>Code\Source code</Filter>
    </ClInclude>
    <ClInclude Include="Source\MainApplicationLink.h">
      <Filter>Code\Source code</Filter>
    </ClInclude>
    <ClInclude Include="Source\RecievingWindow.h">
      <Filter>Code\Source code</Filter>
    </ClInclude>
    <ClInclude Include="resource.h">
      <Filter>Code\Source code</Filter>
    </ClInclude>
    <ClInclude Include="Source\stdafx.h">
      <Filter>Code\Source code</Filter>
    </ClInclude>
  </ItemGroup>
  <ItemGroup>
    <ResourceCompile Include="Kortex FSController.rc">
      <Filter>Resources</Filter>
    </ResourceCompile>
  </ItemGroup>
</Project>