
Microsoft Visual Studio Solution File, Format Version 12.00
# Visual Studio Version 16
VisualStudioVersion = 16.0.29025.244
MinimumVisualStudioVersion = 10.0.40219.1
Project("{8BC9CEB8-8B4A-11D0-8D11-00A0C91BC942}") = "Kortex", "Kortex\Kortex.vcxproj", "{29B2F888-3832-48E9-9EDA-DE8A4D7A8ED5}"
EndProject
Project("{8BC9CEB8-8B4A-11D0-8D11-00A0C91BC942}") = "Kortex FSController", "Kortex FSController\Kortex FSController.vcxproj", "{EC06864F-E5A4-4C7E-AEF3-3D249331CCCA}"
EndProject
Project("{E24C65DC-7377-472B-9ABA-BC803B73C61A}") = "docs", "docs\", "{11996E36-5516-4B3C-9B21-5B0C08A6C71B}"
	ProjectSection(WebsiteProperties) = preProject
		TargetFrameworkMoniker = ".NETFramework,Version%3Dv4.0"
		Debug.AspNetCompiler.VirtualPath = "/localhost_51323"
		Debug.AspNetCompiler.PhysicalPath = "docs\"
		Debug.AspNetCompiler.TargetPath = "PrecompiledWeb\localhost_51323\"
		Debug.AspNetCompiler.Updateable = "true"
		Debug.AspNetCompiler.ForceOverwrite = "true"
		Debug.AspNetCompiler.FixedNames = "false"
		Debug.AspNetCompiler.Debug = "True"
		Release.AspNetCompiler.VirtualPath = "/localhost_51323"
		Release.AspNetCompiler.PhysicalPath = "docs\"
		Release.AspNetCompiler.TargetPath = "PrecompiledWeb\localhost_51323\"
		Release.AspNetCompiler.Updateable = "true"
		Release.AspNetCompiler.ForceOverwrite = "true"
		Release.AspNetCompiler.FixedNames = "false"
		Release.AspNetCompiler.Debug = "False"
		VWDPort = "51323"
		SlnRelativePath = "docs\"
	EndProjectSection
EndProject
Global
	GlobalSection(SolutionConfigurationPlatforms) = preSolution
		Debug|Any CPU = Debug|Any CPU
		Debug|x64 = Debug|x64
		Debug|x86 = Debug|x86
		Release|Any CPU = Release|Any CPU
		Release|x64 = Release|x64
		Release|x86 = Release|x86
	EndGlobalSection
	GlobalSection(ProjectConfigurationPlatforms) = postSolution
		{29B2F888-3832-48E9-9EDA-DE8A4D7A8ED5}.Debug|Any CPU.ActiveCfg = Debug|Win32
		{29B2F888-3832-48E9-9EDA-DE8A4D7A8ED5}.Debug|x64.ActiveCfg = Debug|Win32
		{29B2F888-3832-48E9-9EDA-DE8A4D7A8ED5}.Debug|x86.ActiveCfg = Debug|Win32
		{29B2F888-3832-48E9-9EDA-DE8A4D7A8ED5}.Release|Any CPU.ActiveCfg = Debug|Win32
		{29B2F888-3832-48E9-9EDA-DE8A4D7A8ED5}.Release|x64.ActiveCfg = Release|x64
		{29B2F888-3832-48E9-9EDA-DE8A4D7A8ED5}.Release|x64.Build.0 = Release|x64
		{29B2F888-3832-48E9-9EDA-DE8A4D7A8ED5}.Release|x86.ActiveCfg = Debug|Win32
		{EC06864F-E5A4-4C7E-AEF3-3D249331CCCA}.Debug|Any CPU.ActiveCfg = Debug|Win32
		{EC06864F-E5A4-4C7E-AEF3-3D249331CCCA}.Debug|x64.ActiveCfg = Debug|Win32
		{EC06864F-E5A4-4C7E-AEF3-3D249331CCCA}.Debug|x86.ActiveCfg = Debug|Win32
		{EC06864F-E5A4-4C7E-AEF3-3D249331CCCA}.Release|Any CPU.ActiveCfg = Debug|Win32
		{EC06864F-E5A4-4C7E-AEF3-3D249331CCCA}.Release|x64.ActiveCfg = Release|x64
		{EC06864F-E5A4-4C7E-AEF3-3D249331CCCA}.Release|x64.Build.0 = Release|x64
		{EC06864F-E5A4-4C7E-AEF3-3D249331CCCA}.Release|x86.ActiveCfg = Debug|Win32
		{11996E36-5516-4B3C-9B21-5B0C08A6C71B}.Debug|Any CPU.ActiveCfg = Debug|Any CPU
		{11996E36-5516-4B3C-9B21-5B0C08A6C71B}.Debug|Any CPU.Build.0 = Debug|Any CPU
		{11996E36-5516-4B3C-9B21-5B0C08A6C71B}.Debug|x64.ActiveCfg = Debug|Any CPU
		{11996E36-5516-4B3C-9B21-5B0C08A6C71B}.Debug|x64.Build.0 = Debug|Any CPU
		{11996E36-5516-4B3C-9B21-5B0C08A6C71B}.Debug|x86.ActiveCfg = Debug|Any CPU
		{11996E36-5516-4B3C-9B21-5B0C08A6C71B}.Debug|x86.Build.0 = Debug|Any CPU
		{11996E36-5516-4B3C-9B21-5B0C08A6C71B}.Release|Any CPU.ActiveCfg = Debug|Any CPU
		{11996E36-5516-4B3C-9B21-5B0C08A6C71B}.Release|Any CPU.Build.0 = Debug|Any CPU
		{11996E36-5516-4B3C-9B21-5B0C08A6C71B}.Release|x64.ActiveCfg = Debug|Any CPU
		{11996E36-5516-4B3C-9B21-5B0C08A6C71B}.Release|x86.ActiveCfg = Debug|Any CPU
		{11996E36-5516-4B3C-9B21-5B0C08A6C71B}.Release|x86.Build.0 = Debug|Any CPU
	EndGlobalSection
	GlobalSection(SolutionProperties) = preSolution
		HideSolutionNode = FALSE
	EndGlobalSection
	GlobalSection(ExtensibilityGlobals) = postSolution
		SolutionGuid = {044918F0-75C1-49BE-994B-C6999F2EE4D3}
	EndGlobalSection
	GlobalSection(Performance) = preSolution
		HasPerformanceSessions = true
	EndGlobalSection
	GlobalSection(Performance) = preSolution
		HasPerformanceSessions = true
	EndGlobalSection
EndGlobal
