
Microsoft Visual Studio Solution File, Format Version 12.00
# Visual Studio Version 16
VisualStudioVersion = 16.0.29025.244
MinimumVisualStudioVersion = 10.0.40219.1
Project("{8BC9CEB8-8B4A-11D0-8D11-00A0C91BC942}") = "Kortex", "Kortex\Kortex.vcxproj", "{29B2F888-3832-48E9-9EDA-DE8A4D7A8ED5}"
EndProject
Project("{8BC9CEB8-8B4A-11D0-8D11-00A0C91BC942}") = "Kortex FSController", "Kortex FSController\Kortex FSController.vcxproj", "{EC06864F-E5A4-4C7E-AEF3-3D249331CCCA}"
EndProject
Project("{8BC9CEB8-8B4A-11D0-8D11-00A0C91BC942}") = "ModManager", "ModManager\ModManager.vcxproj", "{C3EE4B94-D317-46EC-BC24-796FD7AFB1DB}"
EndProject
Project("{2150E333-8FDC-42A3-9474-1A3956D46DE8}") = "v1.x", "v1.x", "{2BAC9AA7-B09F-4D0C-B379-4CC660C9A746}"
EndProject
Project("{2150E333-8FDC-42A3-9474-1A3956D46DE8}") = "v2.x", "v2.x", "{02312C37-C2D3-4509-B8ED-3309AE0CFD8F}"
EndProject
Global
	GlobalSection(SolutionConfigurationPlatforms) = preSolution
		Debug|x64 = Debug|x64
		Debug|x86 = Debug|x86
		Release|x64 = Release|x64
		Release|x86 = Release|x86
	EndGlobalSection
	GlobalSection(ProjectConfigurationPlatforms) = postSolution
		{29B2F888-3832-48E9-9EDA-DE8A4D7A8ED5}.Debug|x64.ActiveCfg = Debug|x64
		{29B2F888-3832-48E9-9EDA-DE8A4D7A8ED5}.Debug|x86.ActiveCfg = Debug|Win32
		{29B2F888-3832-48E9-9EDA-DE8A4D7A8ED5}.Debug|x86.Build.0 = Debug|Win32
		{29B2F888-3832-48E9-9EDA-DE8A4D7A8ED5}.Release|x64.ActiveCfg = Release|x64
		{29B2F888-3832-48E9-9EDA-DE8A4D7A8ED5}.Release|x64.Build.0 = Release|x64
		{29B2F888-3832-48E9-9EDA-DE8A4D7A8ED5}.Release|x86.ActiveCfg = Release|Win32
		{29B2F888-3832-48E9-9EDA-DE8A4D7A8ED5}.Release|x86.Build.0 = Release|Win32
		{EC06864F-E5A4-4C7E-AEF3-3D249331CCCA}.Debug|x64.ActiveCfg = Debug|x64
		{EC06864F-E5A4-4C7E-AEF3-3D249331CCCA}.Debug|x86.ActiveCfg = Debug|Win32
		{EC06864F-E5A4-4C7E-AEF3-3D249331CCCA}.Debug|x86.Build.0 = Debug|Win32
		{EC06864F-E5A4-4C7E-AEF3-3D249331CCCA}.Release|x64.ActiveCfg = Release|x64
		{EC06864F-E5A4-4C7E-AEF3-3D249331CCCA}.Release|x64.Build.0 = Release|x64
		{EC06864F-E5A4-4C7E-AEF3-3D249331CCCA}.Release|x86.ActiveCfg = Release|Win32
		{EC06864F-E5A4-4C7E-AEF3-3D249331CCCA}.Release|x86.Build.0 = Release|Win32
		{C3EE4B94-D317-46EC-BC24-796FD7AFB1DB}.Debug|x64.ActiveCfg = Release|x64
		{C3EE4B94-D317-46EC-BC24-796FD7AFB1DB}.Debug|x64.Build.0 = Release|x64
		{C3EE4B94-D317-46EC-BC24-796FD7AFB1DB}.Debug|x86.ActiveCfg = Debug|Win32
		{C3EE4B94-D317-46EC-BC24-796FD7AFB1DB}.Debug|x86.Build.0 = Debug|Win32
		{C3EE4B94-D317-46EC-BC24-796FD7AFB1DB}.Release|x64.ActiveCfg = Release|x64
		{C3EE4B94-D317-46EC-BC24-796FD7AFB1DB}.Release|x64.Build.0 = Release|x64
		{C3EE4B94-D317-46EC-BC24-796FD7AFB1DB}.Release|x86.ActiveCfg = Release|Win32
		{C3EE4B94-D317-46EC-BC24-796FD7AFB1DB}.Release|x86.Build.0 = Release|Win32
	EndGlobalSection
	GlobalSection(SolutionProperties) = preSolution
		HideSolutionNode = FALSE
	EndGlobalSection
	GlobalSection(NestedProjects) = preSolution
		{29B2F888-3832-48E9-9EDA-DE8A4D7A8ED5} = {2BAC9AA7-B09F-4D0C-B379-4CC660C9A746}
		{EC06864F-E5A4-4C7E-AEF3-3D249331CCCA} = {2BAC9AA7-B09F-4D0C-B379-4CC660C9A746}
		{C3EE4B94-D317-46EC-BC24-796FD7AFB1DB} = {02312C37-C2D3-4509-B8ED-3309AE0CFD8F}
	EndGlobalSection
	GlobalSection(ExtensibilityGlobals) = postSolution
		SolutionGuid = {044918F0-75C1-49BE-994B-C6999F2EE4D3}
	EndGlobalSection
	GlobalSection(Performance) = preSolution
		HasPerformanceSessions = true
	EndGlobalSection
	GlobalSection(Performance) = preSolution
		HasPerformanceSessions = true
	EndGlobalSection
EndGlobal
