<?xml version="1.0" encoding="utf-8"?>
<Project ToolsVersion="4.0" xmlns="http://schemas.microsoft.com/developer/msbuild/2003">
  <ItemGroup>
    <Filter Include="Исходные файлы">
      <UniqueIdentifier>{4FC737F1-C7A5-4376-A066-2A32D752A2FF}</UniqueIdentifier>
      <Extensions>cpp;c;cc;cxx;def;odl;idl;hpj;bat;asm;asmx</Extensions>
    </Filter>
    <Filter Include="Файлы заголовков">
      <UniqueIdentifier>{93995380-89BD-4b04-88EB-625FBE52EBFB}</UniqueIdentifier>
      <Extensions>h;hh;hpp;hxx;hm;inl;inc;xsd</Extensions>
    </Filter>
    <Filter Include="Файлы ресурсов">
      <UniqueIdentifier>{67DA6AB6-F800-4c08-8B7A-83BB121AAD01}</UniqueIdentifier>
      <Extensions>rc;ico;cur;bmp;dlg;rc2;rct;bin;rgs;gif;jpg;jpeg;jpe;resx;tiff;tif;png;wav;mfcribbon-ms</Extensions>
    </Filter>
    <Filter Include="Исходные файлы\IPC">
      <UniqueIdentifier>{19bf379d-fbec-473b-bf8d-2a274b6ad9aa}</UniqueIdentifier>
    </Filter>
    <Filter Include="Файлы заголовков\IPC">
      <UniqueIdentifier>{2b90d7d4-cad9-4cea-840b-dae6316b7a9d}</UniqueIdentifier>
    </Filter>
    <Filter Include="Исходные файлы\VFS">
      <UniqueIdentifier>{f38c57e6-7f40-46fa-a20d-0e6f2ff3e74c}</UniqueIdentifier>
    </Filter>
    <Filter Include="Файлы заголовков\VFS">
      <UniqueIdentifier>{45f5a63a-ad72-4f19-aebb-38acff649418}</UniqueIdentifier>
    </Filter>
  </ItemGroup>
  <ItemGroup>
    <ClCompile Include="Source\stdafx.cpp">
      <Filter>Исходные файлы</Filter>
    </ClCompile>
    <ClCompile Include="Source\KApp.cpp">
      <Filter>Исходные файлы</Filter>
    </ClCompile>
    <ClCompile Include="..\Kortex\Source\IPC\KIPCConnection.cpp">
      <Filter>Исходные файлы\IPC</Filter>
    </ClCompile>
    <ClCompile Include="..\Kortex\Source\IPC\KIPCRequest.cpp">
      <Filter>Исходные файлы\IPC</Filter>
    </ClCompile>
    <ClCompile Include="..\Kortex\Source\IPC\KIPCServer.cpp">
      <Filter>Исходные файлы\IPC</Filter>
    </ClCompile>
    <ClCompile Include="..\Kortex\Source\IPC\KIPC.cpp">
      <Filter>Исходные файлы\IPC</Filter>
    </ClCompile>
    <ClCompile Include="..\Kortex\Source\VFS\KVirtualFileSystemService.cpp">
      <Filter>Исходные файлы\VFS</Filter>
    </ClCompile>
    <ClCompile Include="..\Kortex\Source\VFS\KVirtualFileSystemMirrorImpl.cpp">
      <Filter>Исходные файлы\VFS</Filter>
    </ClCompile>
    <ClCompile Include="..\Kortex\Source\VFS\KVirtualFileSystemConvergenceImpl.cpp">
      <Filter>Исходные файлы\VFS</Filter>
    </ClCompile>
    <ClCompile Include="..\Kortex\Source\VFS\KVirtualFileSystemMirror.cpp">
      <Filter>Исходные файлы\VFS</Filter>
    </ClCompile>
    <ClCompile Include="..\Kortex\Source\VFS\KVirtualFileSystemConvergence.cpp">
      <Filter>Исходные файлы\VFS</Filter>
    </ClCompile>
    <ClCompile Include="..\Kortex\Source\VFS\KVirtualFileSystemBase.cpp">
      <Filter>Исходные файлы\VFS</Filter>
    </ClCompile>
  </ItemGroup>
  <ItemGroup>
    <ClInclude Include="Source\stdafx.h">
      <Filter>Файлы заголовков</Filter>
    </ClInclude>
    <ClInclude Include="Source\KApp.h">
      <Filter>Файлы заголовков</Filter>
    </ClInclude>
    <ClInclude Include="..\Kortex\Source\IPC\KIPC.h">
      <Filter>Файлы заголовков\IPC</Filter>
    </ClInclude>
    <ClInclude Include="..\Kortex\Source\IPC\KIPCConnection.h">
      <Filter>Файлы заголовков\IPC</Filter>
    </ClInclude>
    <ClInclude Include="..\Kortex\Source\IPC\KIPCRequest.h">
      <Filter>Файлы заголовков\IPC</Filter>
    </ClInclude>
    <ClInclude Include="..\Kortex\Source\IPC\KIPCServer.h">
      <Filter>Файлы заголовков\IPC</Filter>
    </ClInclude>
    <ClInclude Include="..\Kortex\Source\VFS\KVirtualFileSystemConvergence.h">
      <Filter>Файлы заголовков\VFS</Filter>
    </ClInclude>
    <ClInclude Include="..\Kortex\Source\VFS\KVirtualFileSystemConvergenceImpl.h">
      <Filter>Файлы заголовков\VFS</Filter>
    </ClInclude>
    <ClInclude Include="..\Kortex\Source\VFS\KVirtualFileSystemMirror.h">
      <Filter>Файлы заголовков\VFS</Filter>
    </ClInclude>
    <ClInclude Include="..\Kortex\Source\VFS\KVirtualFileSystemMirrorImpl.h">
      <Filter>Файлы заголовков\VFS</Filter>
    </ClInclude>
    <ClInclude Include="..\Kortex\Source\VFS\KVirtualFileSystemService.h">
      <Filter>Файлы заголовков\VFS</Filter>
    </ClInclude>
    <ClInclude Include="..\Kortex\Source\VFS\KVirtualFileSystemBase.h">
      <Filter>Файлы заголовков\VFS</Filter>
    </ClInclude>
  </ItemGroup>
</Project>